
Microsoft Visual Studio Solution File, Format Version 12.00
# Visual Studio 15
VisualStudioVersion = 15.0.26730.16
MinimumVisualStudioVersion = 10.0.40219.1
Project("{9A19103F-16F7-4668-BE54-9A1E7A4F7556}") = "LagoVista.XPlat.Core", "src\LagoVista.XPlat.Core\LagoVista.XPlat.Core.csproj", "{8FA51876-7923-4046-A5CE-77057C82675E}"
EndProject
Project("{2150E333-8FDC-42A3-9474-1A3956D46DE8}") = "src", "src", "{3C23A336-10A6-4E20-9C14-63895CCFE151}"
EndProject
Project("{FAE04EC0-301F-11D3-BF4B-00C04F79EFBC}") = "LagoVista.UWP.UI", "src\LagoVista.UWP.UI\LagoVista.UWP.UI.csproj", "{67943818-34FA-44B0-B5AA-DF7761B980B8}"
EndProject
Project("{FAE04EC0-301F-11D3-BF4B-00C04F79EFBC}") = "LagoVista.XPlat.UWP", "src\LagoVista.XPlat.UWP\LagoVista.XPlat.UWP.csproj", "{9ED662B0-40C9-4899-B11E-F10C3C9D6AEB}"
EndProject
Project("{2150E333-8FDC-42A3-9474-1A3956D46DE8}") = "uwp", "uwp", "{9D172377-FC14-4640-AEF7-AE219D6A8D5C}"
EndProject
Project("{2150E333-8FDC-42A3-9474-1A3956D46DE8}") = "ios", "ios", "{D60B57E5-36D4-483C-81D6-269D1A2AB285}"
EndProject
Project("{FAE04EC0-301F-11D3-BF4B-00C04F79EFBC}") = "LagoVista.XPlat.iOS", "src\LagoVista.XPlat.iOS\LagoVista.XPlat.iOS.csproj", "{E5400B5B-9F73-4C70-B958-B44A37D8F6F6}"
EndProject
Project("{2150E333-8FDC-42A3-9474-1A3956D46DE8}") = "droid", "droid", "{95820076-6C36-4F49-B34A-7801B4F89751}"
EndProject
Project("{FAE04EC0-301F-11D3-BF4B-00C04F79EFBC}") = "LagoVista.Core.UWP", "src\LagoVista.Core.UWP\LagoVista.Core.UWP.csproj", "{12F1D893-A53B-44D6-9A9A-2922D9E7E38A}"
EndProject
Project("{FAE04EC0-301F-11D3-BF4B-00C04F79EFBC}") = "LagoVista.XPlat.Droid", "src\LagoVista.XPlat.Droid\LagoVista.XPlat.Droid.csproj", "{981E1800-122A-4204-8826-3B981B8DFEA4}"
EndProject
Global
	GlobalSection(SolutionConfigurationPlatforms) = preSolution
		Debug|Any CPU = Debug|Any CPU
		Debug|ARM = Debug|ARM
		Debug|x64 = Debug|x64
		Debug|x86 = Debug|x86
		iOS Build|Any CPU = iOS Build|Any CPU
		iOS Build|ARM = iOS Build|ARM
		iOS Build|x64 = iOS Build|x64
		iOS Build|x86 = iOS Build|x86
		Release|Any CPU = Release|Any CPU
		Release|ARM = Release|ARM
		Release|x64 = Release|x64
		Release|x86 = Release|x86
	EndGlobalSection
	GlobalSection(ProjectConfigurationPlatforms) = postSolution
		{8FA51876-7923-4046-A5CE-77057C82675E}.Debug|Any CPU.ActiveCfg = Debug|Any CPU
		{8FA51876-7923-4046-A5CE-77057C82675E}.Debug|Any CPU.Build.0 = Debug|Any CPU
		{8FA51876-7923-4046-A5CE-77057C82675E}.Debug|ARM.ActiveCfg = Debug|Any CPU
		{8FA51876-7923-4046-A5CE-77057C82675E}.Debug|ARM.Build.0 = Debug|Any CPU
		{8FA51876-7923-4046-A5CE-77057C82675E}.Debug|x64.ActiveCfg = Debug|Any CPU
		{8FA51876-7923-4046-A5CE-77057C82675E}.Debug|x64.Build.0 = Debug|Any CPU
		{8FA51876-7923-4046-A5CE-77057C82675E}.Debug|x86.ActiveCfg = Debug|Any CPU
		{8FA51876-7923-4046-A5CE-77057C82675E}.Debug|x86.Build.0 = Debug|Any CPU
		{8FA51876-7923-4046-A5CE-77057C82675E}.iOS Build|Any CPU.ActiveCfg = Debug|Any CPU
		{8FA51876-7923-4046-A5CE-77057C82675E}.iOS Build|Any CPU.Build.0 = Debug|Any CPU
		{8FA51876-7923-4046-A5CE-77057C82675E}.iOS Build|ARM.ActiveCfg = Debug|Any CPU
		{8FA51876-7923-4046-A5CE-77057C82675E}.iOS Build|ARM.Build.0 = Debug|Any CPU
		{8FA51876-7923-4046-A5CE-77057C82675E}.iOS Build|x64.ActiveCfg = Debug|Any CPU
		{8FA51876-7923-4046-A5CE-77057C82675E}.iOS Build|x64.Build.0 = Debug|Any CPU
		{8FA51876-7923-4046-A5CE-77057C82675E}.iOS Build|x86.ActiveCfg = Debug|Any CPU
		{8FA51876-7923-4046-A5CE-77057C82675E}.iOS Build|x86.Build.0 = Debug|Any CPU
		{8FA51876-7923-4046-A5CE-77057C82675E}.Release|Any CPU.ActiveCfg = Release|Any CPU
		{8FA51876-7923-4046-A5CE-77057C82675E}.Release|Any CPU.Build.0 = Release|Any CPU
		{8FA51876-7923-4046-A5CE-77057C82675E}.Release|ARM.ActiveCfg = Release|Any CPU
		{8FA51876-7923-4046-A5CE-77057C82675E}.Release|ARM.Build.0 = Release|Any CPU
		{8FA51876-7923-4046-A5CE-77057C82675E}.Release|x64.ActiveCfg = Release|Any CPU
		{8FA51876-7923-4046-A5CE-77057C82675E}.Release|x64.Build.0 = Release|Any CPU
		{8FA51876-7923-4046-A5CE-77057C82675E}.Release|x86.ActiveCfg = Release|Any CPU
		{8FA51876-7923-4046-A5CE-77057C82675E}.Release|x86.Build.0 = Release|Any CPU
		{67943818-34FA-44B0-B5AA-DF7761B980B8}.Debug|Any CPU.ActiveCfg = Debug|Any CPU
		{67943818-34FA-44B0-B5AA-DF7761B980B8}.Debug|Any CPU.Build.0 = Debug|Any CPU
		{67943818-34FA-44B0-B5AA-DF7761B980B8}.Debug|ARM.ActiveCfg = Debug|ARM
		{67943818-34FA-44B0-B5AA-DF7761B980B8}.Debug|ARM.Build.0 = Debug|ARM
		{67943818-34FA-44B0-B5AA-DF7761B980B8}.Debug|x64.ActiveCfg = Debug|x64
		{67943818-34FA-44B0-B5AA-DF7761B980B8}.Debug|x64.Build.0 = Debug|x64
		{67943818-34FA-44B0-B5AA-DF7761B980B8}.Debug|x86.ActiveCfg = Debug|x86
		{67943818-34FA-44B0-B5AA-DF7761B980B8}.Debug|x86.Build.0 = Debug|x86
		{67943818-34FA-44B0-B5AA-DF7761B980B8}.iOS Build|Any CPU.ActiveCfg = Release|Any CPU
		{67943818-34FA-44B0-B5AA-DF7761B980B8}.iOS Build|Any CPU.Build.0 = Release|Any CPU
		{67943818-34FA-44B0-B5AA-DF7761B980B8}.iOS Build|ARM.ActiveCfg = Release|ARM
		{67943818-34FA-44B0-B5AA-DF7761B980B8}.iOS Build|ARM.Build.0 = Release|ARM
		{67943818-34FA-44B0-B5AA-DF7761B980B8}.iOS Build|x64.ActiveCfg = Release|x64
		{67943818-34FA-44B0-B5AA-DF7761B980B8}.iOS Build|x64.Build.0 = Release|x64
		{67943818-34FA-44B0-B5AA-DF7761B980B8}.iOS Build|x86.ActiveCfg = Release|x86
		{67943818-34FA-44B0-B5AA-DF7761B980B8}.iOS Build|x86.Build.0 = Release|x86
		{67943818-34FA-44B0-B5AA-DF7761B980B8}.Release|Any CPU.ActiveCfg = Release|Any CPU
		{67943818-34FA-44B0-B5AA-DF7761B980B8}.Release|Any CPU.Build.0 = Release|Any CPU
		{67943818-34FA-44B0-B5AA-DF7761B980B8}.Release|ARM.ActiveCfg = Release|ARM
		{67943818-34FA-44B0-B5AA-DF7761B980B8}.Release|ARM.Build.0 = Release|ARM
		{67943818-34FA-44B0-B5AA-DF7761B980B8}.Release|x64.ActiveCfg = Release|x64
		{67943818-34FA-44B0-B5AA-DF7761B980B8}.Release|x64.Build.0 = Release|x64
		{67943818-34FA-44B0-B5AA-DF7761B980B8}.Release|x86.ActiveCfg = Release|x86
		{67943818-34FA-44B0-B5AA-DF7761B980B8}.Release|x86.Build.0 = Release|x86
		{9ED662B0-40C9-4899-B11E-F10C3C9D6AEB}.Debug|Any CPU.ActiveCfg = Debug|Any CPU
		{9ED662B0-40C9-4899-B11E-F10C3C9D6AEB}.Debug|Any CPU.Build.0 = Debug|Any CPU
		{9ED662B0-40C9-4899-B11E-F10C3C9D6AEB}.Debug|ARM.ActiveCfg = Debug|ARM
		{9ED662B0-40C9-4899-B11E-F10C3C9D6AEB}.Debug|ARM.Build.0 = Debug|ARM
		{9ED662B0-40C9-4899-B11E-F10C3C9D6AEB}.Debug|x64.ActiveCfg = Debug|x64
		{9ED662B0-40C9-4899-B11E-F10C3C9D6AEB}.Debug|x64.Build.0 = Debug|x64
		{9ED662B0-40C9-4899-B11E-F10C3C9D6AEB}.Debug|x86.ActiveCfg = Debug|x86
		{9ED662B0-40C9-4899-B11E-F10C3C9D6AEB}.Debug|x86.Build.0 = Debug|x86
		{9ED662B0-40C9-4899-B11E-F10C3C9D6AEB}.iOS Build|Any CPU.ActiveCfg = iOS Build|Any CPU
		{9ED662B0-40C9-4899-B11E-F10C3C9D6AEB}.iOS Build|Any CPU.Build.0 = iOS Build|Any CPU
		{9ED662B0-40C9-4899-B11E-F10C3C9D6AEB}.iOS Build|ARM.ActiveCfg = iOS Build|ARM
		{9ED662B0-40C9-4899-B11E-F10C3C9D6AEB}.iOS Build|ARM.Build.0 = iOS Build|ARM
		{9ED662B0-40C9-4899-B11E-F10C3C9D6AEB}.iOS Build|x64.ActiveCfg = iOS Build|x64
		{9ED662B0-40C9-4899-B11E-F10C3C9D6AEB}.iOS Build|x64.Build.0 = iOS Build|x64
		{9ED662B0-40C9-4899-B11E-F10C3C9D6AEB}.iOS Build|x86.ActiveCfg = iOS Build|x86
		{9ED662B0-40C9-4899-B11E-F10C3C9D6AEB}.iOS Build|x86.Build.0 = iOS Build|x86
		{9ED662B0-40C9-4899-B11E-F10C3C9D6AEB}.Release|Any CPU.ActiveCfg = Release|Any CPU
		{9ED662B0-40C9-4899-B11E-F10C3C9D6AEB}.Release|Any CPU.Build.0 = Release|Any CPU
		{9ED662B0-40C9-4899-B11E-F10C3C9D6AEB}.Release|ARM.ActiveCfg = Release|ARM
		{9ED662B0-40C9-4899-B11E-F10C3C9D6AEB}.Release|ARM.Build.0 = Release|ARM
		{9ED662B0-40C9-4899-B11E-F10C3C9D6AEB}.Release|x64.ActiveCfg = Release|x64
		{9ED662B0-40C9-4899-B11E-F10C3C9D6AEB}.Release|x64.Build.0 = Release|x64
		{9ED662B0-40C9-4899-B11E-F10C3C9D6AEB}.Release|x86.ActiveCfg = Release|x86
		{9ED662B0-40C9-4899-B11E-F10C3C9D6AEB}.Release|x86.Build.0 = Release|x86
		{E5400B5B-9F73-4C70-B958-B44A37D8F6F6}.Debug|Any CPU.ActiveCfg = Debug|Any CPU
		{E5400B5B-9F73-4C70-B958-B44A37D8F6F6}.Debug|Any CPU.Build.0 = Debug|Any CPU
		{E5400B5B-9F73-4C70-B958-B44A37D8F6F6}.Debug|ARM.ActiveCfg = Debug|Any CPU
		{E5400B5B-9F73-4C70-B958-B44A37D8F6F6}.Debug|ARM.Build.0 = Debug|Any CPU
		{E5400B5B-9F73-4C70-B958-B44A37D8F6F6}.Debug|x64.ActiveCfg = Debug|Any CPU
		{E5400B5B-9F73-4C70-B958-B44A37D8F6F6}.Debug|x64.Build.0 = Debug|Any CPU
		{E5400B5B-9F73-4C70-B958-B44A37D8F6F6}.Debug|x86.ActiveCfg = Debug|Any CPU
		{E5400B5B-9F73-4C70-B958-B44A37D8F6F6}.Debug|x86.Build.0 = Debug|Any CPU
		{E5400B5B-9F73-4C70-B958-B44A37D8F6F6}.iOS Build|Any CPU.ActiveCfg = iOS Build|Any CPU
		{E5400B5B-9F73-4C70-B958-B44A37D8F6F6}.iOS Build|Any CPU.Build.0 = iOS Build|Any CPU
		{E5400B5B-9F73-4C70-B958-B44A37D8F6F6}.iOS Build|ARM.ActiveCfg = iOS Build|Any CPU
		{E5400B5B-9F73-4C70-B958-B44A37D8F6F6}.iOS Build|ARM.Build.0 = iOS Build|Any CPU
		{E5400B5B-9F73-4C70-B958-B44A37D8F6F6}.iOS Build|x64.ActiveCfg = iOS Build|Any CPU
		{E5400B5B-9F73-4C70-B958-B44A37D8F6F6}.iOS Build|x64.Build.0 = iOS Build|Any CPU
		{E5400B5B-9F73-4C70-B958-B44A37D8F6F6}.iOS Build|x86.ActiveCfg = iOS Build|Any CPU
		{E5400B5B-9F73-4C70-B958-B44A37D8F6F6}.iOS Build|x86.Build.0 = iOS Build|Any CPU
		{E5400B5B-9F73-4C70-B958-B44A37D8F6F6}.Release|Any CPU.ActiveCfg = Release|Any CPU
		{E5400B5B-9F73-4C70-B958-B44A37D8F6F6}.Release|Any CPU.Build.0 = Release|Any CPU
		{E5400B5B-9F73-4C70-B958-B44A37D8F6F6}.Release|ARM.ActiveCfg = Release|Any CPU
		{E5400B5B-9F73-4C70-B958-B44A37D8F6F6}.Release|ARM.Build.0 = Release|Any CPU
		{E5400B5B-9F73-4C70-B958-B44A37D8F6F6}.Release|x64.ActiveCfg = Release|Any CPU
		{E5400B5B-9F73-4C70-B958-B44A37D8F6F6}.Release|x64.Build.0 = Release|Any CPU
		{E5400B5B-9F73-4C70-B958-B44A37D8F6F6}.Release|x86.ActiveCfg = Release|Any CPU
		{E5400B5B-9F73-4C70-B958-B44A37D8F6F6}.Release|x86.Build.0 = Release|Any CPU
		{12F1D893-A53B-44D6-9A9A-2922D9E7E38A}.Debug|Any CPU.ActiveCfg = Debug|Any CPU
		{12F1D893-A53B-44D6-9A9A-2922D9E7E38A}.Debug|Any CPU.Build.0 = Debug|Any CPU
		{12F1D893-A53B-44D6-9A9A-2922D9E7E38A}.Debug|ARM.ActiveCfg = Debug|ARM
		{12F1D893-A53B-44D6-9A9A-2922D9E7E38A}.Debug|ARM.Build.0 = Debug|ARM
		{12F1D893-A53B-44D6-9A9A-2922D9E7E38A}.Debug|x64.ActiveCfg = Debug|x64
		{12F1D893-A53B-44D6-9A9A-2922D9E7E38A}.Debug|x64.Build.0 = Debug|x64
		{12F1D893-A53B-44D6-9A9A-2922D9E7E38A}.Debug|x86.ActiveCfg = Debug|x86
		{12F1D893-A53B-44D6-9A9A-2922D9E7E38A}.Debug|x86.Build.0 = Debug|x86
		{12F1D893-A53B-44D6-9A9A-2922D9E7E38A}.iOS Build|Any CPU.ActiveCfg = Release|Any CPU
		{12F1D893-A53B-44D6-9A9A-2922D9E7E38A}.iOS Build|Any CPU.Build.0 = Release|Any CPU
		{12F1D893-A53B-44D6-9A9A-2922D9E7E38A}.iOS Build|ARM.ActiveCfg = Release|ARM
		{12F1D893-A53B-44D6-9A9A-2922D9E7E38A}.iOS Build|ARM.Build.0 = Release|ARM
		{12F1D893-A53B-44D6-9A9A-2922D9E7E38A}.iOS Build|x64.ActiveCfg = Release|x64
		{12F1D893-A53B-44D6-9A9A-2922D9E7E38A}.iOS Build|x64.Build.0 = Release|x64
		{12F1D893-A53B-44D6-9A9A-2922D9E7E38A}.iOS Build|x86.ActiveCfg = Release|x86
		{12F1D893-A53B-44D6-9A9A-2922D9E7E38A}.iOS Build|x86.Build.0 = Release|x86
		{12F1D893-A53B-44D6-9A9A-2922D9E7E38A}.Release|Any CPU.ActiveCfg = Release|Any CPU
		{12F1D893-A53B-44D6-9A9A-2922D9E7E38A}.Release|Any CPU.Build.0 = Release|Any CPU
		{12F1D893-A53B-44D6-9A9A-2922D9E7E38A}.Release|ARM.ActiveCfg = Release|ARM
		{12F1D893-A53B-44D6-9A9A-2922D9E7E38A}.Release|ARM.Build.0 = Release|ARM
		{12F1D893-A53B-44D6-9A9A-2922D9E7E38A}.Release|x64.ActiveCfg = Release|x64
		{12F1D893-A53B-44D6-9A9A-2922D9E7E38A}.Release|x64.Build.0 = Release|x64
		{12F1D893-A53B-44D6-9A9A-2922D9E7E38A}.Release|x86.ActiveCfg = Release|x86
		{12F1D893-A53B-44D6-9A9A-2922D9E7E38A}.Release|x86.Build.0 = Release|x86
		{981E1800-122A-4204-8826-3B981B8DFEA4}.Debug|Any CPU.ActiveCfg = Debug|Any CPU
		{981E1800-122A-4204-8826-3B981B8DFEA4}.Debug|Any CPU.Build.0 = Debug|Any CPU
		{981E1800-122A-4204-8826-3B981B8DFEA4}.Debug|ARM.ActiveCfg = Debug|Any CPU
		{981E1800-122A-4204-8826-3B981B8DFEA4}.Debug|ARM.Build.0 = Debug|Any CPU
		{981E1800-122A-4204-8826-3B981B8DFEA4}.Debug|x64.ActiveCfg = Debug|Any CPU
		{981E1800-122A-4204-8826-3B981B8DFEA4}.Debug|x64.Build.0 = Debug|Any CPU
		{981E1800-122A-4204-8826-3B981B8DFEA4}.Debug|x86.ActiveCfg = Debug|Any CPU
		{981E1800-122A-4204-8826-3B981B8DFEA4}.Debug|x86.Build.0 = Debug|Any CPU
		{981E1800-122A-4204-8826-3B981B8DFEA4}.iOS Build|Any CPU.ActiveCfg = Release|Any CPU
		{981E1800-122A-4204-8826-3B981B8DFEA4}.iOS Build|Any CPU.Build.0 = Release|Any CPU
		{981E1800-122A-4204-8826-3B981B8DFEA4}.iOS Build|ARM.ActiveCfg = Release|Any CPU
		{981E1800-122A-4204-8826-3B981B8DFEA4}.iOS Build|ARM.Build.0 = Release|Any CPU
		{981E1800-122A-4204-8826-3B981B8DFEA4}.iOS Build|x64.ActiveCfg = Release|Any CPU
		{981E1800-122A-4204-8826-3B981B8DFEA4}.iOS Build|x64.Build.0 = Release|Any CPU
		{981E1800-122A-4204-8826-3B981B8DFEA4}.iOS Build|x86.ActiveCfg = Release|Any CPU
		{981E1800-122A-4204-8826-3B981B8DFEA4}.iOS Build|x86.Build.0 = Release|Any CPU
		{981E1800-122A-4204-8826-3B981B8DFEA4}.Release|Any CPU.ActiveCfg = Release|Any CPU
		{981E1800-122A-4204-8826-3B981B8DFEA4}.Release|Any CPU.Build.0 = Release|Any CPU
		{981E1800-122A-4204-8826-3B981B8DFEA4}.Release|ARM.ActiveCfg = Release|Any CPU
		{981E1800-122A-4204-8826-3B981B8DFEA4}.Release|ARM.Build.0 = Release|Any CPU
		{981E1800-122A-4204-8826-3B981B8DFEA4}.Release|x64.ActiveCfg = Release|Any CPU
		{981E1800-122A-4204-8826-3B981B8DFEA4}.Release|x64.Build.0 = Release|Any CPU
		{981E1800-122A-4204-8826-3B981B8DFEA4}.Release|x86.ActiveCfg = Release|Any CPU
		{981E1800-122A-4204-8826-3B981B8DFEA4}.Release|x86.Build.0 = Release|Any CPU
	EndGlobalSection
	GlobalSection(SolutionProperties) = preSolution
		HideSolutionNode = FALSE
	EndGlobalSection
	GlobalSection(NestedProjects) = preSolution
		{8FA51876-7923-4046-A5CE-77057C82675E} = {3C23A336-10A6-4E20-9C14-63895CCFE151}
		{67943818-34FA-44B0-B5AA-DF7761B980B8} = {9D172377-FC14-4640-AEF7-AE219D6A8D5C}
		{9ED662B0-40C9-4899-B11E-F10C3C9D6AEB} = {9D172377-FC14-4640-AEF7-AE219D6A8D5C}
		{9D172377-FC14-4640-AEF7-AE219D6A8D5C} = {3C23A336-10A6-4E20-9C14-63895CCFE151}
		{D60B57E5-36D4-483C-81D6-269D1A2AB285} = {3C23A336-10A6-4E20-9C14-63895CCFE151}
		{E5400B5B-9F73-4C70-B958-B44A37D8F6F6} = {D60B57E5-36D4-483C-81D6-269D1A2AB285}
		{95820076-6C36-4F49-B34A-7801B4F89751} = {3C23A336-10A6-4E20-9C14-63895CCFE151}
		{12F1D893-A53B-44D6-9A9A-2922D9E7E38A} = {9D172377-FC14-4640-AEF7-AE219D6A8D5C}
		{981E1800-122A-4204-8826-3B981B8DFEA4} = {95820076-6C36-4F49-B34A-7801B4F89751}
	EndGlobalSection
	GlobalSection(ExtensibilityGlobals) = postSolution
		SolutionGuid = {15181C33-604F-461B-97E2-B84BAFBA0BEB}
	EndGlobalSection
EndGlobal
