
Microsoft Visual Studio Solution File, Format Version 12.00
# Visual Studio 15
VisualStudioVersion = 15.0.27004.2010
MinimumVisualStudioVersion = 10.0.40219.1
Project("{9A19103F-16F7-4668-BE54-9A1E7A4F7556}") = "LagoVista.XPlat.Core", "src\LagoVista.XPlat.Core\LagoVista.XPlat.Core.csproj", "{8FA51876-7923-4046-A5CE-77057C82675E}"
EndProject
Project("{2150E333-8FDC-42A3-9474-1A3956D46DE8}") = "src", "src", "{3C23A336-10A6-4E20-9C14-63895CCFE151}"
EndProject
Project("{FAE04EC0-301F-11D3-BF4B-00C04F79EFBC}") = "LagoVista.XPlat.iOS", "src\LagoVista.XPlat.iOS\LagoVista.XPlat.iOS.csproj", "{E5400B5B-9F73-4C70-B958-B44A37D8F6F6}"
EndProject
Project("{2150E333-8FDC-42A3-9474-1A3956D46DE8}") = "Solution Items", "Solution Items", "{29116E36-971A-426E-9C14-2AC6EA657863}"
	ProjectSection(SolutionItems) = preProject
		Package.nuspec = Package.nuspec
	EndProjectSection
EndProject
Project("{2150E333-8FDC-42A3-9474-1A3956D46DE8}") = "sample", "sample", "{708A469F-77D0-4FEC-8D78-E1DBFD916719}"
EndProject
Project("{9A19103F-16F7-4668-BE54-9A1E7A4F7556}") = "LagoVista.XPlat.Sample", "samples\LagoVista.XPlat.Sample\LagoVista.XPlat.Sample\LagoVista.XPlat.Sample.csproj", "{22E077F4-28B1-46E3-B624-361B6D2A9D4F}"
EndProject
Project("{FAE04EC0-301F-11D3-BF4B-00C04F79EFBC}") = "LagoVista.XPlat.Sample.iOS", "samples\LagoVista.XPlat.Sample\LagoVista.XPlat.Sample.iOS\LagoVista.XPlat.Sample.iOS.csproj", "{F63D5E5D-8024-4A49-8748-F55902421C46}"
EndProject
Global
	GlobalSection(SolutionConfigurationPlatforms) = preSolution
		Ad-Hoc|Any CPU = Ad-Hoc|Any CPU
		Ad-Hoc|ARM = Ad-Hoc|ARM
		Ad-Hoc|iPhone = Ad-Hoc|iPhone
		Ad-Hoc|iPhoneSimulator = Ad-Hoc|iPhoneSimulator
		Ad-Hoc|x64 = Ad-Hoc|x64
		Ad-Hoc|x86 = Ad-Hoc|x86
		AppStore|Any CPU = AppStore|Any CPU
		AppStore|ARM = AppStore|ARM
		AppStore|iPhone = AppStore|iPhone
		AppStore|iPhoneSimulator = AppStore|iPhoneSimulator
		AppStore|x64 = AppStore|x64
		AppStore|x86 = AppStore|x86
		Debug|Any CPU = Debug|Any CPU
		Debug|ARM = Debug|ARM
		Debug|iPhone = Debug|iPhone
		Debug|iPhoneSimulator = Debug|iPhoneSimulator
		Debug|x64 = Debug|x64
		Debug|x86 = Debug|x86
		iOS Build|Any CPU = iOS Build|Any CPU
		iOS Build|ARM = iOS Build|ARM
		iOS Build|iPhone = iOS Build|iPhone
		iOS Build|iPhoneSimulator = iOS Build|iPhoneSimulator
		iOS Build|x64 = iOS Build|x64
		iOS Build|x86 = iOS Build|x86
		Release|Any CPU = Release|Any CPU
		Release|ARM = Release|ARM
		Release|iPhone = Release|iPhone
		Release|iPhoneSimulator = Release|iPhoneSimulator
		Release|x64 = Release|x64
		Release|x86 = Release|x86
	EndGlobalSection
	GlobalSection(ProjectConfigurationPlatforms) = postSolution
		{8FA51876-7923-4046-A5CE-77057C82675E}.Ad-Hoc|Any CPU.ActiveCfg = Release|Any CPU
		{8FA51876-7923-4046-A5CE-77057C82675E}.Ad-Hoc|Any CPU.Build.0 = Release|Any CPU
		{8FA51876-7923-4046-A5CE-77057C82675E}.Ad-Hoc|ARM.ActiveCfg = Release|Any CPU
		{8FA51876-7923-4046-A5CE-77057C82675E}.Ad-Hoc|ARM.Build.0 = Release|Any CPU
		{8FA51876-7923-4046-A5CE-77057C82675E}.Ad-Hoc|iPhone.ActiveCfg = Release|Any CPU
		{8FA51876-7923-4046-A5CE-77057C82675E}.Ad-Hoc|iPhone.Build.0 = Release|Any CPU
		{8FA51876-7923-4046-A5CE-77057C82675E}.Ad-Hoc|iPhoneSimulator.ActiveCfg = Release|Any CPU
		{8FA51876-7923-4046-A5CE-77057C82675E}.Ad-Hoc|iPhoneSimulator.Build.0 = Release|Any CPU
		{8FA51876-7923-4046-A5CE-77057C82675E}.Ad-Hoc|x64.ActiveCfg = Release|Any CPU
		{8FA51876-7923-4046-A5CE-77057C82675E}.Ad-Hoc|x64.Build.0 = Release|Any CPU
		{8FA51876-7923-4046-A5CE-77057C82675E}.Ad-Hoc|x86.ActiveCfg = Release|Any CPU
		{8FA51876-7923-4046-A5CE-77057C82675E}.Ad-Hoc|x86.Build.0 = Release|Any CPU
		{8FA51876-7923-4046-A5CE-77057C82675E}.AppStore|Any CPU.ActiveCfg = Release|Any CPU
		{8FA51876-7923-4046-A5CE-77057C82675E}.AppStore|Any CPU.Build.0 = Release|Any CPU
		{8FA51876-7923-4046-A5CE-77057C82675E}.AppStore|ARM.ActiveCfg = Release|Any CPU
		{8FA51876-7923-4046-A5CE-77057C82675E}.AppStore|ARM.Build.0 = Release|Any CPU
		{8FA51876-7923-4046-A5CE-77057C82675E}.AppStore|iPhone.ActiveCfg = Release|Any CPU
		{8FA51876-7923-4046-A5CE-77057C82675E}.AppStore|iPhone.Build.0 = Release|Any CPU
		{8FA51876-7923-4046-A5CE-77057C82675E}.AppStore|iPhoneSimulator.ActiveCfg = Release|Any CPU
		{8FA51876-7923-4046-A5CE-77057C82675E}.AppStore|iPhoneSimulator.Build.0 = Release|Any CPU
		{8FA51876-7923-4046-A5CE-77057C82675E}.AppStore|x64.ActiveCfg = Release|Any CPU
		{8FA51876-7923-4046-A5CE-77057C82675E}.AppStore|x64.Build.0 = Release|Any CPU
		{8FA51876-7923-4046-A5CE-77057C82675E}.AppStore|x86.ActiveCfg = Release|Any CPU
		{8FA51876-7923-4046-A5CE-77057C82675E}.AppStore|x86.Build.0 = Release|Any CPU
		{8FA51876-7923-4046-A5CE-77057C82675E}.Debug|Any CPU.ActiveCfg = Debug|Any CPU
		{8FA51876-7923-4046-A5CE-77057C82675E}.Debug|Any CPU.Build.0 = Debug|Any CPU
		{8FA51876-7923-4046-A5CE-77057C82675E}.Debug|ARM.ActiveCfg = Debug|Any CPU
		{8FA51876-7923-4046-A5CE-77057C82675E}.Debug|ARM.Build.0 = Debug|Any CPU
		{8FA51876-7923-4046-A5CE-77057C82675E}.Debug|iPhone.ActiveCfg = Debug|Any CPU
		{8FA51876-7923-4046-A5CE-77057C82675E}.Debug|iPhone.Build.0 = Debug|Any CPU
		{8FA51876-7923-4046-A5CE-77057C82675E}.Debug|iPhoneSimulator.ActiveCfg = Debug|Any CPU
		{8FA51876-7923-4046-A5CE-77057C82675E}.Debug|iPhoneSimulator.Build.0 = Debug|Any CPU
		{8FA51876-7923-4046-A5CE-77057C82675E}.Debug|x64.ActiveCfg = Debug|Any CPU
		{8FA51876-7923-4046-A5CE-77057C82675E}.Debug|x64.Build.0 = Debug|Any CPU
		{8FA51876-7923-4046-A5CE-77057C82675E}.Debug|x86.ActiveCfg = Debug|Any CPU
		{8FA51876-7923-4046-A5CE-77057C82675E}.Debug|x86.Build.0 = Debug|Any CPU
		{8FA51876-7923-4046-A5CE-77057C82675E}.iOS Build|Any CPU.ActiveCfg = Debug|Any CPU
		{8FA51876-7923-4046-A5CE-77057C82675E}.iOS Build|Any CPU.Build.0 = Debug|Any CPU
		{8FA51876-7923-4046-A5CE-77057C82675E}.iOS Build|ARM.ActiveCfg = Debug|Any CPU
		{8FA51876-7923-4046-A5CE-77057C82675E}.iOS Build|ARM.Build.0 = Debug|Any CPU
		{8FA51876-7923-4046-A5CE-77057C82675E}.iOS Build|iPhone.ActiveCfg = Release|Any CPU
		{8FA51876-7923-4046-A5CE-77057C82675E}.iOS Build|iPhone.Build.0 = Release|Any CPU
		{8FA51876-7923-4046-A5CE-77057C82675E}.iOS Build|iPhoneSimulator.ActiveCfg = Release|Any CPU
		{8FA51876-7923-4046-A5CE-77057C82675E}.iOS Build|iPhoneSimulator.Build.0 = Release|Any CPU
		{8FA51876-7923-4046-A5CE-77057C82675E}.iOS Build|x64.ActiveCfg = Debug|Any CPU
		{8FA51876-7923-4046-A5CE-77057C82675E}.iOS Build|x64.Build.0 = Debug|Any CPU
		{8FA51876-7923-4046-A5CE-77057C82675E}.iOS Build|x86.ActiveCfg = Debug|Any CPU
		{8FA51876-7923-4046-A5CE-77057C82675E}.iOS Build|x86.Build.0 = Debug|Any CPU
		{8FA51876-7923-4046-A5CE-77057C82675E}.Release|Any CPU.ActiveCfg = Release|Any CPU
		{8FA51876-7923-4046-A5CE-77057C82675E}.Release|Any CPU.Build.0 = Release|Any CPU
		{8FA51876-7923-4046-A5CE-77057C82675E}.Release|ARM.ActiveCfg = Release|Any CPU
		{8FA51876-7923-4046-A5CE-77057C82675E}.Release|ARM.Build.0 = Release|Any CPU
		{8FA51876-7923-4046-A5CE-77057C82675E}.Release|iPhone.ActiveCfg = Release|Any CPU
		{8FA51876-7923-4046-A5CE-77057C82675E}.Release|iPhone.Build.0 = Release|Any CPU
		{8FA51876-7923-4046-A5CE-77057C82675E}.Release|iPhoneSimulator.ActiveCfg = Release|Any CPU
		{8FA51876-7923-4046-A5CE-77057C82675E}.Release|iPhoneSimulator.Build.0 = Release|Any CPU
		{8FA51876-7923-4046-A5CE-77057C82675E}.Release|x64.ActiveCfg = Release|Any CPU
		{8FA51876-7923-4046-A5CE-77057C82675E}.Release|x64.Build.0 = Release|Any CPU
		{8FA51876-7923-4046-A5CE-77057C82675E}.Release|x86.ActiveCfg = Release|Any CPU
		{8FA51876-7923-4046-A5CE-77057C82675E}.Release|x86.Build.0 = Release|Any CPU
		{E5400B5B-9F73-4C70-B958-B44A37D8F6F6}.Ad-Hoc|Any CPU.ActiveCfg = Release|Any CPU
		{E5400B5B-9F73-4C70-B958-B44A37D8F6F6}.Ad-Hoc|Any CPU.Build.0 = Release|Any CPU
		{E5400B5B-9F73-4C70-B958-B44A37D8F6F6}.Ad-Hoc|ARM.ActiveCfg = Release|Any CPU
		{E5400B5B-9F73-4C70-B958-B44A37D8F6F6}.Ad-Hoc|ARM.Build.0 = Release|Any CPU
		{E5400B5B-9F73-4C70-B958-B44A37D8F6F6}.Ad-Hoc|iPhone.ActiveCfg = Release|Any CPU
		{E5400B5B-9F73-4C70-B958-B44A37D8F6F6}.Ad-Hoc|iPhone.Build.0 = Release|Any CPU
		{E5400B5B-9F73-4C70-B958-B44A37D8F6F6}.Ad-Hoc|iPhoneSimulator.ActiveCfg = Release|Any CPU
		{E5400B5B-9F73-4C70-B958-B44A37D8F6F6}.Ad-Hoc|iPhoneSimulator.Build.0 = Release|Any CPU
		{E5400B5B-9F73-4C70-B958-B44A37D8F6F6}.Ad-Hoc|x64.ActiveCfg = Release|Any CPU
		{E5400B5B-9F73-4C70-B958-B44A37D8F6F6}.Ad-Hoc|x64.Build.0 = Release|Any CPU
		{E5400B5B-9F73-4C70-B958-B44A37D8F6F6}.Ad-Hoc|x86.ActiveCfg = Release|Any CPU
		{E5400B5B-9F73-4C70-B958-B44A37D8F6F6}.Ad-Hoc|x86.Build.0 = Release|Any CPU
		{E5400B5B-9F73-4C70-B958-B44A37D8F6F6}.AppStore|Any CPU.ActiveCfg = Release|Any CPU
		{E5400B5B-9F73-4C70-B958-B44A37D8F6F6}.AppStore|Any CPU.Build.0 = Release|Any CPU
		{E5400B5B-9F73-4C70-B958-B44A37D8F6F6}.AppStore|ARM.ActiveCfg = Release|Any CPU
		{E5400B5B-9F73-4C70-B958-B44A37D8F6F6}.AppStore|ARM.Build.0 = Release|Any CPU
		{E5400B5B-9F73-4C70-B958-B44A37D8F6F6}.AppStore|iPhone.ActiveCfg = Release|Any CPU
		{E5400B5B-9F73-4C70-B958-B44A37D8F6F6}.AppStore|iPhone.Build.0 = Release|Any CPU
		{E5400B5B-9F73-4C70-B958-B44A37D8F6F6}.AppStore|iPhoneSimulator.ActiveCfg = Release|Any CPU
		{E5400B5B-9F73-4C70-B958-B44A37D8F6F6}.AppStore|iPhoneSimulator.Build.0 = Release|Any CPU
		{E5400B5B-9F73-4C70-B958-B44A37D8F6F6}.AppStore|x64.ActiveCfg = Release|Any CPU
		{E5400B5B-9F73-4C70-B958-B44A37D8F6F6}.AppStore|x64.Build.0 = Release|Any CPU
		{E5400B5B-9F73-4C70-B958-B44A37D8F6F6}.AppStore|x86.ActiveCfg = Release|Any CPU
		{E5400B5B-9F73-4C70-B958-B44A37D8F6F6}.AppStore|x86.Build.0 = Release|Any CPU
		{E5400B5B-9F73-4C70-B958-B44A37D8F6F6}.Debug|Any CPU.ActiveCfg = Debug|Any CPU
		{E5400B5B-9F73-4C70-B958-B44A37D8F6F6}.Debug|Any CPU.Build.0 = Debug|Any CPU
		{E5400B5B-9F73-4C70-B958-B44A37D8F6F6}.Debug|ARM.ActiveCfg = Debug|Any CPU
		{E5400B5B-9F73-4C70-B958-B44A37D8F6F6}.Debug|ARM.Build.0 = Debug|Any CPU
		{E5400B5B-9F73-4C70-B958-B44A37D8F6F6}.Debug|iPhone.ActiveCfg = Debug|Any CPU
		{E5400B5B-9F73-4C70-B958-B44A37D8F6F6}.Debug|iPhone.Build.0 = Debug|Any CPU
		{E5400B5B-9F73-4C70-B958-B44A37D8F6F6}.Debug|iPhoneSimulator.ActiveCfg = Debug|Any CPU
		{E5400B5B-9F73-4C70-B958-B44A37D8F6F6}.Debug|iPhoneSimulator.Build.0 = Debug|Any CPU
		{E5400B5B-9F73-4C70-B958-B44A37D8F6F6}.Debug|x64.ActiveCfg = Debug|Any CPU
		{E5400B5B-9F73-4C70-B958-B44A37D8F6F6}.Debug|x64.Build.0 = Debug|Any CPU
		{E5400B5B-9F73-4C70-B958-B44A37D8F6F6}.Debug|x86.ActiveCfg = Debug|Any CPU
		{E5400B5B-9F73-4C70-B958-B44A37D8F6F6}.Debug|x86.Build.0 = Debug|Any CPU
		{E5400B5B-9F73-4C70-B958-B44A37D8F6F6}.iOS Build|Any CPU.ActiveCfg = iOS Build|Any CPU
		{E5400B5B-9F73-4C70-B958-B44A37D8F6F6}.iOS Build|Any CPU.Build.0 = iOS Build|Any CPU
		{E5400B5B-9F73-4C70-B958-B44A37D8F6F6}.iOS Build|ARM.ActiveCfg = iOS Build|Any CPU
		{E5400B5B-9F73-4C70-B958-B44A37D8F6F6}.iOS Build|ARM.Build.0 = iOS Build|Any CPU
		{E5400B5B-9F73-4C70-B958-B44A37D8F6F6}.iOS Build|iPhone.ActiveCfg = iOS Build|Any CPU
		{E5400B5B-9F73-4C70-B958-B44A37D8F6F6}.iOS Build|iPhone.Build.0 = iOS Build|Any CPU
		{E5400B5B-9F73-4C70-B958-B44A37D8F6F6}.iOS Build|iPhoneSimulator.ActiveCfg = iOS Build|Any CPU
		{E5400B5B-9F73-4C70-B958-B44A37D8F6F6}.iOS Build|iPhoneSimulator.Build.0 = iOS Build|Any CPU
		{E5400B5B-9F73-4C70-B958-B44A37D8F6F6}.iOS Build|x64.ActiveCfg = iOS Build|Any CPU
		{E5400B5B-9F73-4C70-B958-B44A37D8F6F6}.iOS Build|x64.Build.0 = iOS Build|Any CPU
		{E5400B5B-9F73-4C70-B958-B44A37D8F6F6}.iOS Build|x86.ActiveCfg = iOS Build|Any CPU
		{E5400B5B-9F73-4C70-B958-B44A37D8F6F6}.iOS Build|x86.Build.0 = iOS Build|Any CPU
		{E5400B5B-9F73-4C70-B958-B44A37D8F6F6}.Release|Any CPU.ActiveCfg = Release|Any CPU
		{E5400B5B-9F73-4C70-B958-B44A37D8F6F6}.Release|Any CPU.Build.0 = Release|Any CPU
		{E5400B5B-9F73-4C70-B958-B44A37D8F6F6}.Release|ARM.ActiveCfg = Release|Any CPU
		{E5400B5B-9F73-4C70-B958-B44A37D8F6F6}.Release|ARM.Build.0 = Release|Any CPU
		{E5400B5B-9F73-4C70-B958-B44A37D8F6F6}.Release|iPhone.ActiveCfg = Release|Any CPU
		{E5400B5B-9F73-4C70-B958-B44A37D8F6F6}.Release|iPhone.Build.0 = Release|Any CPU
		{E5400B5B-9F73-4C70-B958-B44A37D8F6F6}.Release|iPhoneSimulator.ActiveCfg = Release|Any CPU
		{E5400B5B-9F73-4C70-B958-B44A37D8F6F6}.Release|iPhoneSimulator.Build.0 = Release|Any CPU
		{E5400B5B-9F73-4C70-B958-B44A37D8F6F6}.Release|x64.ActiveCfg = Release|Any CPU
		{E5400B5B-9F73-4C70-B958-B44A37D8F6F6}.Release|x64.Build.0 = Release|Any CPU
		{E5400B5B-9F73-4C70-B958-B44A37D8F6F6}.Release|x86.ActiveCfg = Release|Any CPU
		{E5400B5B-9F73-4C70-B958-B44A37D8F6F6}.Release|x86.Build.0 = Release|Any CPU
		{22E077F4-28B1-46E3-B624-361B6D2A9D4F}.Ad-Hoc|Any CPU.ActiveCfg = Release|Any CPU
		{22E077F4-28B1-46E3-B624-361B6D2A9D4F}.Ad-Hoc|Any CPU.Build.0 = Release|Any CPU
		{22E077F4-28B1-46E3-B624-361B6D2A9D4F}.Ad-Hoc|ARM.ActiveCfg = Release|Any CPU
		{22E077F4-28B1-46E3-B624-361B6D2A9D4F}.Ad-Hoc|ARM.Build.0 = Release|Any CPU
		{22E077F4-28B1-46E3-B624-361B6D2A9D4F}.Ad-Hoc|iPhone.ActiveCfg = Release|Any CPU
		{22E077F4-28B1-46E3-B624-361B6D2A9D4F}.Ad-Hoc|iPhone.Build.0 = Release|Any CPU
		{22E077F4-28B1-46E3-B624-361B6D2A9D4F}.Ad-Hoc|iPhoneSimulator.ActiveCfg = Release|Any CPU
		{22E077F4-28B1-46E3-B624-361B6D2A9D4F}.Ad-Hoc|iPhoneSimulator.Build.0 = Release|Any CPU
		{22E077F4-28B1-46E3-B624-361B6D2A9D4F}.Ad-Hoc|x64.ActiveCfg = Release|Any CPU
		{22E077F4-28B1-46E3-B624-361B6D2A9D4F}.Ad-Hoc|x64.Build.0 = Release|Any CPU
		{22E077F4-28B1-46E3-B624-361B6D2A9D4F}.Ad-Hoc|x86.ActiveCfg = Release|Any CPU
		{22E077F4-28B1-46E3-B624-361B6D2A9D4F}.Ad-Hoc|x86.Build.0 = Release|Any CPU
		{22E077F4-28B1-46E3-B624-361B6D2A9D4F}.AppStore|Any CPU.ActiveCfg = Release|Any CPU
		{22E077F4-28B1-46E3-B624-361B6D2A9D4F}.AppStore|Any CPU.Build.0 = Release|Any CPU
		{22E077F4-28B1-46E3-B624-361B6D2A9D4F}.AppStore|ARM.ActiveCfg = Release|Any CPU
		{22E077F4-28B1-46E3-B624-361B6D2A9D4F}.AppStore|ARM.Build.0 = Release|Any CPU
		{22E077F4-28B1-46E3-B624-361B6D2A9D4F}.AppStore|iPhone.ActiveCfg = Release|Any CPU
		{22E077F4-28B1-46E3-B624-361B6D2A9D4F}.AppStore|iPhone.Build.0 = Release|Any CPU
		{22E077F4-28B1-46E3-B624-361B6D2A9D4F}.AppStore|iPhoneSimulator.ActiveCfg = Release|Any CPU
		{22E077F4-28B1-46E3-B624-361B6D2A9D4F}.AppStore|iPhoneSimulator.Build.0 = Release|Any CPU
		{22E077F4-28B1-46E3-B624-361B6D2A9D4F}.AppStore|x64.ActiveCfg = Release|Any CPU
		{22E077F4-28B1-46E3-B624-361B6D2A9D4F}.AppStore|x64.Build.0 = Release|Any CPU
		{22E077F4-28B1-46E3-B624-361B6D2A9D4F}.AppStore|x86.ActiveCfg = Release|Any CPU
		{22E077F4-28B1-46E3-B624-361B6D2A9D4F}.AppStore|x86.Build.0 = Release|Any CPU
		{22E077F4-28B1-46E3-B624-361B6D2A9D4F}.Debug|Any CPU.ActiveCfg = Debug|Any CPU
		{22E077F4-28B1-46E3-B624-361B6D2A9D4F}.Debug|Any CPU.Build.0 = Debug|Any CPU
		{22E077F4-28B1-46E3-B624-361B6D2A9D4F}.Debug|ARM.ActiveCfg = Debug|Any CPU
		{22E077F4-28B1-46E3-B624-361B6D2A9D4F}.Debug|ARM.Build.0 = Debug|Any CPU
		{22E077F4-28B1-46E3-B624-361B6D2A9D4F}.Debug|iPhone.ActiveCfg = Debug|Any CPU
		{22E077F4-28B1-46E3-B624-361B6D2A9D4F}.Debug|iPhone.Build.0 = Debug|Any CPU
		{22E077F4-28B1-46E3-B624-361B6D2A9D4F}.Debug|iPhoneSimulator.ActiveCfg = Debug|Any CPU
		{22E077F4-28B1-46E3-B624-361B6D2A9D4F}.Debug|iPhoneSimulator.Build.0 = Debug|Any CPU
		{22E077F4-28B1-46E3-B624-361B6D2A9D4F}.Debug|x64.ActiveCfg = Debug|Any CPU
		{22E077F4-28B1-46E3-B624-361B6D2A9D4F}.Debug|x64.Build.0 = Debug|Any CPU
		{22E077F4-28B1-46E3-B624-361B6D2A9D4F}.Debug|x86.ActiveCfg = Debug|Any CPU
		{22E077F4-28B1-46E3-B624-361B6D2A9D4F}.Debug|x86.Build.0 = Debug|Any CPU
		{22E077F4-28B1-46E3-B624-361B6D2A9D4F}.iOS Build|Any CPU.ActiveCfg = Release|Any CPU
		{22E077F4-28B1-46E3-B624-361B6D2A9D4F}.iOS Build|Any CPU.Build.0 = Release|Any CPU
		{22E077F4-28B1-46E3-B624-361B6D2A9D4F}.iOS Build|ARM.ActiveCfg = Release|Any CPU
		{22E077F4-28B1-46E3-B624-361B6D2A9D4F}.iOS Build|ARM.Build.0 = Release|Any CPU
		{22E077F4-28B1-46E3-B624-361B6D2A9D4F}.iOS Build|iPhone.ActiveCfg = Release|Any CPU
		{22E077F4-28B1-46E3-B624-361B6D2A9D4F}.iOS Build|iPhone.Build.0 = Release|Any CPU
		{22E077F4-28B1-46E3-B624-361B6D2A9D4F}.iOS Build|iPhoneSimulator.ActiveCfg = Release|Any CPU
		{22E077F4-28B1-46E3-B624-361B6D2A9D4F}.iOS Build|iPhoneSimulator.Build.0 = Release|Any CPU
		{22E077F4-28B1-46E3-B624-361B6D2A9D4F}.iOS Build|x64.ActiveCfg = Release|Any CPU
		{22E077F4-28B1-46E3-B624-361B6D2A9D4F}.iOS Build|x64.Build.0 = Release|Any CPU
		{22E077F4-28B1-46E3-B624-361B6D2A9D4F}.iOS Build|x86.ActiveCfg = Release|Any CPU
		{22E077F4-28B1-46E3-B624-361B6D2A9D4F}.iOS Build|x86.Build.0 = Release|Any CPU
		{22E077F4-28B1-46E3-B624-361B6D2A9D4F}.Release|Any CPU.ActiveCfg = Release|Any CPU
		{22E077F4-28B1-46E3-B624-361B6D2A9D4F}.Release|ARM.ActiveCfg = Release|Any CPU
		{22E077F4-28B1-46E3-B624-361B6D2A9D4F}.Release|ARM.Build.0 = Release|Any CPU
		{22E077F4-28B1-46E3-B624-361B6D2A9D4F}.Release|iPhone.ActiveCfg = Release|Any CPU
		{22E077F4-28B1-46E3-B624-361B6D2A9D4F}.Release|iPhone.Build.0 = Release|Any CPU
		{22E077F4-28B1-46E3-B624-361B6D2A9D4F}.Release|iPhoneSimulator.ActiveCfg = Release|Any CPU
		{22E077F4-28B1-46E3-B624-361B6D2A9D4F}.Release|iPhoneSimulator.Build.0 = Release|Any CPU
		{22E077F4-28B1-46E3-B624-361B6D2A9D4F}.Release|x64.ActiveCfg = Release|Any CPU
		{22E077F4-28B1-46E3-B624-361B6D2A9D4F}.Release|x86.ActiveCfg = Release|Any CPU
		{F63D5E5D-8024-4A49-8748-F55902421C46}.Ad-Hoc|Any CPU.ActiveCfg = Ad-Hoc|iPhone
		{F63D5E5D-8024-4A49-8748-F55902421C46}.Ad-Hoc|ARM.ActiveCfg = Ad-Hoc|iPhone
		{F63D5E5D-8024-4A49-8748-F55902421C46}.Ad-Hoc|iPhone.ActiveCfg = Ad-Hoc|iPhone
		{F63D5E5D-8024-4A49-8748-F55902421C46}.Ad-Hoc|iPhone.Build.0 = Ad-Hoc|iPhone
		{F63D5E5D-8024-4A49-8748-F55902421C46}.Ad-Hoc|iPhoneSimulator.ActiveCfg = Ad-Hoc|iPhoneSimulator
		{F63D5E5D-8024-4A49-8748-F55902421C46}.Ad-Hoc|iPhoneSimulator.Build.0 = Ad-Hoc|iPhoneSimulator
		{F63D5E5D-8024-4A49-8748-F55902421C46}.Ad-Hoc|x64.ActiveCfg = Ad-Hoc|iPhone
		{F63D5E5D-8024-4A49-8748-F55902421C46}.Ad-Hoc|x86.ActiveCfg = Ad-Hoc|iPhone
		{F63D5E5D-8024-4A49-8748-F55902421C46}.AppStore|Any CPU.ActiveCfg = AppStore|iPhone
		{F63D5E5D-8024-4A49-8748-F55902421C46}.AppStore|ARM.ActiveCfg = AppStore|iPhone
		{F63D5E5D-8024-4A49-8748-F55902421C46}.AppStore|iPhone.ActiveCfg = AppStore|iPhone
		{F63D5E5D-8024-4A49-8748-F55902421C46}.AppStore|iPhone.Build.0 = AppStore|iPhone
		{F63D5E5D-8024-4A49-8748-F55902421C46}.AppStore|iPhoneSimulator.ActiveCfg = AppStore|iPhoneSimulator
		{F63D5E5D-8024-4A49-8748-F55902421C46}.AppStore|iPhoneSimulator.Build.0 = AppStore|iPhoneSimulator
		{F63D5E5D-8024-4A49-8748-F55902421C46}.AppStore|x64.ActiveCfg = AppStore|iPhone
		{F63D5E5D-8024-4A49-8748-F55902421C46}.AppStore|x86.ActiveCfg = AppStore|iPhone
		{F63D5E5D-8024-4A49-8748-F55902421C46}.Debug|Any CPU.ActiveCfg = Debug|iPhone
		{F63D5E5D-8024-4A49-8748-F55902421C46}.Debug|ARM.ActiveCfg = Debug|iPhone
		{F63D5E5D-8024-4A49-8748-F55902421C46}.Debug|iPhone.ActiveCfg = Debug|iPhone
		{F63D5E5D-8024-4A49-8748-F55902421C46}.Debug|iPhone.Build.0 = Debug|iPhone
		{F63D5E5D-8024-4A49-8748-F55902421C46}.Debug|iPhoneSimulator.ActiveCfg = Debug|iPhoneSimulator
		{F63D5E5D-8024-4A49-8748-F55902421C46}.Debug|iPhoneSimulator.Build.0 = Debug|iPhoneSimulator
		{F63D5E5D-8024-4A49-8748-F55902421C46}.Debug|x64.ActiveCfg = Debug|iPhone
		{F63D5E5D-8024-4A49-8748-F55902421C46}.Debug|x86.ActiveCfg = Debug|iPhone
		{F63D5E5D-8024-4A49-8748-F55902421C46}.iOS Build|Any CPU.ActiveCfg = AppStore|iPhone
		{F63D5E5D-8024-4A49-8748-F55902421C46}.iOS Build|Any CPU.Build.0 = AppStore|iPhone
		{F63D5E5D-8024-4A49-8748-F55902421C46}.iOS Build|ARM.ActiveCfg = AppStore|iPhone
		{F63D5E5D-8024-4A49-8748-F55902421C46}.iOS Build|ARM.Build.0 = AppStore|iPhone
		{F63D5E5D-8024-4A49-8748-F55902421C46}.iOS Build|iPhone.ActiveCfg = AppStore|iPhone
		{F63D5E5D-8024-4A49-8748-F55902421C46}.iOS Build|iPhone.Build.0 = AppStore|iPhone
		{F63D5E5D-8024-4A49-8748-F55902421C46}.iOS Build|iPhoneSimulator.ActiveCfg = AppStore|iPhoneSimulator
		{F63D5E5D-8024-4A49-8748-F55902421C46}.iOS Build|iPhoneSimulator.Build.0 = AppStore|iPhoneSimulator
		{F63D5E5D-8024-4A49-8748-F55902421C46}.iOS Build|x64.ActiveCfg = AppStore|iPhone
		{F63D5E5D-8024-4A49-8748-F55902421C46}.iOS Build|x64.Build.0 = AppStore|iPhone
		{F63D5E5D-8024-4A49-8748-F55902421C46}.iOS Build|x86.ActiveCfg = AppStore|iPhone
		{F63D5E5D-8024-4A49-8748-F55902421C46}.iOS Build|x86.Build.0 = AppStore|iPhone
		{F63D5E5D-8024-4A49-8748-F55902421C46}.Release|Any CPU.ActiveCfg = Release|iPhone
		{F63D5E5D-8024-4A49-8748-F55902421C46}.Release|ARM.ActiveCfg = Release|iPhone
		{F63D5E5D-8024-4A49-8748-F55902421C46}.Release|iPhone.ActiveCfg = Release|iPhone
		{F63D5E5D-8024-4A49-8748-F55902421C46}.Release|iPhone.Build.0 = Release|iPhone
		{F63D5E5D-8024-4A49-8748-F55902421C46}.Release|iPhoneSimulator.ActiveCfg = Release|iPhoneSimulator
		{F63D5E5D-8024-4A49-8748-F55902421C46}.Release|iPhoneSimulator.Build.0 = Release|iPhoneSimulator
		{F63D5E5D-8024-4A49-8748-F55902421C46}.Release|x64.ActiveCfg = Release|iPhone
		{F63D5E5D-8024-4A49-8748-F55902421C46}.Release|x86.ActiveCfg = Release|iPhone
	EndGlobalSection
	GlobalSection(SolutionProperties) = preSolution
		HideSolutionNode = FALSE
	EndGlobalSection
	GlobalSection(NestedProjects) = preSolution
		{8FA51876-7923-4046-A5CE-77057C82675E} = {3C23A336-10A6-4E20-9C14-63895CCFE151}
		{E5400B5B-9F73-4C70-B958-B44A37D8F6F6} = {3C23A336-10A6-4E20-9C14-63895CCFE151}
		{22E077F4-28B1-46E3-B624-361B6D2A9D4F} = {708A469F-77D0-4FEC-8D78-E1DBFD916719}
		{F63D5E5D-8024-4A49-8748-F55902421C46} = {708A469F-77D0-4FEC-8D78-E1DBFD916719}
	EndGlobalSection
	GlobalSection(ExtensibilityGlobals) = postSolution
		SolutionGuid = {15181C33-604F-461B-97E2-B84BAFBA0BEB}
	EndGlobalSection
EndGlobal
