
Microsoft Visual Studio Solution File, Format Version 12.00
# Visual Studio Version 17
VisualStudioVersion = 17.12.35527.113
MinimumVisualStudioVersion = 10.0.40219.1
Project("{2150E333-8FDC-42A3-9474-1A3956D46DE8}") = "src", "src", "{3C23A336-10A6-4E20-9C14-63895CCFE151}"
EndProject
Project("{2150E333-8FDC-42A3-9474-1A3956D46DE8}") = "examples", "examples", "{6BC0DA9E-468F-4588-916D-D22387E764C5}"
EndProject
Project("{2150E333-8FDC-42A3-9474-1A3956D46DE8}") = "Solution Items", "Solution Items", "{29116E36-971A-426E-9C14-2AC6EA657863}"
	ProjectSection(SolutionItems) = preProject
		Package.nuspec = Package.nuspec
	EndProjectSection
EndProject
Project("{2150E333-8FDC-42A3-9474-1A3956D46DE8}") = "sample", "sample", "{708A469F-77D0-4FEC-8D78-E1DBFD916719}"
EndProject
Project("{9A19103F-16F7-4668-BE54-9A1E7A4F7556}") = "LagoVista.Client.Core", "src\LagoVista.Client.Core\LagoVista.Client.Core.csproj", "{9EB75B0F-F283-498E-AA42-FB49512AEF93}"
EndProject
Project("{9A19103F-16F7-4668-BE54-9A1E7A4F7556}") = "LagoVista.Client.Devices", "src\LagoVista.Client.Devices\LagoVista.Client.Devices.csproj", "{38B6BB9E-9621-456E-8396-A6B2CA9B3734}"
EndProject
Project("{9A19103F-16F7-4668-BE54-9A1E7A4F7556}") = "LagoVista.XPlat.WPF", "src\LagoVista.Xplat.WPF\LagoVista.XPlat.WPF.csproj", "{FDCF7CED-8D81-480C-B038-D973A9B8D2FD}"
EndProject
Project("{2150E333-8FDC-42A3-9474-1A3956D46DE8}") = "Apps", "Apps", "{A809E238-8CA3-496F-99D7-14A42974DE67}"
EndProject
Project("{FAE04EC0-301F-11D3-BF4B-00C04F79EFBC}") = "LagoVista.Mobile.Devices", "Apps\LagoVista.Mobile.Devices\LagoVista.Mobile.Devices.csproj", "{B367C9E8-B02F-402E-AF0D-95BC3DA4F1F7}"
EndProject
Project("{FAE04EC0-301F-11D3-BF4B-00C04F79EFBC}") = "LagoVista.XPlat.Maui", "src\LagoVista.XPlat.Maui\LagoVista.XPlat.Maui.csproj", "{BEBE4239-DB0A-4536-83DC-4D3018F1B662}"
EndProject
Global
	GlobalSection(SolutionConfigurationPlatforms) = preSolution
		Ad-Hoc|Any CPU = Ad-Hoc|Any CPU
		Ad-Hoc|ARM = Ad-Hoc|ARM
		Ad-Hoc|iPhone = Ad-Hoc|iPhone
		Ad-Hoc|iPhoneSimulator = Ad-Hoc|iPhoneSimulator
		Ad-Hoc|x64 = Ad-Hoc|x64
		Ad-Hoc|x86 = Ad-Hoc|x86
		AppStore|Any CPU = AppStore|Any CPU
		AppStore|ARM = AppStore|ARM
		AppStore|iPhone = AppStore|iPhone
		AppStore|iPhoneSimulator = AppStore|iPhoneSimulator
		AppStore|x64 = AppStore|x64
		AppStore|x86 = AppStore|x86
		Debug|Any CPU = Debug|Any CPU
		Debug|ARM = Debug|ARM
		Debug|iPhone = Debug|iPhone
		Debug|iPhoneSimulator = Debug|iPhoneSimulator
		Debug|x64 = Debug|x64
		Debug|x86 = Debug|x86
		iOS Build|Any CPU = iOS Build|Any CPU
		iOS Build|ARM = iOS Build|ARM
		iOS Build|iPhone = iOS Build|iPhone
		iOS Build|iPhoneSimulator = iOS Build|iPhoneSimulator
		iOS Build|x64 = iOS Build|x64
		iOS Build|x86 = iOS Build|x86
		Release|Any CPU = Release|Any CPU
		Release|ARM = Release|ARM
		Release|iPhone = Release|iPhone
		Release|iPhoneSimulator = Release|iPhoneSimulator
		Release|x64 = Release|x64
		Release|x86 = Release|x86
	EndGlobalSection
	GlobalSection(ProjectConfigurationPlatforms) = postSolution
		{9EB75B0F-F283-498E-AA42-FB49512AEF93}.Ad-Hoc|Any CPU.ActiveCfg = Debug|Any CPU
		{9EB75B0F-F283-498E-AA42-FB49512AEF93}.Ad-Hoc|Any CPU.Build.0 = Debug|Any CPU
		{9EB75B0F-F283-498E-AA42-FB49512AEF93}.Ad-Hoc|ARM.ActiveCfg = Debug|Any CPU
		{9EB75B0F-F283-498E-AA42-FB49512AEF93}.Ad-Hoc|ARM.Build.0 = Debug|Any CPU
		{9EB75B0F-F283-498E-AA42-FB49512AEF93}.Ad-Hoc|iPhone.ActiveCfg = Debug|Any CPU
		{9EB75B0F-F283-498E-AA42-FB49512AEF93}.Ad-Hoc|iPhone.Build.0 = Debug|Any CPU
		{9EB75B0F-F283-498E-AA42-FB49512AEF93}.Ad-Hoc|iPhoneSimulator.ActiveCfg = Debug|Any CPU
		{9EB75B0F-F283-498E-AA42-FB49512AEF93}.Ad-Hoc|iPhoneSimulator.Build.0 = Debug|Any CPU
		{9EB75B0F-F283-498E-AA42-FB49512AEF93}.Ad-Hoc|x64.ActiveCfg = Debug|Any CPU
		{9EB75B0F-F283-498E-AA42-FB49512AEF93}.Ad-Hoc|x64.Build.0 = Debug|Any CPU
		{9EB75B0F-F283-498E-AA42-FB49512AEF93}.Ad-Hoc|x86.ActiveCfg = Debug|Any CPU
		{9EB75B0F-F283-498E-AA42-FB49512AEF93}.Ad-Hoc|x86.Build.0 = Debug|Any CPU
		{9EB75B0F-F283-498E-AA42-FB49512AEF93}.AppStore|Any CPU.ActiveCfg = Debug|Any CPU
		{9EB75B0F-F283-498E-AA42-FB49512AEF93}.AppStore|Any CPU.Build.0 = Debug|Any CPU
		{9EB75B0F-F283-498E-AA42-FB49512AEF93}.AppStore|ARM.ActiveCfg = Debug|Any CPU
		{9EB75B0F-F283-498E-AA42-FB49512AEF93}.AppStore|ARM.Build.0 = Debug|Any CPU
		{9EB75B0F-F283-498E-AA42-FB49512AEF93}.AppStore|iPhone.ActiveCfg = Debug|Any CPU
		{9EB75B0F-F283-498E-AA42-FB49512AEF93}.AppStore|iPhone.Build.0 = Debug|Any CPU
		{9EB75B0F-F283-498E-AA42-FB49512AEF93}.AppStore|iPhoneSimulator.ActiveCfg = Debug|Any CPU
		{9EB75B0F-F283-498E-AA42-FB49512AEF93}.AppStore|iPhoneSimulator.Build.0 = Debug|Any CPU
		{9EB75B0F-F283-498E-AA42-FB49512AEF93}.AppStore|x64.ActiveCfg = Debug|Any CPU
		{9EB75B0F-F283-498E-AA42-FB49512AEF93}.AppStore|x64.Build.0 = Debug|Any CPU
		{9EB75B0F-F283-498E-AA42-FB49512AEF93}.AppStore|x86.ActiveCfg = Debug|Any CPU
		{9EB75B0F-F283-498E-AA42-FB49512AEF93}.AppStore|x86.Build.0 = Debug|Any CPU
		{9EB75B0F-F283-498E-AA42-FB49512AEF93}.Debug|Any CPU.ActiveCfg = Debug|Any CPU
		{9EB75B0F-F283-498E-AA42-FB49512AEF93}.Debug|Any CPU.Build.0 = Debug|Any CPU
		{9EB75B0F-F283-498E-AA42-FB49512AEF93}.Debug|ARM.ActiveCfg = Debug|Any CPU
		{9EB75B0F-F283-498E-AA42-FB49512AEF93}.Debug|ARM.Build.0 = Debug|Any CPU
		{9EB75B0F-F283-498E-AA42-FB49512AEF93}.Debug|iPhone.ActiveCfg = Debug|Any CPU
		{9EB75B0F-F283-498E-AA42-FB49512AEF93}.Debug|iPhone.Build.0 = Debug|Any CPU
		{9EB75B0F-F283-498E-AA42-FB49512AEF93}.Debug|iPhoneSimulator.ActiveCfg = Debug|Any CPU
		{9EB75B0F-F283-498E-AA42-FB49512AEF93}.Debug|iPhoneSimulator.Build.0 = Debug|Any CPU
		{9EB75B0F-F283-498E-AA42-FB49512AEF93}.Debug|x64.ActiveCfg = Debug|Any CPU
		{9EB75B0F-F283-498E-AA42-FB49512AEF93}.Debug|x64.Build.0 = Debug|Any CPU
		{9EB75B0F-F283-498E-AA42-FB49512AEF93}.Debug|x86.ActiveCfg = Debug|Any CPU
		{9EB75B0F-F283-498E-AA42-FB49512AEF93}.Debug|x86.Build.0 = Debug|Any CPU
		{9EB75B0F-F283-498E-AA42-FB49512AEF93}.iOS Build|Any CPU.ActiveCfg = Debug|Any CPU
		{9EB75B0F-F283-498E-AA42-FB49512AEF93}.iOS Build|Any CPU.Build.0 = Debug|Any CPU
		{9EB75B0F-F283-498E-AA42-FB49512AEF93}.iOS Build|ARM.ActiveCfg = Debug|Any CPU
		{9EB75B0F-F283-498E-AA42-FB49512AEF93}.iOS Build|ARM.Build.0 = Debug|Any CPU
		{9EB75B0F-F283-498E-AA42-FB49512AEF93}.iOS Build|iPhone.ActiveCfg = Debug|Any CPU
		{9EB75B0F-F283-498E-AA42-FB49512AEF93}.iOS Build|iPhone.Build.0 = Debug|Any CPU
		{9EB75B0F-F283-498E-AA42-FB49512AEF93}.iOS Build|iPhoneSimulator.ActiveCfg = Debug|Any CPU
		{9EB75B0F-F283-498E-AA42-FB49512AEF93}.iOS Build|iPhoneSimulator.Build.0 = Debug|Any CPU
		{9EB75B0F-F283-498E-AA42-FB49512AEF93}.iOS Build|x64.ActiveCfg = Debug|Any CPU
		{9EB75B0F-F283-498E-AA42-FB49512AEF93}.iOS Build|x64.Build.0 = Debug|Any CPU
		{9EB75B0F-F283-498E-AA42-FB49512AEF93}.iOS Build|x86.ActiveCfg = Debug|Any CPU
		{9EB75B0F-F283-498E-AA42-FB49512AEF93}.iOS Build|x86.Build.0 = Debug|Any CPU
		{9EB75B0F-F283-498E-AA42-FB49512AEF93}.Release|Any CPU.ActiveCfg = Release|Any CPU
		{9EB75B0F-F283-498E-AA42-FB49512AEF93}.Release|Any CPU.Build.0 = Release|Any CPU
		{9EB75B0F-F283-498E-AA42-FB49512AEF93}.Release|ARM.ActiveCfg = Release|Any CPU
		{9EB75B0F-F283-498E-AA42-FB49512AEF93}.Release|ARM.Build.0 = Release|Any CPU
		{9EB75B0F-F283-498E-AA42-FB49512AEF93}.Release|iPhone.ActiveCfg = Release|Any CPU
		{9EB75B0F-F283-498E-AA42-FB49512AEF93}.Release|iPhone.Build.0 = Release|Any CPU
		{9EB75B0F-F283-498E-AA42-FB49512AEF93}.Release|iPhoneSimulator.ActiveCfg = Release|Any CPU
		{9EB75B0F-F283-498E-AA42-FB49512AEF93}.Release|iPhoneSimulator.Build.0 = Release|Any CPU
		{9EB75B0F-F283-498E-AA42-FB49512AEF93}.Release|x64.ActiveCfg = Release|Any CPU
		{9EB75B0F-F283-498E-AA42-FB49512AEF93}.Release|x64.Build.0 = Release|Any CPU
		{9EB75B0F-F283-498E-AA42-FB49512AEF93}.Release|x86.ActiveCfg = Release|Any CPU
		{9EB75B0F-F283-498E-AA42-FB49512AEF93}.Release|x86.Build.0 = Release|Any CPU
		{38B6BB9E-9621-456E-8396-A6B2CA9B3734}.Ad-Hoc|Any CPU.ActiveCfg = Debug|Any CPU
		{38B6BB9E-9621-456E-8396-A6B2CA9B3734}.Ad-Hoc|Any CPU.Build.0 = Debug|Any CPU
		{38B6BB9E-9621-456E-8396-A6B2CA9B3734}.Ad-Hoc|ARM.ActiveCfg = Debug|Any CPU
		{38B6BB9E-9621-456E-8396-A6B2CA9B3734}.Ad-Hoc|ARM.Build.0 = Debug|Any CPU
		{38B6BB9E-9621-456E-8396-A6B2CA9B3734}.Ad-Hoc|iPhone.ActiveCfg = Debug|Any CPU
		{38B6BB9E-9621-456E-8396-A6B2CA9B3734}.Ad-Hoc|iPhone.Build.0 = Debug|Any CPU
		{38B6BB9E-9621-456E-8396-A6B2CA9B3734}.Ad-Hoc|iPhoneSimulator.ActiveCfg = Debug|Any CPU
		{38B6BB9E-9621-456E-8396-A6B2CA9B3734}.Ad-Hoc|iPhoneSimulator.Build.0 = Debug|Any CPU
		{38B6BB9E-9621-456E-8396-A6B2CA9B3734}.Ad-Hoc|x64.ActiveCfg = Debug|Any CPU
		{38B6BB9E-9621-456E-8396-A6B2CA9B3734}.Ad-Hoc|x64.Build.0 = Debug|Any CPU
		{38B6BB9E-9621-456E-8396-A6B2CA9B3734}.Ad-Hoc|x86.ActiveCfg = Debug|Any CPU
		{38B6BB9E-9621-456E-8396-A6B2CA9B3734}.Ad-Hoc|x86.Build.0 = Debug|Any CPU
		{38B6BB9E-9621-456E-8396-A6B2CA9B3734}.AppStore|Any CPU.ActiveCfg = Debug|Any CPU
		{38B6BB9E-9621-456E-8396-A6B2CA9B3734}.AppStore|Any CPU.Build.0 = Debug|Any CPU
		{38B6BB9E-9621-456E-8396-A6B2CA9B3734}.AppStore|ARM.ActiveCfg = Debug|Any CPU
		{38B6BB9E-9621-456E-8396-A6B2CA9B3734}.AppStore|ARM.Build.0 = Debug|Any CPU
		{38B6BB9E-9621-456E-8396-A6B2CA9B3734}.AppStore|iPhone.ActiveCfg = Debug|Any CPU
		{38B6BB9E-9621-456E-8396-A6B2CA9B3734}.AppStore|iPhone.Build.0 = Debug|Any CPU
		{38B6BB9E-9621-456E-8396-A6B2CA9B3734}.AppStore|iPhoneSimulator.ActiveCfg = Debug|Any CPU
		{38B6BB9E-9621-456E-8396-A6B2CA9B3734}.AppStore|iPhoneSimulator.Build.0 = Debug|Any CPU
		{38B6BB9E-9621-456E-8396-A6B2CA9B3734}.AppStore|x64.ActiveCfg = Debug|Any CPU
		{38B6BB9E-9621-456E-8396-A6B2CA9B3734}.AppStore|x64.Build.0 = Debug|Any CPU
		{38B6BB9E-9621-456E-8396-A6B2CA9B3734}.AppStore|x86.ActiveCfg = Debug|Any CPU
		{38B6BB9E-9621-456E-8396-A6B2CA9B3734}.AppStore|x86.Build.0 = Debug|Any CPU
		{38B6BB9E-9621-456E-8396-A6B2CA9B3734}.Debug|Any CPU.ActiveCfg = Debug|Any CPU
		{38B6BB9E-9621-456E-8396-A6B2CA9B3734}.Debug|Any CPU.Build.0 = Debug|Any CPU
		{38B6BB9E-9621-456E-8396-A6B2CA9B3734}.Debug|ARM.ActiveCfg = Debug|Any CPU
		{38B6BB9E-9621-456E-8396-A6B2CA9B3734}.Debug|ARM.Build.0 = Debug|Any CPU
		{38B6BB9E-9621-456E-8396-A6B2CA9B3734}.Debug|iPhone.ActiveCfg = Debug|Any CPU
		{38B6BB9E-9621-456E-8396-A6B2CA9B3734}.Debug|iPhone.Build.0 = Debug|Any CPU
		{38B6BB9E-9621-456E-8396-A6B2CA9B3734}.Debug|iPhoneSimulator.ActiveCfg = Debug|Any CPU
		{38B6BB9E-9621-456E-8396-A6B2CA9B3734}.Debug|iPhoneSimulator.Build.0 = Debug|Any CPU
		{38B6BB9E-9621-456E-8396-A6B2CA9B3734}.Debug|x64.ActiveCfg = Debug|Any CPU
		{38B6BB9E-9621-456E-8396-A6B2CA9B3734}.Debug|x64.Build.0 = Debug|Any CPU
		{38B6BB9E-9621-456E-8396-A6B2CA9B3734}.Debug|x86.ActiveCfg = Debug|Any CPU
		{38B6BB9E-9621-456E-8396-A6B2CA9B3734}.Debug|x86.Build.0 = Debug|Any CPU
		{38B6BB9E-9621-456E-8396-A6B2CA9B3734}.iOS Build|Any CPU.ActiveCfg = Debug|Any CPU
		{38B6BB9E-9621-456E-8396-A6B2CA9B3734}.iOS Build|Any CPU.Build.0 = Debug|Any CPU
		{38B6BB9E-9621-456E-8396-A6B2CA9B3734}.iOS Build|ARM.ActiveCfg = Debug|Any CPU
		{38B6BB9E-9621-456E-8396-A6B2CA9B3734}.iOS Build|ARM.Build.0 = Debug|Any CPU
		{38B6BB9E-9621-456E-8396-A6B2CA9B3734}.iOS Build|iPhone.ActiveCfg = Debug|Any CPU
		{38B6BB9E-9621-456E-8396-A6B2CA9B3734}.iOS Build|iPhone.Build.0 = Debug|Any CPU
		{38B6BB9E-9621-456E-8396-A6B2CA9B3734}.iOS Build|iPhoneSimulator.ActiveCfg = Debug|Any CPU
		{38B6BB9E-9621-456E-8396-A6B2CA9B3734}.iOS Build|iPhoneSimulator.Build.0 = Debug|Any CPU
		{38B6BB9E-9621-456E-8396-A6B2CA9B3734}.iOS Build|x64.ActiveCfg = Debug|Any CPU
		{38B6BB9E-9621-456E-8396-A6B2CA9B3734}.iOS Build|x64.Build.0 = Debug|Any CPU
		{38B6BB9E-9621-456E-8396-A6B2CA9B3734}.iOS Build|x86.ActiveCfg = Debug|Any CPU
		{38B6BB9E-9621-456E-8396-A6B2CA9B3734}.iOS Build|x86.Build.0 = Debug|Any CPU
		{38B6BB9E-9621-456E-8396-A6B2CA9B3734}.Release|Any CPU.ActiveCfg = Release|Any CPU
		{38B6BB9E-9621-456E-8396-A6B2CA9B3734}.Release|Any CPU.Build.0 = Release|Any CPU
		{38B6BB9E-9621-456E-8396-A6B2CA9B3734}.Release|ARM.ActiveCfg = Release|Any CPU
		{38B6BB9E-9621-456E-8396-A6B2CA9B3734}.Release|ARM.Build.0 = Release|Any CPU
		{38B6BB9E-9621-456E-8396-A6B2CA9B3734}.Release|iPhone.ActiveCfg = Release|Any CPU
		{38B6BB9E-9621-456E-8396-A6B2CA9B3734}.Release|iPhone.Build.0 = Release|Any CPU
		{38B6BB9E-9621-456E-8396-A6B2CA9B3734}.Release|iPhoneSimulator.ActiveCfg = Release|Any CPU
		{38B6BB9E-9621-456E-8396-A6B2CA9B3734}.Release|iPhoneSimulator.Build.0 = Release|Any CPU
		{38B6BB9E-9621-456E-8396-A6B2CA9B3734}.Release|x64.ActiveCfg = Release|Any CPU
		{38B6BB9E-9621-456E-8396-A6B2CA9B3734}.Release|x64.Build.0 = Release|Any CPU
		{38B6BB9E-9621-456E-8396-A6B2CA9B3734}.Release|x86.ActiveCfg = Release|Any CPU
		{38B6BB9E-9621-456E-8396-A6B2CA9B3734}.Release|x86.Build.0 = Release|Any CPU
		{FDCF7CED-8D81-480C-B038-D973A9B8D2FD}.Ad-Hoc|Any CPU.ActiveCfg = Debug|Any CPU
		{FDCF7CED-8D81-480C-B038-D973A9B8D2FD}.Ad-Hoc|Any CPU.Build.0 = Debug|Any CPU
		{FDCF7CED-8D81-480C-B038-D973A9B8D2FD}.Ad-Hoc|ARM.ActiveCfg = Debug|Any CPU
		{FDCF7CED-8D81-480C-B038-D973A9B8D2FD}.Ad-Hoc|ARM.Build.0 = Debug|Any CPU
		{FDCF7CED-8D81-480C-B038-D973A9B8D2FD}.Ad-Hoc|iPhone.ActiveCfg = Debug|Any CPU
		{FDCF7CED-8D81-480C-B038-D973A9B8D2FD}.Ad-Hoc|iPhone.Build.0 = Debug|Any CPU
		{FDCF7CED-8D81-480C-B038-D973A9B8D2FD}.Ad-Hoc|iPhoneSimulator.ActiveCfg = Debug|Any CPU
		{FDCF7CED-8D81-480C-B038-D973A9B8D2FD}.Ad-Hoc|iPhoneSimulator.Build.0 = Debug|Any CPU
		{FDCF7CED-8D81-480C-B038-D973A9B8D2FD}.Ad-Hoc|x64.ActiveCfg = Debug|Any CPU
		{FDCF7CED-8D81-480C-B038-D973A9B8D2FD}.Ad-Hoc|x64.Build.0 = Debug|Any CPU
		{FDCF7CED-8D81-480C-B038-D973A9B8D2FD}.Ad-Hoc|x86.ActiveCfg = Debug|Any CPU
		{FDCF7CED-8D81-480C-B038-D973A9B8D2FD}.Ad-Hoc|x86.Build.0 = Debug|Any CPU
		{FDCF7CED-8D81-480C-B038-D973A9B8D2FD}.AppStore|Any CPU.ActiveCfg = Debug|Any CPU
		{FDCF7CED-8D81-480C-B038-D973A9B8D2FD}.AppStore|Any CPU.Build.0 = Debug|Any CPU
		{FDCF7CED-8D81-480C-B038-D973A9B8D2FD}.AppStore|ARM.ActiveCfg = Debug|Any CPU
		{FDCF7CED-8D81-480C-B038-D973A9B8D2FD}.AppStore|ARM.Build.0 = Debug|Any CPU
		{FDCF7CED-8D81-480C-B038-D973A9B8D2FD}.AppStore|iPhone.ActiveCfg = Debug|Any CPU
		{FDCF7CED-8D81-480C-B038-D973A9B8D2FD}.AppStore|iPhone.Build.0 = Debug|Any CPU
		{FDCF7CED-8D81-480C-B038-D973A9B8D2FD}.AppStore|iPhoneSimulator.ActiveCfg = Debug|Any CPU
		{FDCF7CED-8D81-480C-B038-D973A9B8D2FD}.AppStore|iPhoneSimulator.Build.0 = Debug|Any CPU
		{FDCF7CED-8D81-480C-B038-D973A9B8D2FD}.AppStore|x64.ActiveCfg = Debug|Any CPU
		{FDCF7CED-8D81-480C-B038-D973A9B8D2FD}.AppStore|x64.Build.0 = Debug|Any CPU
		{FDCF7CED-8D81-480C-B038-D973A9B8D2FD}.AppStore|x86.ActiveCfg = Debug|Any CPU
		{FDCF7CED-8D81-480C-B038-D973A9B8D2FD}.AppStore|x86.Build.0 = Debug|Any CPU
		{FDCF7CED-8D81-480C-B038-D973A9B8D2FD}.Debug|Any CPU.ActiveCfg = Debug|Any CPU
		{FDCF7CED-8D81-480C-B038-D973A9B8D2FD}.Debug|Any CPU.Build.0 = Debug|Any CPU
		{FDCF7CED-8D81-480C-B038-D973A9B8D2FD}.Debug|ARM.ActiveCfg = Debug|Any CPU
		{FDCF7CED-8D81-480C-B038-D973A9B8D2FD}.Debug|ARM.Build.0 = Debug|Any CPU
		{FDCF7CED-8D81-480C-B038-D973A9B8D2FD}.Debug|iPhone.ActiveCfg = Debug|Any CPU
		{FDCF7CED-8D81-480C-B038-D973A9B8D2FD}.Debug|iPhone.Build.0 = Debug|Any CPU
		{FDCF7CED-8D81-480C-B038-D973A9B8D2FD}.Debug|iPhoneSimulator.ActiveCfg = Debug|Any CPU
		{FDCF7CED-8D81-480C-B038-D973A9B8D2FD}.Debug|iPhoneSimulator.Build.0 = Debug|Any CPU
		{FDCF7CED-8D81-480C-B038-D973A9B8D2FD}.Debug|x64.ActiveCfg = Debug|Any CPU
		{FDCF7CED-8D81-480C-B038-D973A9B8D2FD}.Debug|x64.Build.0 = Debug|Any CPU
		{FDCF7CED-8D81-480C-B038-D973A9B8D2FD}.Debug|x86.ActiveCfg = Debug|Any CPU
		{FDCF7CED-8D81-480C-B038-D973A9B8D2FD}.Debug|x86.Build.0 = Debug|Any CPU
		{FDCF7CED-8D81-480C-B038-D973A9B8D2FD}.iOS Build|Any CPU.ActiveCfg = Debug|Any CPU
		{FDCF7CED-8D81-480C-B038-D973A9B8D2FD}.iOS Build|Any CPU.Build.0 = Debug|Any CPU
		{FDCF7CED-8D81-480C-B038-D973A9B8D2FD}.iOS Build|ARM.ActiveCfg = Debug|Any CPU
		{FDCF7CED-8D81-480C-B038-D973A9B8D2FD}.iOS Build|ARM.Build.0 = Debug|Any CPU
		{FDCF7CED-8D81-480C-B038-D973A9B8D2FD}.iOS Build|iPhone.ActiveCfg = Debug|Any CPU
		{FDCF7CED-8D81-480C-B038-D973A9B8D2FD}.iOS Build|iPhone.Build.0 = Debug|Any CPU
		{FDCF7CED-8D81-480C-B038-D973A9B8D2FD}.iOS Build|iPhoneSimulator.ActiveCfg = Debug|Any CPU
		{FDCF7CED-8D81-480C-B038-D973A9B8D2FD}.iOS Build|iPhoneSimulator.Build.0 = Debug|Any CPU
		{FDCF7CED-8D81-480C-B038-D973A9B8D2FD}.iOS Build|x64.ActiveCfg = Debug|Any CPU
		{FDCF7CED-8D81-480C-B038-D973A9B8D2FD}.iOS Build|x64.Build.0 = Debug|Any CPU
		{FDCF7CED-8D81-480C-B038-D973A9B8D2FD}.iOS Build|x86.ActiveCfg = Debug|Any CPU
		{FDCF7CED-8D81-480C-B038-D973A9B8D2FD}.iOS Build|x86.Build.0 = Debug|Any CPU
		{FDCF7CED-8D81-480C-B038-D973A9B8D2FD}.Release|Any CPU.ActiveCfg = Release|Any CPU
		{FDCF7CED-8D81-480C-B038-D973A9B8D2FD}.Release|Any CPU.Build.0 = Release|Any CPU
		{FDCF7CED-8D81-480C-B038-D973A9B8D2FD}.Release|ARM.ActiveCfg = Release|Any CPU
		{FDCF7CED-8D81-480C-B038-D973A9B8D2FD}.Release|ARM.Build.0 = Release|Any CPU
		{FDCF7CED-8D81-480C-B038-D973A9B8D2FD}.Release|iPhone.ActiveCfg = Release|Any CPU
		{FDCF7CED-8D81-480C-B038-D973A9B8D2FD}.Release|iPhone.Build.0 = Release|Any CPU
		{FDCF7CED-8D81-480C-B038-D973A9B8D2FD}.Release|iPhoneSimulator.ActiveCfg = Release|Any CPU
		{FDCF7CED-8D81-480C-B038-D973A9B8D2FD}.Release|iPhoneSimulator.Build.0 = Release|Any CPU
		{FDCF7CED-8D81-480C-B038-D973A9B8D2FD}.Release|x64.ActiveCfg = Release|Any CPU
		{FDCF7CED-8D81-480C-B038-D973A9B8D2FD}.Release|x64.Build.0 = Release|Any CPU
		{FDCF7CED-8D81-480C-B038-D973A9B8D2FD}.Release|x86.ActiveCfg = Release|Any CPU
		{FDCF7CED-8D81-480C-B038-D973A9B8D2FD}.Release|x86.Build.0 = Release|Any CPU
		{B367C9E8-B02F-402E-AF0D-95BC3DA4F1F7}.Ad-Hoc|Any CPU.ActiveCfg = Debug|Any CPU
		{B367C9E8-B02F-402E-AF0D-95BC3DA4F1F7}.Ad-Hoc|Any CPU.Build.0 = Debug|Any CPU
		{B367C9E8-B02F-402E-AF0D-95BC3DA4F1F7}.Ad-Hoc|ARM.ActiveCfg = Debug|Any CPU
		{B367C9E8-B02F-402E-AF0D-95BC3DA4F1F7}.Ad-Hoc|ARM.Build.0 = Debug|Any CPU
		{B367C9E8-B02F-402E-AF0D-95BC3DA4F1F7}.Ad-Hoc|iPhone.ActiveCfg = Debug|Any CPU
		{B367C9E8-B02F-402E-AF0D-95BC3DA4F1F7}.Ad-Hoc|iPhone.Build.0 = Debug|Any CPU
		{B367C9E8-B02F-402E-AF0D-95BC3DA4F1F7}.Ad-Hoc|iPhoneSimulator.ActiveCfg = Debug|Any CPU
		{B367C9E8-B02F-402E-AF0D-95BC3DA4F1F7}.Ad-Hoc|iPhoneSimulator.Build.0 = Debug|Any CPU
		{B367C9E8-B02F-402E-AF0D-95BC3DA4F1F7}.Ad-Hoc|x64.ActiveCfg = Debug|Any CPU
		{B367C9E8-B02F-402E-AF0D-95BC3DA4F1F7}.Ad-Hoc|x64.Build.0 = Debug|Any CPU
		{B367C9E8-B02F-402E-AF0D-95BC3DA4F1F7}.Ad-Hoc|x86.ActiveCfg = Debug|Any CPU
		{B367C9E8-B02F-402E-AF0D-95BC3DA4F1F7}.Ad-Hoc|x86.Build.0 = Debug|Any CPU
		{B367C9E8-B02F-402E-AF0D-95BC3DA4F1F7}.AppStore|Any CPU.ActiveCfg = Debug|Any CPU
		{B367C9E8-B02F-402E-AF0D-95BC3DA4F1F7}.AppStore|Any CPU.Build.0 = Debug|Any CPU
		{B367C9E8-B02F-402E-AF0D-95BC3DA4F1F7}.AppStore|ARM.ActiveCfg = Debug|Any CPU
		{B367C9E8-B02F-402E-AF0D-95BC3DA4F1F7}.AppStore|ARM.Build.0 = Debug|Any CPU
		{B367C9E8-B02F-402E-AF0D-95BC3DA4F1F7}.AppStore|iPhone.ActiveCfg = Debug|Any CPU
		{B367C9E8-B02F-402E-AF0D-95BC3DA4F1F7}.AppStore|iPhone.Build.0 = Debug|Any CPU
		{B367C9E8-B02F-402E-AF0D-95BC3DA4F1F7}.AppStore|iPhoneSimulator.ActiveCfg = Debug|Any CPU
		{B367C9E8-B02F-402E-AF0D-95BC3DA4F1F7}.AppStore|iPhoneSimulator.Build.0 = Debug|Any CPU
		{B367C9E8-B02F-402E-AF0D-95BC3DA4F1F7}.AppStore|x64.ActiveCfg = Debug|Any CPU
		{B367C9E8-B02F-402E-AF0D-95BC3DA4F1F7}.AppStore|x64.Build.0 = Debug|Any CPU
		{B367C9E8-B02F-402E-AF0D-95BC3DA4F1F7}.AppStore|x86.ActiveCfg = Debug|Any CPU
		{B367C9E8-B02F-402E-AF0D-95BC3DA4F1F7}.AppStore|x86.Build.0 = Debug|Any CPU
		{B367C9E8-B02F-402E-AF0D-95BC3DA4F1F7}.Debug|Any CPU.ActiveCfg = Debug|Any CPU
		{B367C9E8-B02F-402E-AF0D-95BC3DA4F1F7}.Debug|Any CPU.Build.0 = Debug|Any CPU
		{B367C9E8-B02F-402E-AF0D-95BC3DA4F1F7}.Debug|ARM.ActiveCfg = Debug|Any CPU
		{B367C9E8-B02F-402E-AF0D-95BC3DA4F1F7}.Debug|ARM.Build.0 = Debug|Any CPU
		{B367C9E8-B02F-402E-AF0D-95BC3DA4F1F7}.Debug|iPhone.ActiveCfg = Debug|Any CPU
		{B367C9E8-B02F-402E-AF0D-95BC3DA4F1F7}.Debug|iPhone.Build.0 = Debug|Any CPU
		{B367C9E8-B02F-402E-AF0D-95BC3DA4F1F7}.Debug|iPhoneSimulator.ActiveCfg = Debug|Any CPU
		{B367C9E8-B02F-402E-AF0D-95BC3DA4F1F7}.Debug|iPhoneSimulator.Build.0 = Debug|Any CPU
		{B367C9E8-B02F-402E-AF0D-95BC3DA4F1F7}.Debug|x64.ActiveCfg = Debug|Any CPU
		{B367C9E8-B02F-402E-AF0D-95BC3DA4F1F7}.Debug|x64.Build.0 = Debug|Any CPU
		{B367C9E8-B02F-402E-AF0D-95BC3DA4F1F7}.Debug|x86.ActiveCfg = Debug|Any CPU
		{B367C9E8-B02F-402E-AF0D-95BC3DA4F1F7}.Debug|x86.Build.0 = Debug|Any CPU
		{B367C9E8-B02F-402E-AF0D-95BC3DA4F1F7}.iOS Build|Any CPU.ActiveCfg = Debug|Any CPU
		{B367C9E8-B02F-402E-AF0D-95BC3DA4F1F7}.iOS Build|Any CPU.Build.0 = Debug|Any CPU
		{B367C9E8-B02F-402E-AF0D-95BC3DA4F1F7}.iOS Build|ARM.ActiveCfg = Debug|Any CPU
		{B367C9E8-B02F-402E-AF0D-95BC3DA4F1F7}.iOS Build|ARM.Build.0 = Debug|Any CPU
		{B367C9E8-B02F-402E-AF0D-95BC3DA4F1F7}.iOS Build|iPhone.ActiveCfg = Debug|Any CPU
		{B367C9E8-B02F-402E-AF0D-95BC3DA4F1F7}.iOS Build|iPhone.Build.0 = Debug|Any CPU
		{B367C9E8-B02F-402E-AF0D-95BC3DA4F1F7}.iOS Build|iPhoneSimulator.ActiveCfg = Debug|Any CPU
		{B367C9E8-B02F-402E-AF0D-95BC3DA4F1F7}.iOS Build|iPhoneSimulator.Build.0 = Debug|Any CPU
		{B367C9E8-B02F-402E-AF0D-95BC3DA4F1F7}.iOS Build|x64.ActiveCfg = Debug|Any CPU
		{B367C9E8-B02F-402E-AF0D-95BC3DA4F1F7}.iOS Build|x64.Build.0 = Debug|Any CPU
		{B367C9E8-B02F-402E-AF0D-95BC3DA4F1F7}.iOS Build|x86.ActiveCfg = Debug|Any CPU
		{B367C9E8-B02F-402E-AF0D-95BC3DA4F1F7}.iOS Build|x86.Build.0 = Debug|Any CPU
		{B367C9E8-B02F-402E-AF0D-95BC3DA4F1F7}.Release|Any CPU.ActiveCfg = Release|Any CPU
		{B367C9E8-B02F-402E-AF0D-95BC3DA4F1F7}.Release|Any CPU.Build.0 = Release|Any CPU
		{B367C9E8-B02F-402E-AF0D-95BC3DA4F1F7}.Release|ARM.ActiveCfg = Release|Any CPU
		{B367C9E8-B02F-402E-AF0D-95BC3DA4F1F7}.Release|ARM.Build.0 = Release|Any CPU
		{B367C9E8-B02F-402E-AF0D-95BC3DA4F1F7}.Release|iPhone.ActiveCfg = Release|Any CPU
		{B367C9E8-B02F-402E-AF0D-95BC3DA4F1F7}.Release|iPhone.Build.0 = Release|Any CPU
		{B367C9E8-B02F-402E-AF0D-95BC3DA4F1F7}.Release|iPhoneSimulator.ActiveCfg = Release|Any CPU
		{B367C9E8-B02F-402E-AF0D-95BC3DA4F1F7}.Release|iPhoneSimulator.Build.0 = Release|Any CPU
		{B367C9E8-B02F-402E-AF0D-95BC3DA4F1F7}.Release|x64.ActiveCfg = Release|Any CPU
		{B367C9E8-B02F-402E-AF0D-95BC3DA4F1F7}.Release|x64.Build.0 = Release|Any CPU
		{B367C9E8-B02F-402E-AF0D-95BC3DA4F1F7}.Release|x86.ActiveCfg = Release|Any CPU
		{B367C9E8-B02F-402E-AF0D-95BC3DA4F1F7}.Release|x86.Build.0 = Release|Any CPU
		{BEBE4239-DB0A-4536-83DC-4D3018F1B662}.Ad-Hoc|Any CPU.ActiveCfg = Debug|Any CPU
		{BEBE4239-DB0A-4536-83DC-4D3018F1B662}.Ad-Hoc|Any CPU.Build.0 = Debug|Any CPU
		{BEBE4239-DB0A-4536-83DC-4D3018F1B662}.Ad-Hoc|ARM.ActiveCfg = Debug|Any CPU
		{BEBE4239-DB0A-4536-83DC-4D3018F1B662}.Ad-Hoc|ARM.Build.0 = Debug|Any CPU
		{BEBE4239-DB0A-4536-83DC-4D3018F1B662}.Ad-Hoc|iPhone.ActiveCfg = Debug|Any CPU
		{BEBE4239-DB0A-4536-83DC-4D3018F1B662}.Ad-Hoc|iPhone.Build.0 = Debug|Any CPU
		{BEBE4239-DB0A-4536-83DC-4D3018F1B662}.Ad-Hoc|iPhoneSimulator.ActiveCfg = Debug|Any CPU
		{BEBE4239-DB0A-4536-83DC-4D3018F1B662}.Ad-Hoc|iPhoneSimulator.Build.0 = Debug|Any CPU
		{BEBE4239-DB0A-4536-83DC-4D3018F1B662}.Ad-Hoc|x64.ActiveCfg = Debug|Any CPU
		{BEBE4239-DB0A-4536-83DC-4D3018F1B662}.Ad-Hoc|x64.Build.0 = Debug|Any CPU
		{BEBE4239-DB0A-4536-83DC-4D3018F1B662}.Ad-Hoc|x86.ActiveCfg = Debug|Any CPU
		{BEBE4239-DB0A-4536-83DC-4D3018F1B662}.Ad-Hoc|x86.Build.0 = Debug|Any CPU
		{BEBE4239-DB0A-4536-83DC-4D3018F1B662}.AppStore|Any CPU.ActiveCfg = Debug|Any CPU
		{BEBE4239-DB0A-4536-83DC-4D3018F1B662}.AppStore|Any CPU.Build.0 = Debug|Any CPU
		{BEBE4239-DB0A-4536-83DC-4D3018F1B662}.AppStore|ARM.ActiveCfg = Debug|Any CPU
		{BEBE4239-DB0A-4536-83DC-4D3018F1B662}.AppStore|ARM.Build.0 = Debug|Any CPU
		{BEBE4239-DB0A-4536-83DC-4D3018F1B662}.AppStore|iPhone.ActiveCfg = Debug|Any CPU
		{BEBE4239-DB0A-4536-83DC-4D3018F1B662}.AppStore|iPhone.Build.0 = Debug|Any CPU
		{BEBE4239-DB0A-4536-83DC-4D3018F1B662}.AppStore|iPhoneSimulator.ActiveCfg = Debug|Any CPU
		{BEBE4239-DB0A-4536-83DC-4D3018F1B662}.AppStore|iPhoneSimulator.Build.0 = Debug|Any CPU
		{BEBE4239-DB0A-4536-83DC-4D3018F1B662}.AppStore|x64.ActiveCfg = Debug|Any CPU
		{BEBE4239-DB0A-4536-83DC-4D3018F1B662}.AppStore|x64.Build.0 = Debug|Any CPU
		{BEBE4239-DB0A-4536-83DC-4D3018F1B662}.AppStore|x86.ActiveCfg = Debug|Any CPU
		{BEBE4239-DB0A-4536-83DC-4D3018F1B662}.AppStore|x86.Build.0 = Debug|Any CPU
		{BEBE4239-DB0A-4536-83DC-4D3018F1B662}.Debug|Any CPU.ActiveCfg = Debug|Any CPU
		{BEBE4239-DB0A-4536-83DC-4D3018F1B662}.Debug|Any CPU.Build.0 = Debug|Any CPU
		{BEBE4239-DB0A-4536-83DC-4D3018F1B662}.Debug|ARM.ActiveCfg = Debug|Any CPU
		{BEBE4239-DB0A-4536-83DC-4D3018F1B662}.Debug|ARM.Build.0 = Debug|Any CPU
		{BEBE4239-DB0A-4536-83DC-4D3018F1B662}.Debug|iPhone.ActiveCfg = Debug|Any CPU
		{BEBE4239-DB0A-4536-83DC-4D3018F1B662}.Debug|iPhone.Build.0 = Debug|Any CPU
		{BEBE4239-DB0A-4536-83DC-4D3018F1B662}.Debug|iPhoneSimulator.ActiveCfg = Debug|Any CPU
		{BEBE4239-DB0A-4536-83DC-4D3018F1B662}.Debug|iPhoneSimulator.Build.0 = Debug|Any CPU
		{BEBE4239-DB0A-4536-83DC-4D3018F1B662}.Debug|x64.ActiveCfg = Debug|Any CPU
		{BEBE4239-DB0A-4536-83DC-4D3018F1B662}.Debug|x64.Build.0 = Debug|Any CPU
		{BEBE4239-DB0A-4536-83DC-4D3018F1B662}.Debug|x86.ActiveCfg = Debug|Any CPU
		{BEBE4239-DB0A-4536-83DC-4D3018F1B662}.Debug|x86.Build.0 = Debug|Any CPU
		{BEBE4239-DB0A-4536-83DC-4D3018F1B662}.iOS Build|Any CPU.ActiveCfg = Debug|Any CPU
		{BEBE4239-DB0A-4536-83DC-4D3018F1B662}.iOS Build|Any CPU.Build.0 = Debug|Any CPU
		{BEBE4239-DB0A-4536-83DC-4D3018F1B662}.iOS Build|ARM.ActiveCfg = Debug|Any CPU
		{BEBE4239-DB0A-4536-83DC-4D3018F1B662}.iOS Build|ARM.Build.0 = Debug|Any CPU
		{BEBE4239-DB0A-4536-83DC-4D3018F1B662}.iOS Build|iPhone.ActiveCfg = Debug|Any CPU
		{BEBE4239-DB0A-4536-83DC-4D3018F1B662}.iOS Build|iPhone.Build.0 = Debug|Any CPU
		{BEBE4239-DB0A-4536-83DC-4D3018F1B662}.iOS Build|iPhoneSimulator.ActiveCfg = Debug|Any CPU
		{BEBE4239-DB0A-4536-83DC-4D3018F1B662}.iOS Build|iPhoneSimulator.Build.0 = Debug|Any CPU
		{BEBE4239-DB0A-4536-83DC-4D3018F1B662}.iOS Build|x64.ActiveCfg = Debug|Any CPU
		{BEBE4239-DB0A-4536-83DC-4D3018F1B662}.iOS Build|x64.Build.0 = Debug|Any CPU
		{BEBE4239-DB0A-4536-83DC-4D3018F1B662}.iOS Build|x86.ActiveCfg = Debug|Any CPU
		{BEBE4239-DB0A-4536-83DC-4D3018F1B662}.iOS Build|x86.Build.0 = Debug|Any CPU
		{BEBE4239-DB0A-4536-83DC-4D3018F1B662}.Release|Any CPU.ActiveCfg = Release|Any CPU
		{BEBE4239-DB0A-4536-83DC-4D3018F1B662}.Release|Any CPU.Build.0 = Release|Any CPU
		{BEBE4239-DB0A-4536-83DC-4D3018F1B662}.Release|ARM.ActiveCfg = Release|Any CPU
		{BEBE4239-DB0A-4536-83DC-4D3018F1B662}.Release|ARM.Build.0 = Release|Any CPU
		{BEBE4239-DB0A-4536-83DC-4D3018F1B662}.Release|iPhone.ActiveCfg = Release|Any CPU
		{BEBE4239-DB0A-4536-83DC-4D3018F1B662}.Release|iPhone.Build.0 = Release|Any CPU
		{BEBE4239-DB0A-4536-83DC-4D3018F1B662}.Release|iPhoneSimulator.ActiveCfg = Release|Any CPU
		{BEBE4239-DB0A-4536-83DC-4D3018F1B662}.Release|iPhoneSimulator.Build.0 = Release|Any CPU
		{BEBE4239-DB0A-4536-83DC-4D3018F1B662}.Release|x64.ActiveCfg = Release|Any CPU
		{BEBE4239-DB0A-4536-83DC-4D3018F1B662}.Release|x64.Build.0 = Release|Any CPU
		{BEBE4239-DB0A-4536-83DC-4D3018F1B662}.Release|x86.ActiveCfg = Release|Any CPU
		{BEBE4239-DB0A-4536-83DC-4D3018F1B662}.Release|x86.Build.0 = Release|Any CPU
	EndGlobalSection
	GlobalSection(SolutionProperties) = preSolution
		HideSolutionNode = FALSE
	EndGlobalSection
	GlobalSection(NestedProjects) = preSolution
		{38B6BB9E-9621-456E-8396-A6B2CA9B3734} = {3C23A336-10A6-4E20-9C14-63895CCFE151}
		{FDCF7CED-8D81-480C-B038-D973A9B8D2FD} = {3C23A336-10A6-4E20-9C14-63895CCFE151}
		{B367C9E8-B02F-402E-AF0D-95BC3DA4F1F7} = {A809E238-8CA3-496F-99D7-14A42974DE67}
		{BEBE4239-DB0A-4536-83DC-4D3018F1B662} = {3C23A336-10A6-4E20-9C14-63895CCFE151}
	EndGlobalSection
	GlobalSection(ExtensibilityGlobals) = postSolution
		SolutionGuid = {15181C33-604F-461B-97E2-B84BAFBA0BEB}
	EndGlobalSection
EndGlobal
