
Microsoft Visual Studio Solution File, Format Version 12.00
# Visual Studio Version 17
VisualStudioVersion = 17.12.35527.113 d17.12
MinimumVisualStudioVersion = 10.0.40219.1
Project("{9A19103F-16F7-4668-BE54-9A1E7A4F7556}") = "LagoVista.XPlat.Core", "src\LagoVista.XPlat.Core\LagoVista.XPlat.Core.csproj", "{8FA51876-7923-4046-A5CE-77057C82675E}"
EndProject
Project("{2150E333-8FDC-42A3-9474-1A3956D46DE8}") = "src", "src", "{3C23A336-10A6-4E20-9C14-63895CCFE151}"
EndProject
Project("{2150E333-8FDC-42A3-9474-1A3956D46DE8}") = "examples", "examples", "{6BC0DA9E-468F-4588-916D-D22387E764C5}"
EndProject
Project("{2150E333-8FDC-42A3-9474-1A3956D46DE8}") = "Solution Items", "Solution Items", "{29116E36-971A-426E-9C14-2AC6EA657863}"
	ProjectSection(SolutionItems) = preProject
		Package.nuspec = Package.nuspec
	EndProjectSection
EndProject
Project("{2150E333-8FDC-42A3-9474-1A3956D46DE8}") = "sample", "sample", "{708A469F-77D0-4FEC-8D78-E1DBFD916719}"
EndProject
Project("{9A19103F-16F7-4668-BE54-9A1E7A4F7556}") = "LagoVista.XPlat.Sample", "samples\LagoVista.XPlat.Sample\LagoVista.XPlat.Sample\LagoVista.XPlat.Sample.csproj", "{22E077F4-28B1-46E3-B624-361B6D2A9D4F}"
EndProject
Project("{9A19103F-16F7-4668-BE54-9A1E7A4F7556}") = "LagoVista.Client.Core", "src\LagoVista.Client.Core\LagoVista.Client.Core.csproj", "{9EB75B0F-F283-498E-AA42-FB49512AEF93}"
EndProject
Project("{9A19103F-16F7-4668-BE54-9A1E7A4F7556}") = "LagoVista.Client.Devices", "src\LagoVista.Client.Devices\LagoVista.Client.Devices.csproj", "{38B6BB9E-9621-456E-8396-A6B2CA9B3734}"
EndProject
Project("{9A19103F-16F7-4668-BE54-9A1E7A4F7556}") = "LagoVista.XPlat.WPF", "src\LagoVista.Xplat.WPF\LagoVista.XPlat.WPF.csproj", "{FDCF7CED-8D81-480C-B038-D973A9B8D2FD}"
EndProject
Project("{FAE04EC0-301F-11D3-BF4B-00C04F79EFBC}") = "LagoVista.XPlat.Maui", "src\LagoVista.XPlat.Maui\LagoVista.XPlat.Maui.csproj", "{4D6D45CA-6B87-4E9D-B739-AE9553D93326}"
EndProject
Global
	GlobalSection(SolutionConfigurationPlatforms) = preSolution
		Ad-Hoc|Any CPU = Ad-Hoc|Any CPU
		Ad-Hoc|ARM = Ad-Hoc|ARM
		Ad-Hoc|iPhone = Ad-Hoc|iPhone
		Ad-Hoc|iPhoneSimulator = Ad-Hoc|iPhoneSimulator
		Ad-Hoc|x64 = Ad-Hoc|x64
		Ad-Hoc|x86 = Ad-Hoc|x86
		AppStore|Any CPU = AppStore|Any CPU
		AppStore|ARM = AppStore|ARM
		AppStore|iPhone = AppStore|iPhone
		AppStore|iPhoneSimulator = AppStore|iPhoneSimulator
		AppStore|x64 = AppStore|x64
		AppStore|x86 = AppStore|x86
		Debug|Any CPU = Debug|Any CPU
		Debug|ARM = Debug|ARM
		Debug|iPhone = Debug|iPhone
		Debug|iPhoneSimulator = Debug|iPhoneSimulator
		Debug|x64 = Debug|x64
		Debug|x86 = Debug|x86
		iOS Build|Any CPU = iOS Build|Any CPU
		iOS Build|ARM = iOS Build|ARM
		iOS Build|iPhone = iOS Build|iPhone
		iOS Build|iPhoneSimulator = iOS Build|iPhoneSimulator
		iOS Build|x64 = iOS Build|x64
		iOS Build|x86 = iOS Build|x86
		Release|Any CPU = Release|Any CPU
		Release|ARM = Release|ARM
		Release|iPhone = Release|iPhone
		Release|iPhoneSimulator = Release|iPhoneSimulator
		Release|x64 = Release|x64
		Release|x86 = Release|x86
	EndGlobalSection
	GlobalSection(ProjectConfigurationPlatforms) = postSolution
		{8FA51876-7923-4046-A5CE-77057C82675E}.Ad-Hoc|Any CPU.ActiveCfg = Release|Any CPU
		{8FA51876-7923-4046-A5CE-77057C82675E}.Ad-Hoc|Any CPU.Build.0 = Release|Any CPU
		{8FA51876-7923-4046-A5CE-77057C82675E}.Ad-Hoc|ARM.ActiveCfg = Release|Any CPU
		{8FA51876-7923-4046-A5CE-77057C82675E}.Ad-Hoc|ARM.Build.0 = Release|Any CPU
		{8FA51876-7923-4046-A5CE-77057C82675E}.Ad-Hoc|iPhone.ActiveCfg = Release|Any CPU
		{8FA51876-7923-4046-A5CE-77057C82675E}.Ad-Hoc|iPhone.Build.0 = Release|Any CPU
		{8FA51876-7923-4046-A5CE-77057C82675E}.Ad-Hoc|iPhoneSimulator.ActiveCfg = Release|Any CPU
		{8FA51876-7923-4046-A5CE-77057C82675E}.Ad-Hoc|iPhoneSimulator.Build.0 = Release|Any CPU
		{8FA51876-7923-4046-A5CE-77057C82675E}.Ad-Hoc|x64.ActiveCfg = Release|Any CPU
		{8FA51876-7923-4046-A5CE-77057C82675E}.Ad-Hoc|x64.Build.0 = Release|Any CPU
		{8FA51876-7923-4046-A5CE-77057C82675E}.Ad-Hoc|x86.ActiveCfg = Release|Any CPU
		{8FA51876-7923-4046-A5CE-77057C82675E}.Ad-Hoc|x86.Build.0 = Release|Any CPU
		{8FA51876-7923-4046-A5CE-77057C82675E}.AppStore|Any CPU.ActiveCfg = Release|Any CPU
		{8FA51876-7923-4046-A5CE-77057C82675E}.AppStore|Any CPU.Build.0 = Release|Any CPU
		{8FA51876-7923-4046-A5CE-77057C82675E}.AppStore|ARM.ActiveCfg = Release|Any CPU
		{8FA51876-7923-4046-A5CE-77057C82675E}.AppStore|ARM.Build.0 = Release|Any CPU
		{8FA51876-7923-4046-A5CE-77057C82675E}.AppStore|iPhone.ActiveCfg = Release|Any CPU
		{8FA51876-7923-4046-A5CE-77057C82675E}.AppStore|iPhone.Build.0 = Release|Any CPU
		{8FA51876-7923-4046-A5CE-77057C82675E}.AppStore|iPhoneSimulator.ActiveCfg = Release|Any CPU
		{8FA51876-7923-4046-A5CE-77057C82675E}.AppStore|iPhoneSimulator.Build.0 = Release|Any CPU
		{8FA51876-7923-4046-A5CE-77057C82675E}.AppStore|x64.ActiveCfg = Release|Any CPU
		{8FA51876-7923-4046-A5CE-77057C82675E}.AppStore|x64.Build.0 = Release|Any CPU
		{8FA51876-7923-4046-A5CE-77057C82675E}.AppStore|x86.ActiveCfg = Release|Any CPU
		{8FA51876-7923-4046-A5CE-77057C82675E}.AppStore|x86.Build.0 = Release|Any CPU
		{8FA51876-7923-4046-A5CE-77057C82675E}.Debug|Any CPU.ActiveCfg = Debug|Any CPU
		{8FA51876-7923-4046-A5CE-77057C82675E}.Debug|Any CPU.Build.0 = Debug|Any CPU
		{8FA51876-7923-4046-A5CE-77057C82675E}.Debug|ARM.ActiveCfg = Debug|Any CPU
		{8FA51876-7923-4046-A5CE-77057C82675E}.Debug|ARM.Build.0 = Debug|Any CPU
		{8FA51876-7923-4046-A5CE-77057C82675E}.Debug|iPhone.ActiveCfg = Debug|Any CPU
		{8FA51876-7923-4046-A5CE-77057C82675E}.Debug|iPhone.Build.0 = Debug|Any CPU
		{8FA51876-7923-4046-A5CE-77057C82675E}.Debug|iPhoneSimulator.ActiveCfg = Debug|Any CPU
		{8FA51876-7923-4046-A5CE-77057C82675E}.Debug|iPhoneSimulator.Build.0 = Debug|Any CPU
		{8FA51876-7923-4046-A5CE-77057C82675E}.Debug|x64.ActiveCfg = Debug|Any CPU
		{8FA51876-7923-4046-A5CE-77057C82675E}.Debug|x64.Build.0 = Debug|Any CPU
		{8FA51876-7923-4046-A5CE-77057C82675E}.Debug|x86.ActiveCfg = Debug|Any CPU
		{8FA51876-7923-4046-A5CE-77057C82675E}.Debug|x86.Build.0 = Debug|Any CPU
		{8FA51876-7923-4046-A5CE-77057C82675E}.iOS Build|Any CPU.ActiveCfg = Debug|Any CPU
		{8FA51876-7923-4046-A5CE-77057C82675E}.iOS Build|Any CPU.Build.0 = Debug|Any CPU
		{8FA51876-7923-4046-A5CE-77057C82675E}.iOS Build|ARM.ActiveCfg = Debug|Any CPU
		{8FA51876-7923-4046-A5CE-77057C82675E}.iOS Build|ARM.Build.0 = Debug|Any CPU
		{8FA51876-7923-4046-A5CE-77057C82675E}.iOS Build|iPhone.ActiveCfg = Release|Any CPU
		{8FA51876-7923-4046-A5CE-77057C82675E}.iOS Build|iPhone.Build.0 = Release|Any CPU
		{8FA51876-7923-4046-A5CE-77057C82675E}.iOS Build|iPhoneSimulator.ActiveCfg = Release|Any CPU
		{8FA51876-7923-4046-A5CE-77057C82675E}.iOS Build|iPhoneSimulator.Build.0 = Release|Any CPU
		{8FA51876-7923-4046-A5CE-77057C82675E}.iOS Build|x64.ActiveCfg = Debug|Any CPU
		{8FA51876-7923-4046-A5CE-77057C82675E}.iOS Build|x64.Build.0 = Debug|Any CPU
		{8FA51876-7923-4046-A5CE-77057C82675E}.iOS Build|x86.ActiveCfg = Debug|Any CPU
		{8FA51876-7923-4046-A5CE-77057C82675E}.iOS Build|x86.Build.0 = Debug|Any CPU
		{8FA51876-7923-4046-A5CE-77057C82675E}.Release|Any CPU.ActiveCfg = Release|Any CPU
		{8FA51876-7923-4046-A5CE-77057C82675E}.Release|Any CPU.Build.0 = Release|Any CPU
		{8FA51876-7923-4046-A5CE-77057C82675E}.Release|ARM.ActiveCfg = Release|Any CPU
		{8FA51876-7923-4046-A5CE-77057C82675E}.Release|ARM.Build.0 = Release|Any CPU
		{8FA51876-7923-4046-A5CE-77057C82675E}.Release|iPhone.ActiveCfg = Release|Any CPU
		{8FA51876-7923-4046-A5CE-77057C82675E}.Release|iPhone.Build.0 = Release|Any CPU
		{8FA51876-7923-4046-A5CE-77057C82675E}.Release|iPhoneSimulator.ActiveCfg = Release|Any CPU
		{8FA51876-7923-4046-A5CE-77057C82675E}.Release|iPhoneSimulator.Build.0 = Release|Any CPU
		{8FA51876-7923-4046-A5CE-77057C82675E}.Release|x64.ActiveCfg = Release|Any CPU
		{8FA51876-7923-4046-A5CE-77057C82675E}.Release|x64.Build.0 = Release|Any CPU
		{8FA51876-7923-4046-A5CE-77057C82675E}.Release|x86.ActiveCfg = Release|Any CPU
		{8FA51876-7923-4046-A5CE-77057C82675E}.Release|x86.Build.0 = Release|Any CPU
		{22E077F4-28B1-46E3-B624-361B6D2A9D4F}.Ad-Hoc|Any CPU.ActiveCfg = Release|Any CPU
		{22E077F4-28B1-46E3-B624-361B6D2A9D4F}.Ad-Hoc|Any CPU.Build.0 = Release|Any CPU
		{22E077F4-28B1-46E3-B624-361B6D2A9D4F}.Ad-Hoc|ARM.ActiveCfg = Release|Any CPU
		{22E077F4-28B1-46E3-B624-361B6D2A9D4F}.Ad-Hoc|ARM.Build.0 = Release|Any CPU
		{22E077F4-28B1-46E3-B624-361B6D2A9D4F}.Ad-Hoc|iPhone.ActiveCfg = Release|Any CPU
		{22E077F4-28B1-46E3-B624-361B6D2A9D4F}.Ad-Hoc|iPhone.Build.0 = Release|Any CPU
		{22E077F4-28B1-46E3-B624-361B6D2A9D4F}.Ad-Hoc|iPhoneSimulator.ActiveCfg = Release|Any CPU
		{22E077F4-28B1-46E3-B624-361B6D2A9D4F}.Ad-Hoc|iPhoneSimulator.Build.0 = Release|Any CPU
		{22E077F4-28B1-46E3-B624-361B6D2A9D4F}.Ad-Hoc|x64.ActiveCfg = Release|Any CPU
		{22E077F4-28B1-46E3-B624-361B6D2A9D4F}.Ad-Hoc|x64.Build.0 = Release|Any CPU
		{22E077F4-28B1-46E3-B624-361B6D2A9D4F}.Ad-Hoc|x86.ActiveCfg = Release|Any CPU
		{22E077F4-28B1-46E3-B624-361B6D2A9D4F}.Ad-Hoc|x86.Build.0 = Release|Any CPU
		{22E077F4-28B1-46E3-B624-361B6D2A9D4F}.AppStore|Any CPU.ActiveCfg = Release|Any CPU
		{22E077F4-28B1-46E3-B624-361B6D2A9D4F}.AppStore|Any CPU.Build.0 = Release|Any CPU
		{22E077F4-28B1-46E3-B624-361B6D2A9D4F}.AppStore|ARM.ActiveCfg = Release|Any CPU
		{22E077F4-28B1-46E3-B624-361B6D2A9D4F}.AppStore|ARM.Build.0 = Release|Any CPU
		{22E077F4-28B1-46E3-B624-361B6D2A9D4F}.AppStore|iPhone.ActiveCfg = Release|Any CPU
		{22E077F4-28B1-46E3-B624-361B6D2A9D4F}.AppStore|iPhone.Build.0 = Release|Any CPU
		{22E077F4-28B1-46E3-B624-361B6D2A9D4F}.AppStore|iPhoneSimulator.ActiveCfg = Release|Any CPU
		{22E077F4-28B1-46E3-B624-361B6D2A9D4F}.AppStore|iPhoneSimulator.Build.0 = Release|Any CPU
		{22E077F4-28B1-46E3-B624-361B6D2A9D4F}.AppStore|x64.ActiveCfg = Release|Any CPU
		{22E077F4-28B1-46E3-B624-361B6D2A9D4F}.AppStore|x64.Build.0 = Release|Any CPU
		{22E077F4-28B1-46E3-B624-361B6D2A9D4F}.AppStore|x86.ActiveCfg = Release|Any CPU
		{22E077F4-28B1-46E3-B624-361B6D2A9D4F}.AppStore|x86.Build.0 = Release|Any CPU
		{22E077F4-28B1-46E3-B624-361B6D2A9D4F}.Debug|Any CPU.ActiveCfg = Debug|Any CPU
		{22E077F4-28B1-46E3-B624-361B6D2A9D4F}.Debug|Any CPU.Build.0 = Debug|Any CPU
		{22E077F4-28B1-46E3-B624-361B6D2A9D4F}.Debug|ARM.ActiveCfg = Debug|Any CPU
		{22E077F4-28B1-46E3-B624-361B6D2A9D4F}.Debug|ARM.Build.0 = Debug|Any CPU
		{22E077F4-28B1-46E3-B624-361B6D2A9D4F}.Debug|iPhone.ActiveCfg = Debug|Any CPU
		{22E077F4-28B1-46E3-B624-361B6D2A9D4F}.Debug|iPhone.Build.0 = Debug|Any CPU
		{22E077F4-28B1-46E3-B624-361B6D2A9D4F}.Debug|iPhoneSimulator.ActiveCfg = Debug|Any CPU
		{22E077F4-28B1-46E3-B624-361B6D2A9D4F}.Debug|iPhoneSimulator.Build.0 = Debug|Any CPU
		{22E077F4-28B1-46E3-B624-361B6D2A9D4F}.Debug|x64.ActiveCfg = Debug|Any CPU
		{22E077F4-28B1-46E3-B624-361B6D2A9D4F}.Debug|x64.Build.0 = Debug|Any CPU
		{22E077F4-28B1-46E3-B624-361B6D2A9D4F}.Debug|x86.ActiveCfg = Debug|Any CPU
		{22E077F4-28B1-46E3-B624-361B6D2A9D4F}.Debug|x86.Build.0 = Debug|Any CPU
		{22E077F4-28B1-46E3-B624-361B6D2A9D4F}.iOS Build|Any CPU.ActiveCfg = Release|Any CPU
		{22E077F4-28B1-46E3-B624-361B6D2A9D4F}.iOS Build|Any CPU.Build.0 = Release|Any CPU
		{22E077F4-28B1-46E3-B624-361B6D2A9D4F}.iOS Build|ARM.ActiveCfg = Release|Any CPU
		{22E077F4-28B1-46E3-B624-361B6D2A9D4F}.iOS Build|ARM.Build.0 = Release|Any CPU
		{22E077F4-28B1-46E3-B624-361B6D2A9D4F}.iOS Build|iPhone.ActiveCfg = Release|Any CPU
		{22E077F4-28B1-46E3-B624-361B6D2A9D4F}.iOS Build|iPhone.Build.0 = Release|Any CPU
		{22E077F4-28B1-46E3-B624-361B6D2A9D4F}.iOS Build|iPhoneSimulator.ActiveCfg = Release|Any CPU
		{22E077F4-28B1-46E3-B624-361B6D2A9D4F}.iOS Build|iPhoneSimulator.Build.0 = Release|Any CPU
		{22E077F4-28B1-46E3-B624-361B6D2A9D4F}.iOS Build|x64.ActiveCfg = Release|Any CPU
		{22E077F4-28B1-46E3-B624-361B6D2A9D4F}.iOS Build|x64.Build.0 = Release|Any CPU
		{22E077F4-28B1-46E3-B624-361B6D2A9D4F}.iOS Build|x86.ActiveCfg = Release|Any CPU
		{22E077F4-28B1-46E3-B624-361B6D2A9D4F}.iOS Build|x86.Build.0 = Release|Any CPU
		{22E077F4-28B1-46E3-B624-361B6D2A9D4F}.Release|Any CPU.ActiveCfg = Release|Any CPU
		{22E077F4-28B1-46E3-B624-361B6D2A9D4F}.Release|ARM.ActiveCfg = Release|Any CPU
		{22E077F4-28B1-46E3-B624-361B6D2A9D4F}.Release|ARM.Build.0 = Release|Any CPU
		{22E077F4-28B1-46E3-B624-361B6D2A9D4F}.Release|iPhone.ActiveCfg = Release|Any CPU
		{22E077F4-28B1-46E3-B624-361B6D2A9D4F}.Release|iPhone.Build.0 = Release|Any CPU
		{22E077F4-28B1-46E3-B624-361B6D2A9D4F}.Release|iPhoneSimulator.ActiveCfg = Release|Any CPU
		{22E077F4-28B1-46E3-B624-361B6D2A9D4F}.Release|iPhoneSimulator.Build.0 = Release|Any CPU
		{22E077F4-28B1-46E3-B624-361B6D2A9D4F}.Release|x64.ActiveCfg = Release|Any CPU
		{22E077F4-28B1-46E3-B624-361B6D2A9D4F}.Release|x86.ActiveCfg = Release|Any CPU
		{9EB75B0F-F283-498E-AA42-FB49512AEF93}.Ad-Hoc|Any CPU.ActiveCfg = Debug|Any CPU
		{9EB75B0F-F283-498E-AA42-FB49512AEF93}.Ad-Hoc|Any CPU.Build.0 = Debug|Any CPU
		{9EB75B0F-F283-498E-AA42-FB49512AEF93}.Ad-Hoc|ARM.ActiveCfg = Debug|Any CPU
		{9EB75B0F-F283-498E-AA42-FB49512AEF93}.Ad-Hoc|ARM.Build.0 = Debug|Any CPU
		{9EB75B0F-F283-498E-AA42-FB49512AEF93}.Ad-Hoc|iPhone.ActiveCfg = Debug|Any CPU
		{9EB75B0F-F283-498E-AA42-FB49512AEF93}.Ad-Hoc|iPhone.Build.0 = Debug|Any CPU
		{9EB75B0F-F283-498E-AA42-FB49512AEF93}.Ad-Hoc|iPhoneSimulator.ActiveCfg = Debug|Any CPU
		{9EB75B0F-F283-498E-AA42-FB49512AEF93}.Ad-Hoc|iPhoneSimulator.Build.0 = Debug|Any CPU
		{9EB75B0F-F283-498E-AA42-FB49512AEF93}.Ad-Hoc|x64.ActiveCfg = Debug|Any CPU
		{9EB75B0F-F283-498E-AA42-FB49512AEF93}.Ad-Hoc|x64.Build.0 = Debug|Any CPU
		{9EB75B0F-F283-498E-AA42-FB49512AEF93}.Ad-Hoc|x86.ActiveCfg = Debug|Any CPU
		{9EB75B0F-F283-498E-AA42-FB49512AEF93}.Ad-Hoc|x86.Build.0 = Debug|Any CPU
		{9EB75B0F-F283-498E-AA42-FB49512AEF93}.AppStore|Any CPU.ActiveCfg = Debug|Any CPU
		{9EB75B0F-F283-498E-AA42-FB49512AEF93}.AppStore|Any CPU.Build.0 = Debug|Any CPU
		{9EB75B0F-F283-498E-AA42-FB49512AEF93}.AppStore|ARM.ActiveCfg = Debug|Any CPU
		{9EB75B0F-F283-498E-AA42-FB49512AEF93}.AppStore|ARM.Build.0 = Debug|Any CPU
		{9EB75B0F-F283-498E-AA42-FB49512AEF93}.AppStore|iPhone.ActiveCfg = Debug|Any CPU
		{9EB75B0F-F283-498E-AA42-FB49512AEF93}.AppStore|iPhone.Build.0 = Debug|Any CPU
		{9EB75B0F-F283-498E-AA42-FB49512AEF93}.AppStore|iPhoneSimulator.ActiveCfg = Debug|Any CPU
		{9EB75B0F-F283-498E-AA42-FB49512AEF93}.AppStore|iPhoneSimulator.Build.0 = Debug|Any CPU
		{9EB75B0F-F283-498E-AA42-FB49512AEF93}.AppStore|x64.ActiveCfg = Debug|Any CPU
		{9EB75B0F-F283-498E-AA42-FB49512AEF93}.AppStore|x64.Build.0 = Debug|Any CPU
		{9EB75B0F-F283-498E-AA42-FB49512AEF93}.AppStore|x86.ActiveCfg = Debug|Any CPU
		{9EB75B0F-F283-498E-AA42-FB49512AEF93}.AppStore|x86.Build.0 = Debug|Any CPU
		{9EB75B0F-F283-498E-AA42-FB49512AEF93}.Debug|Any CPU.ActiveCfg = Debug|Any CPU
		{9EB75B0F-F283-498E-AA42-FB49512AEF93}.Debug|Any CPU.Build.0 = Debug|Any CPU
		{9EB75B0F-F283-498E-AA42-FB49512AEF93}.Debug|ARM.ActiveCfg = Debug|Any CPU
		{9EB75B0F-F283-498E-AA42-FB49512AEF93}.Debug|ARM.Build.0 = Debug|Any CPU
		{9EB75B0F-F283-498E-AA42-FB49512AEF93}.Debug|iPhone.ActiveCfg = Debug|Any CPU
		{9EB75B0F-F283-498E-AA42-FB49512AEF93}.Debug|iPhone.Build.0 = Debug|Any CPU
		{9EB75B0F-F283-498E-AA42-FB49512AEF93}.Debug|iPhoneSimulator.ActiveCfg = Debug|Any CPU
		{9EB75B0F-F283-498E-AA42-FB49512AEF93}.Debug|iPhoneSimulator.Build.0 = Debug|Any CPU
		{9EB75B0F-F283-498E-AA42-FB49512AEF93}.Debug|x64.ActiveCfg = Debug|Any CPU
		{9EB75B0F-F283-498E-AA42-FB49512AEF93}.Debug|x64.Build.0 = Debug|Any CPU
		{9EB75B0F-F283-498E-AA42-FB49512AEF93}.Debug|x86.ActiveCfg = Debug|Any CPU
		{9EB75B0F-F283-498E-AA42-FB49512AEF93}.Debug|x86.Build.0 = Debug|Any CPU
		{9EB75B0F-F283-498E-AA42-FB49512AEF93}.iOS Build|Any CPU.ActiveCfg = Debug|Any CPU
		{9EB75B0F-F283-498E-AA42-FB49512AEF93}.iOS Build|Any CPU.Build.0 = Debug|Any CPU
		{9EB75B0F-F283-498E-AA42-FB49512AEF93}.iOS Build|ARM.ActiveCfg = Debug|Any CPU
		{9EB75B0F-F283-498E-AA42-FB49512AEF93}.iOS Build|ARM.Build.0 = Debug|Any CPU
		{9EB75B0F-F283-498E-AA42-FB49512AEF93}.iOS Build|iPhone.ActiveCfg = Debug|Any CPU
		{9EB75B0F-F283-498E-AA42-FB49512AEF93}.iOS Build|iPhone.Build.0 = Debug|Any CPU
		{9EB75B0F-F283-498E-AA42-FB49512AEF93}.iOS Build|iPhoneSimulator.ActiveCfg = Debug|Any CPU
		{9EB75B0F-F283-498E-AA42-FB49512AEF93}.iOS Build|iPhoneSimulator.Build.0 = Debug|Any CPU
		{9EB75B0F-F283-498E-AA42-FB49512AEF93}.iOS Build|x64.ActiveCfg = Debug|Any CPU
		{9EB75B0F-F283-498E-AA42-FB49512AEF93}.iOS Build|x64.Build.0 = Debug|Any CPU
		{9EB75B0F-F283-498E-AA42-FB49512AEF93}.iOS Build|x86.ActiveCfg = Debug|Any CPU
		{9EB75B0F-F283-498E-AA42-FB49512AEF93}.iOS Build|x86.Build.0 = Debug|Any CPU
		{9EB75B0F-F283-498E-AA42-FB49512AEF93}.Release|Any CPU.ActiveCfg = Release|Any CPU
		{9EB75B0F-F283-498E-AA42-FB49512AEF93}.Release|Any CPU.Build.0 = Release|Any CPU
		{9EB75B0F-F283-498E-AA42-FB49512AEF93}.Release|ARM.ActiveCfg = Release|Any CPU
		{9EB75B0F-F283-498E-AA42-FB49512AEF93}.Release|ARM.Build.0 = Release|Any CPU
		{9EB75B0F-F283-498E-AA42-FB49512AEF93}.Release|iPhone.ActiveCfg = Release|Any CPU
		{9EB75B0F-F283-498E-AA42-FB49512AEF93}.Release|iPhone.Build.0 = Release|Any CPU
		{9EB75B0F-F283-498E-AA42-FB49512AEF93}.Release|iPhoneSimulator.ActiveCfg = Release|Any CPU
		{9EB75B0F-F283-498E-AA42-FB49512AEF93}.Release|iPhoneSimulator.Build.0 = Release|Any CPU
		{9EB75B0F-F283-498E-AA42-FB49512AEF93}.Release|x64.ActiveCfg = Release|Any CPU
		{9EB75B0F-F283-498E-AA42-FB49512AEF93}.Release|x64.Build.0 = Release|Any CPU
		{9EB75B0F-F283-498E-AA42-FB49512AEF93}.Release|x86.ActiveCfg = Release|Any CPU
		{9EB75B0F-F283-498E-AA42-FB49512AEF93}.Release|x86.Build.0 = Release|Any CPU
		{38B6BB9E-9621-456E-8396-A6B2CA9B3734}.Ad-Hoc|Any CPU.ActiveCfg = Debug|Any CPU
		{38B6BB9E-9621-456E-8396-A6B2CA9B3734}.Ad-Hoc|Any CPU.Build.0 = Debug|Any CPU
		{38B6BB9E-9621-456E-8396-A6B2CA9B3734}.Ad-Hoc|ARM.ActiveCfg = Debug|Any CPU
		{38B6BB9E-9621-456E-8396-A6B2CA9B3734}.Ad-Hoc|ARM.Build.0 = Debug|Any CPU
		{38B6BB9E-9621-456E-8396-A6B2CA9B3734}.Ad-Hoc|iPhone.ActiveCfg = Debug|Any CPU
		{38B6BB9E-9621-456E-8396-A6B2CA9B3734}.Ad-Hoc|iPhone.Build.0 = Debug|Any CPU
		{38B6BB9E-9621-456E-8396-A6B2CA9B3734}.Ad-Hoc|iPhoneSimulator.ActiveCfg = Debug|Any CPU
		{38B6BB9E-9621-456E-8396-A6B2CA9B3734}.Ad-Hoc|iPhoneSimulator.Build.0 = Debug|Any CPU
		{38B6BB9E-9621-456E-8396-A6B2CA9B3734}.Ad-Hoc|x64.ActiveCfg = Debug|Any CPU
		{38B6BB9E-9621-456E-8396-A6B2CA9B3734}.Ad-Hoc|x64.Build.0 = Debug|Any CPU
		{38B6BB9E-9621-456E-8396-A6B2CA9B3734}.Ad-Hoc|x86.ActiveCfg = Debug|Any CPU
		{38B6BB9E-9621-456E-8396-A6B2CA9B3734}.Ad-Hoc|x86.Build.0 = Debug|Any CPU
		{38B6BB9E-9621-456E-8396-A6B2CA9B3734}.AppStore|Any CPU.ActiveCfg = Debug|Any CPU
		{38B6BB9E-9621-456E-8396-A6B2CA9B3734}.AppStore|Any CPU.Build.0 = Debug|Any CPU
		{38B6BB9E-9621-456E-8396-A6B2CA9B3734}.AppStore|ARM.ActiveCfg = Debug|Any CPU
		{38B6BB9E-9621-456E-8396-A6B2CA9B3734}.AppStore|ARM.Build.0 = Debug|Any CPU
		{38B6BB9E-9621-456E-8396-A6B2CA9B3734}.AppStore|iPhone.ActiveCfg = Debug|Any CPU
		{38B6BB9E-9621-456E-8396-A6B2CA9B3734}.AppStore|iPhone.Build.0 = Debug|Any CPU
		{38B6BB9E-9621-456E-8396-A6B2CA9B3734}.AppStore|iPhoneSimulator.ActiveCfg = Debug|Any CPU
		{38B6BB9E-9621-456E-8396-A6B2CA9B3734}.AppStore|iPhoneSimulator.Build.0 = Debug|Any CPU
		{38B6BB9E-9621-456E-8396-A6B2CA9B3734}.AppStore|x64.ActiveCfg = Debug|Any CPU
		{38B6BB9E-9621-456E-8396-A6B2CA9B3734}.AppStore|x64.Build.0 = Debug|Any CPU
		{38B6BB9E-9621-456E-8396-A6B2CA9B3734}.AppStore|x86.ActiveCfg = Debug|Any CPU
		{38B6BB9E-9621-456E-8396-A6B2CA9B3734}.AppStore|x86.Build.0 = Debug|Any CPU
		{38B6BB9E-9621-456E-8396-A6B2CA9B3734}.Debug|Any CPU.ActiveCfg = Debug|Any CPU
		{38B6BB9E-9621-456E-8396-A6B2CA9B3734}.Debug|Any CPU.Build.0 = Debug|Any CPU
		{38B6BB9E-9621-456E-8396-A6B2CA9B3734}.Debug|ARM.ActiveCfg = Debug|Any CPU
		{38B6BB9E-9621-456E-8396-A6B2CA9B3734}.Debug|ARM.Build.0 = Debug|Any CPU
		{38B6BB9E-9621-456E-8396-A6B2CA9B3734}.Debug|iPhone.ActiveCfg = Debug|Any CPU
		{38B6BB9E-9621-456E-8396-A6B2CA9B3734}.Debug|iPhone.Build.0 = Debug|Any CPU
		{38B6BB9E-9621-456E-8396-A6B2CA9B3734}.Debug|iPhoneSimulator.ActiveCfg = Debug|Any CPU
		{38B6BB9E-9621-456E-8396-A6B2CA9B3734}.Debug|iPhoneSimulator.Build.0 = Debug|Any CPU
		{38B6BB9E-9621-456E-8396-A6B2CA9B3734}.Debug|x64.ActiveCfg = Debug|Any CPU
		{38B6BB9E-9621-456E-8396-A6B2CA9B3734}.Debug|x64.Build.0 = Debug|Any CPU
		{38B6BB9E-9621-456E-8396-A6B2CA9B3734}.Debug|x86.ActiveCfg = Debug|Any CPU
		{38B6BB9E-9621-456E-8396-A6B2CA9B3734}.Debug|x86.Build.0 = Debug|Any CPU
		{38B6BB9E-9621-456E-8396-A6B2CA9B3734}.iOS Build|Any CPU.ActiveCfg = Debug|Any CPU
		{38B6BB9E-9621-456E-8396-A6B2CA9B3734}.iOS Build|Any CPU.Build.0 = Debug|Any CPU
		{38B6BB9E-9621-456E-8396-A6B2CA9B3734}.iOS Build|ARM.ActiveCfg = Debug|Any CPU
		{38B6BB9E-9621-456E-8396-A6B2CA9B3734}.iOS Build|ARM.Build.0 = Debug|Any CPU
		{38B6BB9E-9621-456E-8396-A6B2CA9B3734}.iOS Build|iPhone.ActiveCfg = Debug|Any CPU
		{38B6BB9E-9621-456E-8396-A6B2CA9B3734}.iOS Build|iPhone.Build.0 = Debug|Any CPU
		{38B6BB9E-9621-456E-8396-A6B2CA9B3734}.iOS Build|iPhoneSimulator.ActiveCfg = Debug|Any CPU
		{38B6BB9E-9621-456E-8396-A6B2CA9B3734}.iOS Build|iPhoneSimulator.Build.0 = Debug|Any CPU
		{38B6BB9E-9621-456E-8396-A6B2CA9B3734}.iOS Build|x64.ActiveCfg = Debug|Any CPU
		{38B6BB9E-9621-456E-8396-A6B2CA9B3734}.iOS Build|x64.Build.0 = Debug|Any CPU
		{38B6BB9E-9621-456E-8396-A6B2CA9B3734}.iOS Build|x86.ActiveCfg = Debug|Any CPU
		{38B6BB9E-9621-456E-8396-A6B2CA9B3734}.iOS Build|x86.Build.0 = Debug|Any CPU
		{38B6BB9E-9621-456E-8396-A6B2CA9B3734}.Release|Any CPU.ActiveCfg = Release|Any CPU
		{38B6BB9E-9621-456E-8396-A6B2CA9B3734}.Release|Any CPU.Build.0 = Release|Any CPU
		{38B6BB9E-9621-456E-8396-A6B2CA9B3734}.Release|ARM.ActiveCfg = Release|Any CPU
		{38B6BB9E-9621-456E-8396-A6B2CA9B3734}.Release|ARM.Build.0 = Release|Any CPU
		{38B6BB9E-9621-456E-8396-A6B2CA9B3734}.Release|iPhone.ActiveCfg = Release|Any CPU
		{38B6BB9E-9621-456E-8396-A6B2CA9B3734}.Release|iPhone.Build.0 = Release|Any CPU
		{38B6BB9E-9621-456E-8396-A6B2CA9B3734}.Release|iPhoneSimulator.ActiveCfg = Release|Any CPU
		{38B6BB9E-9621-456E-8396-A6B2CA9B3734}.Release|iPhoneSimulator.Build.0 = Release|Any CPU
		{38B6BB9E-9621-456E-8396-A6B2CA9B3734}.Release|x64.ActiveCfg = Release|Any CPU
		{38B6BB9E-9621-456E-8396-A6B2CA9B3734}.Release|x64.Build.0 = Release|Any CPU
		{38B6BB9E-9621-456E-8396-A6B2CA9B3734}.Release|x86.ActiveCfg = Release|Any CPU
		{38B6BB9E-9621-456E-8396-A6B2CA9B3734}.Release|x86.Build.0 = Release|Any CPU
		{FDCF7CED-8D81-480C-B038-D973A9B8D2FD}.Ad-Hoc|Any CPU.ActiveCfg = Debug|Any CPU
		{FDCF7CED-8D81-480C-B038-D973A9B8D2FD}.Ad-Hoc|Any CPU.Build.0 = Debug|Any CPU
		{FDCF7CED-8D81-480C-B038-D973A9B8D2FD}.Ad-Hoc|ARM.ActiveCfg = Debug|Any CPU
		{FDCF7CED-8D81-480C-B038-D973A9B8D2FD}.Ad-Hoc|ARM.Build.0 = Debug|Any CPU
		{FDCF7CED-8D81-480C-B038-D973A9B8D2FD}.Ad-Hoc|iPhone.ActiveCfg = Debug|Any CPU
		{FDCF7CED-8D81-480C-B038-D973A9B8D2FD}.Ad-Hoc|iPhone.Build.0 = Debug|Any CPU
		{FDCF7CED-8D81-480C-B038-D973A9B8D2FD}.Ad-Hoc|iPhoneSimulator.ActiveCfg = Debug|Any CPU
		{FDCF7CED-8D81-480C-B038-D973A9B8D2FD}.Ad-Hoc|iPhoneSimulator.Build.0 = Debug|Any CPU
		{FDCF7CED-8D81-480C-B038-D973A9B8D2FD}.Ad-Hoc|x64.ActiveCfg = Debug|Any CPU
		{FDCF7CED-8D81-480C-B038-D973A9B8D2FD}.Ad-Hoc|x64.Build.0 = Debug|Any CPU
		{FDCF7CED-8D81-480C-B038-D973A9B8D2FD}.Ad-Hoc|x86.ActiveCfg = Debug|Any CPU
		{FDCF7CED-8D81-480C-B038-D973A9B8D2FD}.Ad-Hoc|x86.Build.0 = Debug|Any CPU
		{FDCF7CED-8D81-480C-B038-D973A9B8D2FD}.AppStore|Any CPU.ActiveCfg = Debug|Any CPU
		{FDCF7CED-8D81-480C-B038-D973A9B8D2FD}.AppStore|Any CPU.Build.0 = Debug|Any CPU
		{FDCF7CED-8D81-480C-B038-D973A9B8D2FD}.AppStore|ARM.ActiveCfg = Debug|Any CPU
		{FDCF7CED-8D81-480C-B038-D973A9B8D2FD}.AppStore|ARM.Build.0 = Debug|Any CPU
		{FDCF7CED-8D81-480C-B038-D973A9B8D2FD}.AppStore|iPhone.ActiveCfg = Debug|Any CPU
		{FDCF7CED-8D81-480C-B038-D973A9B8D2FD}.AppStore|iPhone.Build.0 = Debug|Any CPU
		{FDCF7CED-8D81-480C-B038-D973A9B8D2FD}.AppStore|iPhoneSimulator.ActiveCfg = Debug|Any CPU
		{FDCF7CED-8D81-480C-B038-D973A9B8D2FD}.AppStore|iPhoneSimulator.Build.0 = Debug|Any CPU
		{FDCF7CED-8D81-480C-B038-D973A9B8D2FD}.AppStore|x64.ActiveCfg = Debug|Any CPU
		{FDCF7CED-8D81-480C-B038-D973A9B8D2FD}.AppStore|x64.Build.0 = Debug|Any CPU
		{FDCF7CED-8D81-480C-B038-D973A9B8D2FD}.AppStore|x86.ActiveCfg = Debug|Any CPU
		{FDCF7CED-8D81-480C-B038-D973A9B8D2FD}.AppStore|x86.Build.0 = Debug|Any CPU
		{FDCF7CED-8D81-480C-B038-D973A9B8D2FD}.Debug|Any CPU.ActiveCfg = Debug|Any CPU
		{FDCF7CED-8D81-480C-B038-D973A9B8D2FD}.Debug|Any CPU.Build.0 = Debug|Any CPU
		{FDCF7CED-8D81-480C-B038-D973A9B8D2FD}.Debug|ARM.ActiveCfg = Debug|Any CPU
		{FDCF7CED-8D81-480C-B038-D973A9B8D2FD}.Debug|ARM.Build.0 = Debug|Any CPU
		{FDCF7CED-8D81-480C-B038-D973A9B8D2FD}.Debug|iPhone.ActiveCfg = Debug|Any CPU
		{FDCF7CED-8D81-480C-B038-D973A9B8D2FD}.Debug|iPhone.Build.0 = Debug|Any CPU
		{FDCF7CED-8D81-480C-B038-D973A9B8D2FD}.Debug|iPhoneSimulator.ActiveCfg = Debug|Any CPU
		{FDCF7CED-8D81-480C-B038-D973A9B8D2FD}.Debug|iPhoneSimulator.Build.0 = Debug|Any CPU
		{FDCF7CED-8D81-480C-B038-D973A9B8D2FD}.Debug|x64.ActiveCfg = Debug|Any CPU
		{FDCF7CED-8D81-480C-B038-D973A9B8D2FD}.Debug|x64.Build.0 = Debug|Any CPU
		{FDCF7CED-8D81-480C-B038-D973A9B8D2FD}.Debug|x86.ActiveCfg = Debug|Any CPU
		{FDCF7CED-8D81-480C-B038-D973A9B8D2FD}.Debug|x86.Build.0 = Debug|Any CPU
		{FDCF7CED-8D81-480C-B038-D973A9B8D2FD}.iOS Build|Any CPU.ActiveCfg = Debug|Any CPU
		{FDCF7CED-8D81-480C-B038-D973A9B8D2FD}.iOS Build|Any CPU.Build.0 = Debug|Any CPU
		{FDCF7CED-8D81-480C-B038-D973A9B8D2FD}.iOS Build|ARM.ActiveCfg = Debug|Any CPU
		{FDCF7CED-8D81-480C-B038-D973A9B8D2FD}.iOS Build|ARM.Build.0 = Debug|Any CPU
		{FDCF7CED-8D81-480C-B038-D973A9B8D2FD}.iOS Build|iPhone.ActiveCfg = Debug|Any CPU
		{FDCF7CED-8D81-480C-B038-D973A9B8D2FD}.iOS Build|iPhone.Build.0 = Debug|Any CPU
		{FDCF7CED-8D81-480C-B038-D973A9B8D2FD}.iOS Build|iPhoneSimulator.ActiveCfg = Debug|Any CPU
		{FDCF7CED-8D81-480C-B038-D973A9B8D2FD}.iOS Build|iPhoneSimulator.Build.0 = Debug|Any CPU
		{FDCF7CED-8D81-480C-B038-D973A9B8D2FD}.iOS Build|x64.ActiveCfg = Debug|Any CPU
		{FDCF7CED-8D81-480C-B038-D973A9B8D2FD}.iOS Build|x64.Build.0 = Debug|Any CPU
		{FDCF7CED-8D81-480C-B038-D973A9B8D2FD}.iOS Build|x86.ActiveCfg = Debug|Any CPU
		{FDCF7CED-8D81-480C-B038-D973A9B8D2FD}.iOS Build|x86.Build.0 = Debug|Any CPU
		{FDCF7CED-8D81-480C-B038-D973A9B8D2FD}.Release|Any CPU.ActiveCfg = Release|Any CPU
		{FDCF7CED-8D81-480C-B038-D973A9B8D2FD}.Release|Any CPU.Build.0 = Release|Any CPU
		{FDCF7CED-8D81-480C-B038-D973A9B8D2FD}.Release|ARM.ActiveCfg = Release|Any CPU
		{FDCF7CED-8D81-480C-B038-D973A9B8D2FD}.Release|ARM.Build.0 = Release|Any CPU
		{FDCF7CED-8D81-480C-B038-D973A9B8D2FD}.Release|iPhone.ActiveCfg = Release|Any CPU
		{FDCF7CED-8D81-480C-B038-D973A9B8D2FD}.Release|iPhone.Build.0 = Release|Any CPU
		{FDCF7CED-8D81-480C-B038-D973A9B8D2FD}.Release|iPhoneSimulator.ActiveCfg = Release|Any CPU
		{FDCF7CED-8D81-480C-B038-D973A9B8D2FD}.Release|iPhoneSimulator.Build.0 = Release|Any CPU
		{FDCF7CED-8D81-480C-B038-D973A9B8D2FD}.Release|x64.ActiveCfg = Release|Any CPU
		{FDCF7CED-8D81-480C-B038-D973A9B8D2FD}.Release|x64.Build.0 = Release|Any CPU
		{FDCF7CED-8D81-480C-B038-D973A9B8D2FD}.Release|x86.ActiveCfg = Release|Any CPU
		{FDCF7CED-8D81-480C-B038-D973A9B8D2FD}.Release|x86.Build.0 = Release|Any CPU
		{4D6D45CA-6B87-4E9D-B739-AE9553D93326}.Ad-Hoc|Any CPU.ActiveCfg = Debug|Any CPU
		{4D6D45CA-6B87-4E9D-B739-AE9553D93326}.Ad-Hoc|Any CPU.Build.0 = Debug|Any CPU
		{4D6D45CA-6B87-4E9D-B739-AE9553D93326}.Ad-Hoc|ARM.ActiveCfg = Debug|Any CPU
		{4D6D45CA-6B87-4E9D-B739-AE9553D93326}.Ad-Hoc|ARM.Build.0 = Debug|Any CPU
		{4D6D45CA-6B87-4E9D-B739-AE9553D93326}.Ad-Hoc|iPhone.ActiveCfg = Debug|Any CPU
		{4D6D45CA-6B87-4E9D-B739-AE9553D93326}.Ad-Hoc|iPhone.Build.0 = Debug|Any CPU
		{4D6D45CA-6B87-4E9D-B739-AE9553D93326}.Ad-Hoc|iPhoneSimulator.ActiveCfg = Debug|Any CPU
		{4D6D45CA-6B87-4E9D-B739-AE9553D93326}.Ad-Hoc|iPhoneSimulator.Build.0 = Debug|Any CPU
		{4D6D45CA-6B87-4E9D-B739-AE9553D93326}.Ad-Hoc|x64.ActiveCfg = Debug|Any CPU
		{4D6D45CA-6B87-4E9D-B739-AE9553D93326}.Ad-Hoc|x64.Build.0 = Debug|Any CPU
		{4D6D45CA-6B87-4E9D-B739-AE9553D93326}.Ad-Hoc|x86.ActiveCfg = Debug|Any CPU
		{4D6D45CA-6B87-4E9D-B739-AE9553D93326}.Ad-Hoc|x86.Build.0 = Debug|Any CPU
		{4D6D45CA-6B87-4E9D-B739-AE9553D93326}.AppStore|Any CPU.ActiveCfg = Debug|Any CPU
		{4D6D45CA-6B87-4E9D-B739-AE9553D93326}.AppStore|Any CPU.Build.0 = Debug|Any CPU
		{4D6D45CA-6B87-4E9D-B739-AE9553D93326}.AppStore|ARM.ActiveCfg = Debug|Any CPU
		{4D6D45CA-6B87-4E9D-B739-AE9553D93326}.AppStore|ARM.Build.0 = Debug|Any CPU
		{4D6D45CA-6B87-4E9D-B739-AE9553D93326}.AppStore|iPhone.ActiveCfg = Debug|Any CPU
		{4D6D45CA-6B87-4E9D-B739-AE9553D93326}.AppStore|iPhone.Build.0 = Debug|Any CPU
		{4D6D45CA-6B87-4E9D-B739-AE9553D93326}.AppStore|iPhoneSimulator.ActiveCfg = Debug|Any CPU
		{4D6D45CA-6B87-4E9D-B739-AE9553D93326}.AppStore|iPhoneSimulator.Build.0 = Debug|Any CPU
		{4D6D45CA-6B87-4E9D-B739-AE9553D93326}.AppStore|x64.ActiveCfg = Debug|Any CPU
		{4D6D45CA-6B87-4E9D-B739-AE9553D93326}.AppStore|x64.Build.0 = Debug|Any CPU
		{4D6D45CA-6B87-4E9D-B739-AE9553D93326}.AppStore|x86.ActiveCfg = Debug|Any CPU
		{4D6D45CA-6B87-4E9D-B739-AE9553D93326}.AppStore|x86.Build.0 = Debug|Any CPU
		{4D6D45CA-6B87-4E9D-B739-AE9553D93326}.Debug|Any CPU.ActiveCfg = Debug|Any CPU
		{4D6D45CA-6B87-4E9D-B739-AE9553D93326}.Debug|Any CPU.Build.0 = Debug|Any CPU
		{4D6D45CA-6B87-4E9D-B739-AE9553D93326}.Debug|ARM.ActiveCfg = Debug|Any CPU
		{4D6D45CA-6B87-4E9D-B739-AE9553D93326}.Debug|ARM.Build.0 = Debug|Any CPU
		{4D6D45CA-6B87-4E9D-B739-AE9553D93326}.Debug|iPhone.ActiveCfg = Debug|Any CPU
		{4D6D45CA-6B87-4E9D-B739-AE9553D93326}.Debug|iPhone.Build.0 = Debug|Any CPU
		{4D6D45CA-6B87-4E9D-B739-AE9553D93326}.Debug|iPhoneSimulator.ActiveCfg = Debug|Any CPU
		{4D6D45CA-6B87-4E9D-B739-AE9553D93326}.Debug|iPhoneSimulator.Build.0 = Debug|Any CPU
		{4D6D45CA-6B87-4E9D-B739-AE9553D93326}.Debug|x64.ActiveCfg = Debug|Any CPU
		{4D6D45CA-6B87-4E9D-B739-AE9553D93326}.Debug|x64.Build.0 = Debug|Any CPU
		{4D6D45CA-6B87-4E9D-B739-AE9553D93326}.Debug|x86.ActiveCfg = Debug|Any CPU
		{4D6D45CA-6B87-4E9D-B739-AE9553D93326}.Debug|x86.Build.0 = Debug|Any CPU
		{4D6D45CA-6B87-4E9D-B739-AE9553D93326}.iOS Build|Any CPU.ActiveCfg = Debug|Any CPU
		{4D6D45CA-6B87-4E9D-B739-AE9553D93326}.iOS Build|Any CPU.Build.0 = Debug|Any CPU
		{4D6D45CA-6B87-4E9D-B739-AE9553D93326}.iOS Build|ARM.ActiveCfg = Debug|Any CPU
		{4D6D45CA-6B87-4E9D-B739-AE9553D93326}.iOS Build|ARM.Build.0 = Debug|Any CPU
		{4D6D45CA-6B87-4E9D-B739-AE9553D93326}.iOS Build|iPhone.ActiveCfg = Debug|Any CPU
		{4D6D45CA-6B87-4E9D-B739-AE9553D93326}.iOS Build|iPhone.Build.0 = Debug|Any CPU
		{4D6D45CA-6B87-4E9D-B739-AE9553D93326}.iOS Build|iPhoneSimulator.ActiveCfg = Debug|Any CPU
		{4D6D45CA-6B87-4E9D-B739-AE9553D93326}.iOS Build|iPhoneSimulator.Build.0 = Debug|Any CPU
		{4D6D45CA-6B87-4E9D-B739-AE9553D93326}.iOS Build|x64.ActiveCfg = Debug|Any CPU
		{4D6D45CA-6B87-4E9D-B739-AE9553D93326}.iOS Build|x64.Build.0 = Debug|Any CPU
		{4D6D45CA-6B87-4E9D-B739-AE9553D93326}.iOS Build|x86.ActiveCfg = Debug|Any CPU
		{4D6D45CA-6B87-4E9D-B739-AE9553D93326}.iOS Build|x86.Build.0 = Debug|Any CPU
		{4D6D45CA-6B87-4E9D-B739-AE9553D93326}.Release|Any CPU.ActiveCfg = Release|Any CPU
		{4D6D45CA-6B87-4E9D-B739-AE9553D93326}.Release|Any CPU.Build.0 = Release|Any CPU
		{4D6D45CA-6B87-4E9D-B739-AE9553D93326}.Release|ARM.ActiveCfg = Release|Any CPU
		{4D6D45CA-6B87-4E9D-B739-AE9553D93326}.Release|ARM.Build.0 = Release|Any CPU
		{4D6D45CA-6B87-4E9D-B739-AE9553D93326}.Release|iPhone.ActiveCfg = Release|Any CPU
		{4D6D45CA-6B87-4E9D-B739-AE9553D93326}.Release|iPhone.Build.0 = Release|Any CPU
		{4D6D45CA-6B87-4E9D-B739-AE9553D93326}.Release|iPhoneSimulator.ActiveCfg = Release|Any CPU
		{4D6D45CA-6B87-4E9D-B739-AE9553D93326}.Release|iPhoneSimulator.Build.0 = Release|Any CPU
		{4D6D45CA-6B87-4E9D-B739-AE9553D93326}.Release|x64.ActiveCfg = Release|Any CPU
		{4D6D45CA-6B87-4E9D-B739-AE9553D93326}.Release|x64.Build.0 = Release|Any CPU
		{4D6D45CA-6B87-4E9D-B739-AE9553D93326}.Release|x86.ActiveCfg = Release|Any CPU
		{4D6D45CA-6B87-4E9D-B739-AE9553D93326}.Release|x86.Build.0 = Release|Any CPU
	EndGlobalSection
	GlobalSection(SolutionProperties) = preSolution
		HideSolutionNode = FALSE
	EndGlobalSection
	GlobalSection(NestedProjects) = preSolution
		{8FA51876-7923-4046-A5CE-77057C82675E} = {3C23A336-10A6-4E20-9C14-63895CCFE151}
		{22E077F4-28B1-46E3-B624-361B6D2A9D4F} = {708A469F-77D0-4FEC-8D78-E1DBFD916719}
		{38B6BB9E-9621-456E-8396-A6B2CA9B3734} = {3C23A336-10A6-4E20-9C14-63895CCFE151}
		{FDCF7CED-8D81-480C-B038-D973A9B8D2FD} = {3C23A336-10A6-4E20-9C14-63895CCFE151}
		{4D6D45CA-6B87-4E9D-B739-AE9553D93326} = {708A469F-77D0-4FEC-8D78-E1DBFD916719}
	EndGlobalSection
	GlobalSection(ExtensibilityGlobals) = postSolution
		SolutionGuid = {15181C33-604F-461B-97E2-B84BAFBA0BEB}
	EndGlobalSection
EndGlobal
