
Microsoft Visual Studio Solution File, Format Version 12.00
# Visual Studio Version 16
VisualStudioVersion = 16.0.29905.134
MinimumVisualStudioVersion = 10.0.40219.1
Project("{9A19103F-16F7-4668-BE54-9A1E7A4F7556}") = "BugLog", "BugLog\BugLog.csproj", "{BB63CD2E-E6BC-49DC-BB71-1807F782128A}"
EndProject
Project("{2150E333-8FDC-42A3-9474-1A3956D46DE8}") = "App", "App", "{7C0E8299-FD24-4B93-99BD-6A41AD762E34}"
EndProject
Project("{2150E333-8FDC-42A3-9474-1A3956D46DE8}") = "libs", "libs", "{8F63F027-A473-4326-AE12-1A8430FE2FE5}"
EndProject
Project("{9A19103F-16F7-4668-BE54-9A1E7A4F7556}") = "LagoVista.Client.Core", "..\..\src\LagoVista.Client.Core\LagoVista.Client.Core.csproj", "{C48ABA1C-9C0B-4C9C-80C9-6EEE8A010AC9}"
EndProject
Project("{FAE04EC0-301F-11D3-BF4B-00C04F79EFBC}") = "LagoVista.Core.UWP", "..\..\src\LagoVista.Core.UWP\LagoVista.Core.UWP.csproj", "{12F1D893-A53B-44D6-9A9A-2922D9E7E38A}"
EndProject
Project("{FAE04EC0-301F-11D3-BF4B-00C04F79EFBC}") = "LagoVista.UWP.UI", "..\..\src\LagoVista.UWP.UI\LagoVista.UWP.UI.csproj", "{67943818-34FA-44B0-B5AA-DF7761B980B8}"
EndProject
Project("{9A19103F-16F7-4668-BE54-9A1E7A4F7556}") = "LagoVista.XPlat.Core", "..\..\src\LagoVista.XPlat.Core\LagoVista.XPlat.Core.csproj", "{B46B2B34-6314-4EF7-A41F-80158102B92C}"
EndProject
Project("{FAE04EC0-301F-11D3-BF4B-00C04F79EFBC}") = "LagoVista.XPlat.UWP", "..\..\src\LagoVista.XPlat.UWP\LagoVista.XPlat.UWP.csproj", "{9ED662B0-40C9-4899-B11E-F10C3C9D6AEB}"
EndProject
Project("{2150E333-8FDC-42A3-9474-1A3956D46DE8}") = "xplat", "xplat", "{45EBD966-081F-4106-BDAF-064849142845}"
EndProject
Project("{2150E333-8FDC-42A3-9474-1A3956D46DE8}") = "client", "client", "{944F4C74-F8CC-4CCE-9917-818CE56EF9D9}"
EndProject
Project("{FAE04EC0-301F-11D3-BF4B-00C04F79EFBC}") = "BugLogUWP", "BugLog.UWP\BugLogUWP.csproj", "{60C90AB9-43D5-4A0C-954D-C8F50BDEEF14}"
EndProject
Global
	GlobalSection(SolutionConfigurationPlatforms) = preSolution
		Debug|Any CPU = Debug|Any CPU
		Debug|ARM = Debug|ARM
		Debug|iPhone = Debug|iPhone
		Debug|iPhoneSimulator = Debug|iPhoneSimulator
		Debug|x64 = Debug|x64
		Debug|x86 = Debug|x86
		iOS Build|Any CPU = iOS Build|Any CPU
		iOS Build|ARM = iOS Build|ARM
		iOS Build|iPhone = iOS Build|iPhone
		iOS Build|iPhoneSimulator = iOS Build|iPhoneSimulator
		iOS Build|x64 = iOS Build|x64
		iOS Build|x86 = iOS Build|x86
		Release|Any CPU = Release|Any CPU
		Release|ARM = Release|ARM
		Release|iPhone = Release|iPhone
		Release|iPhoneSimulator = Release|iPhoneSimulator
		Release|x64 = Release|x64
		Release|x86 = Release|x86
	EndGlobalSection
	GlobalSection(ProjectConfigurationPlatforms) = postSolution
		{BB63CD2E-E6BC-49DC-BB71-1807F782128A}.Debug|Any CPU.ActiveCfg = Debug|Any CPU
		{BB63CD2E-E6BC-49DC-BB71-1807F782128A}.Debug|Any CPU.Build.0 = Debug|Any CPU
		{BB63CD2E-E6BC-49DC-BB71-1807F782128A}.Debug|Any CPU.Deploy.0 = Debug|Any CPU
		{BB63CD2E-E6BC-49DC-BB71-1807F782128A}.Debug|ARM.ActiveCfg = Debug|Any CPU
		{BB63CD2E-E6BC-49DC-BB71-1807F782128A}.Debug|ARM.Build.0 = Debug|Any CPU
		{BB63CD2E-E6BC-49DC-BB71-1807F782128A}.Debug|ARM.Deploy.0 = Debug|Any CPU
		{BB63CD2E-E6BC-49DC-BB71-1807F782128A}.Debug|iPhone.ActiveCfg = Debug|Any CPU
		{BB63CD2E-E6BC-49DC-BB71-1807F782128A}.Debug|iPhone.Build.0 = Debug|Any CPU
		{BB63CD2E-E6BC-49DC-BB71-1807F782128A}.Debug|iPhone.Deploy.0 = Debug|Any CPU
		{BB63CD2E-E6BC-49DC-BB71-1807F782128A}.Debug|iPhoneSimulator.ActiveCfg = Debug|Any CPU
		{BB63CD2E-E6BC-49DC-BB71-1807F782128A}.Debug|iPhoneSimulator.Build.0 = Debug|Any CPU
		{BB63CD2E-E6BC-49DC-BB71-1807F782128A}.Debug|iPhoneSimulator.Deploy.0 = Debug|Any CPU
		{BB63CD2E-E6BC-49DC-BB71-1807F782128A}.Debug|x64.ActiveCfg = Debug|Any CPU
		{BB63CD2E-E6BC-49DC-BB71-1807F782128A}.Debug|x64.Build.0 = Debug|Any CPU
		{BB63CD2E-E6BC-49DC-BB71-1807F782128A}.Debug|x64.Deploy.0 = Debug|Any CPU
		{BB63CD2E-E6BC-49DC-BB71-1807F782128A}.Debug|x86.ActiveCfg = Debug|Any CPU
		{BB63CD2E-E6BC-49DC-BB71-1807F782128A}.Debug|x86.Build.0 = Debug|Any CPU
		{BB63CD2E-E6BC-49DC-BB71-1807F782128A}.Debug|x86.Deploy.0 = Debug|Any CPU
		{BB63CD2E-E6BC-49DC-BB71-1807F782128A}.iOS Build|Any CPU.ActiveCfg = Release|Any CPU
		{BB63CD2E-E6BC-49DC-BB71-1807F782128A}.iOS Build|Any CPU.Build.0 = Release|Any CPU
		{BB63CD2E-E6BC-49DC-BB71-1807F782128A}.iOS Build|ARM.ActiveCfg = Release|Any CPU
		{BB63CD2E-E6BC-49DC-BB71-1807F782128A}.iOS Build|ARM.Build.0 = Release|Any CPU
		{BB63CD2E-E6BC-49DC-BB71-1807F782128A}.iOS Build|iPhone.ActiveCfg = Release|Any CPU
		{BB63CD2E-E6BC-49DC-BB71-1807F782128A}.iOS Build|iPhone.Build.0 = Release|Any CPU
		{BB63CD2E-E6BC-49DC-BB71-1807F782128A}.iOS Build|iPhoneSimulator.ActiveCfg = Release|Any CPU
		{BB63CD2E-E6BC-49DC-BB71-1807F782128A}.iOS Build|iPhoneSimulator.Build.0 = Release|Any CPU
		{BB63CD2E-E6BC-49DC-BB71-1807F782128A}.iOS Build|x64.ActiveCfg = Release|Any CPU
		{BB63CD2E-E6BC-49DC-BB71-1807F782128A}.iOS Build|x64.Build.0 = Release|Any CPU
		{BB63CD2E-E6BC-49DC-BB71-1807F782128A}.iOS Build|x86.ActiveCfg = Release|Any CPU
		{BB63CD2E-E6BC-49DC-BB71-1807F782128A}.iOS Build|x86.Build.0 = Release|Any CPU
		{BB63CD2E-E6BC-49DC-BB71-1807F782128A}.Release|Any CPU.ActiveCfg = Release|Any CPU
		{BB63CD2E-E6BC-49DC-BB71-1807F782128A}.Release|Any CPU.Build.0 = Release|Any CPU
		{BB63CD2E-E6BC-49DC-BB71-1807F782128A}.Release|Any CPU.Deploy.0 = Release|Any CPU
		{BB63CD2E-E6BC-49DC-BB71-1807F782128A}.Release|ARM.ActiveCfg = Release|Any CPU
		{BB63CD2E-E6BC-49DC-BB71-1807F782128A}.Release|ARM.Build.0 = Release|Any CPU
		{BB63CD2E-E6BC-49DC-BB71-1807F782128A}.Release|ARM.Deploy.0 = Release|Any CPU
		{BB63CD2E-E6BC-49DC-BB71-1807F782128A}.Release|iPhone.ActiveCfg = Release|Any CPU
		{BB63CD2E-E6BC-49DC-BB71-1807F782128A}.Release|iPhone.Build.0 = Release|Any CPU
		{BB63CD2E-E6BC-49DC-BB71-1807F782128A}.Release|iPhone.Deploy.0 = Release|Any CPU
		{BB63CD2E-E6BC-49DC-BB71-1807F782128A}.Release|iPhoneSimulator.ActiveCfg = Release|Any CPU
		{BB63CD2E-E6BC-49DC-BB71-1807F782128A}.Release|iPhoneSimulator.Build.0 = Release|Any CPU
		{BB63CD2E-E6BC-49DC-BB71-1807F782128A}.Release|iPhoneSimulator.Deploy.0 = Release|Any CPU
		{BB63CD2E-E6BC-49DC-BB71-1807F782128A}.Release|x64.ActiveCfg = Release|Any CPU
		{BB63CD2E-E6BC-49DC-BB71-1807F782128A}.Release|x64.Build.0 = Release|Any CPU
		{BB63CD2E-E6BC-49DC-BB71-1807F782128A}.Release|x64.Deploy.0 = Release|Any CPU
		{BB63CD2E-E6BC-49DC-BB71-1807F782128A}.Release|x86.ActiveCfg = Release|Any CPU
		{BB63CD2E-E6BC-49DC-BB71-1807F782128A}.Release|x86.Build.0 = Release|Any CPU
		{BB63CD2E-E6BC-49DC-BB71-1807F782128A}.Release|x86.Deploy.0 = Release|Any CPU
		{C48ABA1C-9C0B-4C9C-80C9-6EEE8A010AC9}.Debug|Any CPU.ActiveCfg = Debug|Any CPU
		{C48ABA1C-9C0B-4C9C-80C9-6EEE8A010AC9}.Debug|Any CPU.Build.0 = Debug|Any CPU
		{C48ABA1C-9C0B-4C9C-80C9-6EEE8A010AC9}.Debug|ARM.ActiveCfg = Debug|Any CPU
		{C48ABA1C-9C0B-4C9C-80C9-6EEE8A010AC9}.Debug|ARM.Build.0 = Debug|Any CPU
		{C48ABA1C-9C0B-4C9C-80C9-6EEE8A010AC9}.Debug|iPhone.ActiveCfg = Debug|Any CPU
		{C48ABA1C-9C0B-4C9C-80C9-6EEE8A010AC9}.Debug|iPhone.Build.0 = Debug|Any CPU
		{C48ABA1C-9C0B-4C9C-80C9-6EEE8A010AC9}.Debug|iPhoneSimulator.ActiveCfg = Debug|Any CPU
		{C48ABA1C-9C0B-4C9C-80C9-6EEE8A010AC9}.Debug|iPhoneSimulator.Build.0 = Debug|Any CPU
		{C48ABA1C-9C0B-4C9C-80C9-6EEE8A010AC9}.Debug|x64.ActiveCfg = Debug|Any CPU
		{C48ABA1C-9C0B-4C9C-80C9-6EEE8A010AC9}.Debug|x64.Build.0 = Debug|Any CPU
		{C48ABA1C-9C0B-4C9C-80C9-6EEE8A010AC9}.Debug|x86.ActiveCfg = Debug|Any CPU
		{C48ABA1C-9C0B-4C9C-80C9-6EEE8A010AC9}.Debug|x86.Build.0 = Debug|Any CPU
		{C48ABA1C-9C0B-4C9C-80C9-6EEE8A010AC9}.iOS Build|Any CPU.ActiveCfg = Debug|Any CPU
		{C48ABA1C-9C0B-4C9C-80C9-6EEE8A010AC9}.iOS Build|Any CPU.Build.0 = Debug|Any CPU
		{C48ABA1C-9C0B-4C9C-80C9-6EEE8A010AC9}.iOS Build|ARM.ActiveCfg = Debug|Any CPU
		{C48ABA1C-9C0B-4C9C-80C9-6EEE8A010AC9}.iOS Build|ARM.Build.0 = Debug|Any CPU
		{C48ABA1C-9C0B-4C9C-80C9-6EEE8A010AC9}.iOS Build|iPhone.ActiveCfg = Debug|Any CPU
		{C48ABA1C-9C0B-4C9C-80C9-6EEE8A010AC9}.iOS Build|iPhone.Build.0 = Debug|Any CPU
		{C48ABA1C-9C0B-4C9C-80C9-6EEE8A010AC9}.iOS Build|iPhoneSimulator.ActiveCfg = Debug|Any CPU
		{C48ABA1C-9C0B-4C9C-80C9-6EEE8A010AC9}.iOS Build|iPhoneSimulator.Build.0 = Debug|Any CPU
		{C48ABA1C-9C0B-4C9C-80C9-6EEE8A010AC9}.iOS Build|x64.ActiveCfg = Debug|Any CPU
		{C48ABA1C-9C0B-4C9C-80C9-6EEE8A010AC9}.iOS Build|x64.Build.0 = Debug|Any CPU
		{C48ABA1C-9C0B-4C9C-80C9-6EEE8A010AC9}.iOS Build|x86.ActiveCfg = Debug|Any CPU
		{C48ABA1C-9C0B-4C9C-80C9-6EEE8A010AC9}.iOS Build|x86.Build.0 = Debug|Any CPU
		{C48ABA1C-9C0B-4C9C-80C9-6EEE8A010AC9}.Release|Any CPU.ActiveCfg = Release|Any CPU
		{C48ABA1C-9C0B-4C9C-80C9-6EEE8A010AC9}.Release|Any CPU.Build.0 = Release|Any CPU
		{C48ABA1C-9C0B-4C9C-80C9-6EEE8A010AC9}.Release|ARM.ActiveCfg = Release|Any CPU
		{C48ABA1C-9C0B-4C9C-80C9-6EEE8A010AC9}.Release|ARM.Build.0 = Release|Any CPU
		{C48ABA1C-9C0B-4C9C-80C9-6EEE8A010AC9}.Release|iPhone.ActiveCfg = Release|Any CPU
		{C48ABA1C-9C0B-4C9C-80C9-6EEE8A010AC9}.Release|iPhone.Build.0 = Release|Any CPU
		{C48ABA1C-9C0B-4C9C-80C9-6EEE8A010AC9}.Release|iPhoneSimulator.ActiveCfg = Release|Any CPU
		{C48ABA1C-9C0B-4C9C-80C9-6EEE8A010AC9}.Release|iPhoneSimulator.Build.0 = Release|Any CPU
		{C48ABA1C-9C0B-4C9C-80C9-6EEE8A010AC9}.Release|x64.ActiveCfg = Release|Any CPU
		{C48ABA1C-9C0B-4C9C-80C9-6EEE8A010AC9}.Release|x64.Build.0 = Release|Any CPU
		{C48ABA1C-9C0B-4C9C-80C9-6EEE8A010AC9}.Release|x86.ActiveCfg = Release|Any CPU
		{C48ABA1C-9C0B-4C9C-80C9-6EEE8A010AC9}.Release|x86.Build.0 = Release|Any CPU
		{12F1D893-A53B-44D6-9A9A-2922D9E7E38A}.Debug|Any CPU.ActiveCfg = Debug|Any CPU
		{12F1D893-A53B-44D6-9A9A-2922D9E7E38A}.Debug|Any CPU.Build.0 = Debug|Any CPU
		{12F1D893-A53B-44D6-9A9A-2922D9E7E38A}.Debug|ARM.ActiveCfg = Debug|ARM
		{12F1D893-A53B-44D6-9A9A-2922D9E7E38A}.Debug|ARM.Build.0 = Debug|ARM
		{12F1D893-A53B-44D6-9A9A-2922D9E7E38A}.Debug|iPhone.ActiveCfg = Debug|Any CPU
		{12F1D893-A53B-44D6-9A9A-2922D9E7E38A}.Debug|iPhone.Build.0 = Debug|Any CPU
		{12F1D893-A53B-44D6-9A9A-2922D9E7E38A}.Debug|iPhoneSimulator.ActiveCfg = Debug|Any CPU
		{12F1D893-A53B-44D6-9A9A-2922D9E7E38A}.Debug|iPhoneSimulator.Build.0 = Debug|Any CPU
		{12F1D893-A53B-44D6-9A9A-2922D9E7E38A}.Debug|x64.ActiveCfg = Debug|x64
		{12F1D893-A53B-44D6-9A9A-2922D9E7E38A}.Debug|x64.Build.0 = Debug|x64
		{12F1D893-A53B-44D6-9A9A-2922D9E7E38A}.Debug|x86.ActiveCfg = Debug|x86
		{12F1D893-A53B-44D6-9A9A-2922D9E7E38A}.Debug|x86.Build.0 = Debug|x86
		{12F1D893-A53B-44D6-9A9A-2922D9E7E38A}.iOS Build|Any CPU.ActiveCfg = Debug|Any CPU
		{12F1D893-A53B-44D6-9A9A-2922D9E7E38A}.iOS Build|Any CPU.Build.0 = Debug|Any CPU
		{12F1D893-A53B-44D6-9A9A-2922D9E7E38A}.iOS Build|ARM.ActiveCfg = Debug|ARM
		{12F1D893-A53B-44D6-9A9A-2922D9E7E38A}.iOS Build|ARM.Build.0 = Debug|ARM
		{12F1D893-A53B-44D6-9A9A-2922D9E7E38A}.iOS Build|iPhone.ActiveCfg = Debug|Any CPU
		{12F1D893-A53B-44D6-9A9A-2922D9E7E38A}.iOS Build|iPhone.Build.0 = Debug|Any CPU
		{12F1D893-A53B-44D6-9A9A-2922D9E7E38A}.iOS Build|iPhoneSimulator.ActiveCfg = Debug|Any CPU
		{12F1D893-A53B-44D6-9A9A-2922D9E7E38A}.iOS Build|iPhoneSimulator.Build.0 = Debug|Any CPU
		{12F1D893-A53B-44D6-9A9A-2922D9E7E38A}.iOS Build|x64.ActiveCfg = Debug|x64
		{12F1D893-A53B-44D6-9A9A-2922D9E7E38A}.iOS Build|x64.Build.0 = Debug|x64
		{12F1D893-A53B-44D6-9A9A-2922D9E7E38A}.iOS Build|x86.ActiveCfg = Debug|x86
		{12F1D893-A53B-44D6-9A9A-2922D9E7E38A}.iOS Build|x86.Build.0 = Debug|x86
		{12F1D893-A53B-44D6-9A9A-2922D9E7E38A}.Release|Any CPU.ActiveCfg = Release|Any CPU
		{12F1D893-A53B-44D6-9A9A-2922D9E7E38A}.Release|Any CPU.Build.0 = Release|Any CPU
		{12F1D893-A53B-44D6-9A9A-2922D9E7E38A}.Release|ARM.ActiveCfg = Release|ARM
		{12F1D893-A53B-44D6-9A9A-2922D9E7E38A}.Release|ARM.Build.0 = Release|ARM
		{12F1D893-A53B-44D6-9A9A-2922D9E7E38A}.Release|iPhone.ActiveCfg = Release|Any CPU
		{12F1D893-A53B-44D6-9A9A-2922D9E7E38A}.Release|iPhone.Build.0 = Release|Any CPU
		{12F1D893-A53B-44D6-9A9A-2922D9E7E38A}.Release|iPhoneSimulator.ActiveCfg = Release|Any CPU
		{12F1D893-A53B-44D6-9A9A-2922D9E7E38A}.Release|iPhoneSimulator.Build.0 = Release|Any CPU
		{12F1D893-A53B-44D6-9A9A-2922D9E7E38A}.Release|x64.ActiveCfg = Release|x64
		{12F1D893-A53B-44D6-9A9A-2922D9E7E38A}.Release|x64.Build.0 = Release|x64
		{12F1D893-A53B-44D6-9A9A-2922D9E7E38A}.Release|x86.ActiveCfg = Release|x86
		{12F1D893-A53B-44D6-9A9A-2922D9E7E38A}.Release|x86.Build.0 = Release|x86
		{67943818-34FA-44B0-B5AA-DF7761B980B8}.Debug|Any CPU.ActiveCfg = Debug|Any CPU
		{67943818-34FA-44B0-B5AA-DF7761B980B8}.Debug|Any CPU.Build.0 = Debug|Any CPU
		{67943818-34FA-44B0-B5AA-DF7761B980B8}.Debug|ARM.ActiveCfg = Debug|ARM
		{67943818-34FA-44B0-B5AA-DF7761B980B8}.Debug|ARM.Build.0 = Debug|ARM
		{67943818-34FA-44B0-B5AA-DF7761B980B8}.Debug|iPhone.ActiveCfg = Debug|Any CPU
		{67943818-34FA-44B0-B5AA-DF7761B980B8}.Debug|iPhone.Build.0 = Debug|Any CPU
		{67943818-34FA-44B0-B5AA-DF7761B980B8}.Debug|iPhoneSimulator.ActiveCfg = Debug|Any CPU
		{67943818-34FA-44B0-B5AA-DF7761B980B8}.Debug|iPhoneSimulator.Build.0 = Debug|Any CPU
		{67943818-34FA-44B0-B5AA-DF7761B980B8}.Debug|x64.ActiveCfg = Debug|x64
		{67943818-34FA-44B0-B5AA-DF7761B980B8}.Debug|x64.Build.0 = Debug|x64
		{67943818-34FA-44B0-B5AA-DF7761B980B8}.Debug|x86.ActiveCfg = Debug|x86
		{67943818-34FA-44B0-B5AA-DF7761B980B8}.Debug|x86.Build.0 = Debug|x86
		{67943818-34FA-44B0-B5AA-DF7761B980B8}.iOS Build|Any CPU.ActiveCfg = Debug|Any CPU
		{67943818-34FA-44B0-B5AA-DF7761B980B8}.iOS Build|Any CPU.Build.0 = Debug|Any CPU
		{67943818-34FA-44B0-B5AA-DF7761B980B8}.iOS Build|ARM.ActiveCfg = Debug|ARM
		{67943818-34FA-44B0-B5AA-DF7761B980B8}.iOS Build|ARM.Build.0 = Debug|ARM
		{67943818-34FA-44B0-B5AA-DF7761B980B8}.iOS Build|iPhone.ActiveCfg = Debug|Any CPU
		{67943818-34FA-44B0-B5AA-DF7761B980B8}.iOS Build|iPhone.Build.0 = Debug|Any CPU
		{67943818-34FA-44B0-B5AA-DF7761B980B8}.iOS Build|iPhoneSimulator.ActiveCfg = Debug|Any CPU
		{67943818-34FA-44B0-B5AA-DF7761B980B8}.iOS Build|iPhoneSimulator.Build.0 = Debug|Any CPU
		{67943818-34FA-44B0-B5AA-DF7761B980B8}.iOS Build|x64.ActiveCfg = Debug|x64
		{67943818-34FA-44B0-B5AA-DF7761B980B8}.iOS Build|x64.Build.0 = Debug|x64
		{67943818-34FA-44B0-B5AA-DF7761B980B8}.iOS Build|x86.ActiveCfg = Debug|x86
		{67943818-34FA-44B0-B5AA-DF7761B980B8}.iOS Build|x86.Build.0 = Debug|x86
		{67943818-34FA-44B0-B5AA-DF7761B980B8}.Release|Any CPU.ActiveCfg = Release|Any CPU
		{67943818-34FA-44B0-B5AA-DF7761B980B8}.Release|Any CPU.Build.0 = Release|Any CPU
		{67943818-34FA-44B0-B5AA-DF7761B980B8}.Release|ARM.ActiveCfg = Release|ARM
		{67943818-34FA-44B0-B5AA-DF7761B980B8}.Release|ARM.Build.0 = Release|ARM
		{67943818-34FA-44B0-B5AA-DF7761B980B8}.Release|iPhone.ActiveCfg = Release|Any CPU
		{67943818-34FA-44B0-B5AA-DF7761B980B8}.Release|iPhone.Build.0 = Release|Any CPU
		{67943818-34FA-44B0-B5AA-DF7761B980B8}.Release|iPhoneSimulator.ActiveCfg = Release|Any CPU
		{67943818-34FA-44B0-B5AA-DF7761B980B8}.Release|iPhoneSimulator.Build.0 = Release|Any CPU
		{67943818-34FA-44B0-B5AA-DF7761B980B8}.Release|x64.ActiveCfg = Release|x64
		{67943818-34FA-44B0-B5AA-DF7761B980B8}.Release|x64.Build.0 = Release|x64
		{67943818-34FA-44B0-B5AA-DF7761B980B8}.Release|x86.ActiveCfg = Release|x86
		{67943818-34FA-44B0-B5AA-DF7761B980B8}.Release|x86.Build.0 = Release|x86
		{B46B2B34-6314-4EF7-A41F-80158102B92C}.Debug|Any CPU.ActiveCfg = Debug|Any CPU
		{B46B2B34-6314-4EF7-A41F-80158102B92C}.Debug|Any CPU.Build.0 = Debug|Any CPU
		{B46B2B34-6314-4EF7-A41F-80158102B92C}.Debug|ARM.ActiveCfg = Debug|Any CPU
		{B46B2B34-6314-4EF7-A41F-80158102B92C}.Debug|ARM.Build.0 = Debug|Any CPU
		{B46B2B34-6314-4EF7-A41F-80158102B92C}.Debug|iPhone.ActiveCfg = Debug|Any CPU
		{B46B2B34-6314-4EF7-A41F-80158102B92C}.Debug|iPhone.Build.0 = Debug|Any CPU
		{B46B2B34-6314-4EF7-A41F-80158102B92C}.Debug|iPhoneSimulator.ActiveCfg = Debug|Any CPU
		{B46B2B34-6314-4EF7-A41F-80158102B92C}.Debug|iPhoneSimulator.Build.0 = Debug|Any CPU
		{B46B2B34-6314-4EF7-A41F-80158102B92C}.Debug|x64.ActiveCfg = Debug|Any CPU
		{B46B2B34-6314-4EF7-A41F-80158102B92C}.Debug|x64.Build.0 = Debug|Any CPU
		{B46B2B34-6314-4EF7-A41F-80158102B92C}.Debug|x86.ActiveCfg = Debug|Any CPU
		{B46B2B34-6314-4EF7-A41F-80158102B92C}.Debug|x86.Build.0 = Debug|Any CPU
		{B46B2B34-6314-4EF7-A41F-80158102B92C}.iOS Build|Any CPU.ActiveCfg = Debug|Any CPU
		{B46B2B34-6314-4EF7-A41F-80158102B92C}.iOS Build|Any CPU.Build.0 = Debug|Any CPU
		{B46B2B34-6314-4EF7-A41F-80158102B92C}.iOS Build|ARM.ActiveCfg = Debug|Any CPU
		{B46B2B34-6314-4EF7-A41F-80158102B92C}.iOS Build|ARM.Build.0 = Debug|Any CPU
		{B46B2B34-6314-4EF7-A41F-80158102B92C}.iOS Build|iPhone.ActiveCfg = Debug|Any CPU
		{B46B2B34-6314-4EF7-A41F-80158102B92C}.iOS Build|iPhone.Build.0 = Debug|Any CPU
		{B46B2B34-6314-4EF7-A41F-80158102B92C}.iOS Build|iPhoneSimulator.ActiveCfg = Debug|Any CPU
		{B46B2B34-6314-4EF7-A41F-80158102B92C}.iOS Build|iPhoneSimulator.Build.0 = Debug|Any CPU
		{B46B2B34-6314-4EF7-A41F-80158102B92C}.iOS Build|x64.ActiveCfg = Debug|Any CPU
		{B46B2B34-6314-4EF7-A41F-80158102B92C}.iOS Build|x64.Build.0 = Debug|Any CPU
		{B46B2B34-6314-4EF7-A41F-80158102B92C}.iOS Build|x86.ActiveCfg = Debug|Any CPU
		{B46B2B34-6314-4EF7-A41F-80158102B92C}.iOS Build|x86.Build.0 = Debug|Any CPU
		{B46B2B34-6314-4EF7-A41F-80158102B92C}.Release|Any CPU.ActiveCfg = Release|Any CPU
		{B46B2B34-6314-4EF7-A41F-80158102B92C}.Release|Any CPU.Build.0 = Release|Any CPU
		{B46B2B34-6314-4EF7-A41F-80158102B92C}.Release|ARM.ActiveCfg = Release|Any CPU
		{B46B2B34-6314-4EF7-A41F-80158102B92C}.Release|ARM.Build.0 = Release|Any CPU
		{B46B2B34-6314-4EF7-A41F-80158102B92C}.Release|iPhone.ActiveCfg = Release|Any CPU
		{B46B2B34-6314-4EF7-A41F-80158102B92C}.Release|iPhone.Build.0 = Release|Any CPU
		{B46B2B34-6314-4EF7-A41F-80158102B92C}.Release|iPhoneSimulator.ActiveCfg = Release|Any CPU
		{B46B2B34-6314-4EF7-A41F-80158102B92C}.Release|iPhoneSimulator.Build.0 = Release|Any CPU
		{B46B2B34-6314-4EF7-A41F-80158102B92C}.Release|x64.ActiveCfg = Release|Any CPU
		{B46B2B34-6314-4EF7-A41F-80158102B92C}.Release|x64.Build.0 = Release|Any CPU
		{B46B2B34-6314-4EF7-A41F-80158102B92C}.Release|x86.ActiveCfg = Release|Any CPU
		{B46B2B34-6314-4EF7-A41F-80158102B92C}.Release|x86.Build.0 = Release|Any CPU
		{9ED662B0-40C9-4899-B11E-F10C3C9D6AEB}.Debug|Any CPU.ActiveCfg = Debug|Any CPU
		{9ED662B0-40C9-4899-B11E-F10C3C9D6AEB}.Debug|Any CPU.Build.0 = Debug|Any CPU
		{9ED662B0-40C9-4899-B11E-F10C3C9D6AEB}.Debug|ARM.ActiveCfg = Debug|ARM
		{9ED662B0-40C9-4899-B11E-F10C3C9D6AEB}.Debug|ARM.Build.0 = Debug|ARM
		{9ED662B0-40C9-4899-B11E-F10C3C9D6AEB}.Debug|iPhone.ActiveCfg = Debug|Any CPU
		{9ED662B0-40C9-4899-B11E-F10C3C9D6AEB}.Debug|iPhone.Build.0 = Debug|Any CPU
		{9ED662B0-40C9-4899-B11E-F10C3C9D6AEB}.Debug|iPhoneSimulator.ActiveCfg = Debug|Any CPU
		{9ED662B0-40C9-4899-B11E-F10C3C9D6AEB}.Debug|iPhoneSimulator.Build.0 = Debug|Any CPU
		{9ED662B0-40C9-4899-B11E-F10C3C9D6AEB}.Debug|x64.ActiveCfg = Debug|x64
		{9ED662B0-40C9-4899-B11E-F10C3C9D6AEB}.Debug|x64.Build.0 = Debug|x64
		{9ED662B0-40C9-4899-B11E-F10C3C9D6AEB}.Debug|x86.ActiveCfg = Debug|x86
		{9ED662B0-40C9-4899-B11E-F10C3C9D6AEB}.Debug|x86.Build.0 = Debug|x86
		{9ED662B0-40C9-4899-B11E-F10C3C9D6AEB}.iOS Build|Any CPU.ActiveCfg = iOS Build|Any CPU
		{9ED662B0-40C9-4899-B11E-F10C3C9D6AEB}.iOS Build|Any CPU.Build.0 = iOS Build|Any CPU
		{9ED662B0-40C9-4899-B11E-F10C3C9D6AEB}.iOS Build|ARM.ActiveCfg = iOS Build|ARM
		{9ED662B0-40C9-4899-B11E-F10C3C9D6AEB}.iOS Build|ARM.Build.0 = iOS Build|ARM
		{9ED662B0-40C9-4899-B11E-F10C3C9D6AEB}.iOS Build|iPhone.ActiveCfg = iOS Build|Any CPU
		{9ED662B0-40C9-4899-B11E-F10C3C9D6AEB}.iOS Build|iPhone.Build.0 = iOS Build|Any CPU
		{9ED662B0-40C9-4899-B11E-F10C3C9D6AEB}.iOS Build|iPhoneSimulator.ActiveCfg = iOS Build|Any CPU
		{9ED662B0-40C9-4899-B11E-F10C3C9D6AEB}.iOS Build|iPhoneSimulator.Build.0 = iOS Build|Any CPU
		{9ED662B0-40C9-4899-B11E-F10C3C9D6AEB}.iOS Build|x64.ActiveCfg = iOS Build|x64
		{9ED662B0-40C9-4899-B11E-F10C3C9D6AEB}.iOS Build|x64.Build.0 = iOS Build|x64
		{9ED662B0-40C9-4899-B11E-F10C3C9D6AEB}.iOS Build|x86.ActiveCfg = iOS Build|x86
		{9ED662B0-40C9-4899-B11E-F10C3C9D6AEB}.iOS Build|x86.Build.0 = iOS Build|x86
		{9ED662B0-40C9-4899-B11E-F10C3C9D6AEB}.Release|Any CPU.ActiveCfg = Release|Any CPU
		{9ED662B0-40C9-4899-B11E-F10C3C9D6AEB}.Release|Any CPU.Build.0 = Release|Any CPU
		{9ED662B0-40C9-4899-B11E-F10C3C9D6AEB}.Release|ARM.ActiveCfg = Release|ARM
		{9ED662B0-40C9-4899-B11E-F10C3C9D6AEB}.Release|ARM.Build.0 = Release|ARM
		{9ED662B0-40C9-4899-B11E-F10C3C9D6AEB}.Release|iPhone.ActiveCfg = Release|Any CPU
		{9ED662B0-40C9-4899-B11E-F10C3C9D6AEB}.Release|iPhone.Build.0 = Release|Any CPU
		{9ED662B0-40C9-4899-B11E-F10C3C9D6AEB}.Release|iPhoneSimulator.ActiveCfg = Release|Any CPU
		{9ED662B0-40C9-4899-B11E-F10C3C9D6AEB}.Release|iPhoneSimulator.Build.0 = Release|Any CPU
		{9ED662B0-40C9-4899-B11E-F10C3C9D6AEB}.Release|x64.ActiveCfg = Release|x64
		{9ED662B0-40C9-4899-B11E-F10C3C9D6AEB}.Release|x64.Build.0 = Release|x64
		{9ED662B0-40C9-4899-B11E-F10C3C9D6AEB}.Release|x86.ActiveCfg = Release|x86
		{9ED662B0-40C9-4899-B11E-F10C3C9D6AEB}.Release|x86.Build.0 = Release|x86
		{60C90AB9-43D5-4A0C-954D-C8F50BDEEF14}.Debug|Any CPU.ActiveCfg = Debug|x86
		{60C90AB9-43D5-4A0C-954D-C8F50BDEEF14}.Debug|ARM.ActiveCfg = Debug|ARM
		{60C90AB9-43D5-4A0C-954D-C8F50BDEEF14}.Debug|ARM.Build.0 = Debug|ARM
		{60C90AB9-43D5-4A0C-954D-C8F50BDEEF14}.Debug|ARM.Deploy.0 = Debug|ARM
		{60C90AB9-43D5-4A0C-954D-C8F50BDEEF14}.Debug|iPhone.ActiveCfg = Debug|x86
		{60C90AB9-43D5-4A0C-954D-C8F50BDEEF14}.Debug|iPhoneSimulator.ActiveCfg = Debug|x86
		{60C90AB9-43D5-4A0C-954D-C8F50BDEEF14}.Debug|x64.ActiveCfg = Debug|x64
		{60C90AB9-43D5-4A0C-954D-C8F50BDEEF14}.Debug|x64.Build.0 = Debug|x64
		{60C90AB9-43D5-4A0C-954D-C8F50BDEEF14}.Debug|x64.Deploy.0 = Debug|x64
		{60C90AB9-43D5-4A0C-954D-C8F50BDEEF14}.Debug|x86.ActiveCfg = Debug|x86
		{60C90AB9-43D5-4A0C-954D-C8F50BDEEF14}.Debug|x86.Build.0 = Debug|x86
		{60C90AB9-43D5-4A0C-954D-C8F50BDEEF14}.Debug|x86.Deploy.0 = Debug|x86
		{60C90AB9-43D5-4A0C-954D-C8F50BDEEF14}.iOS Build|Any CPU.ActiveCfg = Debug|ARM
		{60C90AB9-43D5-4A0C-954D-C8F50BDEEF14}.iOS Build|Any CPU.Build.0 = Debug|ARM
		{60C90AB9-43D5-4A0C-954D-C8F50BDEEF14}.iOS Build|Any CPU.Deploy.0 = Debug|ARM
		{60C90AB9-43D5-4A0C-954D-C8F50BDEEF14}.iOS Build|ARM.ActiveCfg = Debug|ARM
		{60C90AB9-43D5-4A0C-954D-C8F50BDEEF14}.iOS Build|ARM.Build.0 = Debug|ARM
		{60C90AB9-43D5-4A0C-954D-C8F50BDEEF14}.iOS Build|ARM.Deploy.0 = Debug|ARM
		{60C90AB9-43D5-4A0C-954D-C8F50BDEEF14}.iOS Build|iPhone.ActiveCfg = Debug|ARM
		{60C90AB9-43D5-4A0C-954D-C8F50BDEEF14}.iOS Build|iPhone.Build.0 = Debug|ARM
		{60C90AB9-43D5-4A0C-954D-C8F50BDEEF14}.iOS Build|iPhone.Deploy.0 = Debug|ARM
		{60C90AB9-43D5-4A0C-954D-C8F50BDEEF14}.iOS Build|iPhoneSimulator.ActiveCfg = Debug|ARM
		{60C90AB9-43D5-4A0C-954D-C8F50BDEEF14}.iOS Build|iPhoneSimulator.Build.0 = Debug|ARM
		{60C90AB9-43D5-4A0C-954D-C8F50BDEEF14}.iOS Build|iPhoneSimulator.Deploy.0 = Debug|ARM
		{60C90AB9-43D5-4A0C-954D-C8F50BDEEF14}.iOS Build|x64.ActiveCfg = Debug|x64
		{60C90AB9-43D5-4A0C-954D-C8F50BDEEF14}.iOS Build|x64.Build.0 = Debug|x64
		{60C90AB9-43D5-4A0C-954D-C8F50BDEEF14}.iOS Build|x64.Deploy.0 = Debug|x64
		{60C90AB9-43D5-4A0C-954D-C8F50BDEEF14}.iOS Build|x86.ActiveCfg = Debug|x86
		{60C90AB9-43D5-4A0C-954D-C8F50BDEEF14}.iOS Build|x86.Build.0 = Debug|x86
		{60C90AB9-43D5-4A0C-954D-C8F50BDEEF14}.iOS Build|x86.Deploy.0 = Debug|x86
		{60C90AB9-43D5-4A0C-954D-C8F50BDEEF14}.Release|Any CPU.ActiveCfg = Release|x86
		{60C90AB9-43D5-4A0C-954D-C8F50BDEEF14}.Release|ARM.ActiveCfg = Release|ARM
		{60C90AB9-43D5-4A0C-954D-C8F50BDEEF14}.Release|ARM.Build.0 = Release|ARM
		{60C90AB9-43D5-4A0C-954D-C8F50BDEEF14}.Release|ARM.Deploy.0 = Release|ARM
		{60C90AB9-43D5-4A0C-954D-C8F50BDEEF14}.Release|iPhone.ActiveCfg = Release|x86
		{60C90AB9-43D5-4A0C-954D-C8F50BDEEF14}.Release|iPhoneSimulator.ActiveCfg = Release|x86
		{60C90AB9-43D5-4A0C-954D-C8F50BDEEF14}.Release|x64.ActiveCfg = Release|x64
		{60C90AB9-43D5-4A0C-954D-C8F50BDEEF14}.Release|x64.Build.0 = Release|x64
		{60C90AB9-43D5-4A0C-954D-C8F50BDEEF14}.Release|x64.Deploy.0 = Release|x64
		{60C90AB9-43D5-4A0C-954D-C8F50BDEEF14}.Release|x86.ActiveCfg = Release|x86
		{60C90AB9-43D5-4A0C-954D-C8F50BDEEF14}.Release|x86.Build.0 = Release|x86
		{60C90AB9-43D5-4A0C-954D-C8F50BDEEF14}.Release|x86.Deploy.0 = Release|x86
	EndGlobalSection
	GlobalSection(SolutionProperties) = preSolution
		HideSolutionNode = FALSE
	EndGlobalSection
	GlobalSection(NestedProjects) = preSolution
		{BB63CD2E-E6BC-49DC-BB71-1807F782128A} = {7C0E8299-FD24-4B93-99BD-6A41AD762E34}
		{C48ABA1C-9C0B-4C9C-80C9-6EEE8A010AC9} = {944F4C74-F8CC-4CCE-9917-818CE56EF9D9}
		{12F1D893-A53B-44D6-9A9A-2922D9E7E38A} = {8F63F027-A473-4326-AE12-1A8430FE2FE5}
		{67943818-34FA-44B0-B5AA-DF7761B980B8} = {8F63F027-A473-4326-AE12-1A8430FE2FE5}
		{B46B2B34-6314-4EF7-A41F-80158102B92C} = {45EBD966-081F-4106-BDAF-064849142845}
		{9ED662B0-40C9-4899-B11E-F10C3C9D6AEB} = {45EBD966-081F-4106-BDAF-064849142845}
		{45EBD966-081F-4106-BDAF-064849142845} = {8F63F027-A473-4326-AE12-1A8430FE2FE5}
		{944F4C74-F8CC-4CCE-9917-818CE56EF9D9} = {8F63F027-A473-4326-AE12-1A8430FE2FE5}
		{60C90AB9-43D5-4A0C-954D-C8F50BDEEF14} = {7C0E8299-FD24-4B93-99BD-6A41AD762E34}
	EndGlobalSection
	GlobalSection(ExtensibilityGlobals) = postSolution
		SolutionGuid = {632F49D7-D8C5-44E6-B5E4-D84516D0DED8}
	EndGlobalSection
EndGlobal
