
Microsoft Visual Studio Solution File, Format Version 12.00
# Visual Studio Version 16
VisualStudioVersion = 16.0.29905.134
MinimumVisualStudioVersion = 10.0.40219.1
Project("{9A19103F-16F7-4668-BE54-9A1E7A4F7556}") = "BugLog", "BugLog\BugLog.csproj", "{BB63CD2E-E6BC-49DC-BB71-1807F782128A}"
EndProject
Project("{2150E333-8FDC-42A3-9474-1A3956D46DE8}") = "App", "App", "{7C0E8299-FD24-4B93-99BD-6A41AD762E34}"
EndProject
Project("{2150E333-8FDC-42A3-9474-1A3956D46DE8}") = "libs", "libs", "{8F63F027-A473-4326-AE12-1A8430FE2FE5}"
EndProject
Project("{9A19103F-16F7-4668-BE54-9A1E7A4F7556}") = "LagoVista.Client.Core", "..\..\src\LagoVista.Client.Core\LagoVista.Client.Core.csproj", "{C48ABA1C-9C0B-4C9C-80C9-6EEE8A010AC9}"
EndProject
Project("{2150E333-8FDC-42A3-9474-1A3956D46DE8}") = "xplat", "xplat", "{45EBD966-081F-4106-BDAF-064849142845}"
EndProject
Project("{2150E333-8FDC-42A3-9474-1A3956D46DE8}") = "client", "client", "{944F4C74-F8CC-4CCE-9917-818CE56EF9D9}"
EndProject
Project("{9A19103F-16F7-4668-BE54-9A1E7A4F7556}") = "LagoVista.XPlat.WPF.NetStd.Core", "..\..\src\LagoVista.Xplat.WPF\LagoVista.XPlat.WPF.NetStd.Core.csproj", "{DCF80665-10F3-4B80-84DB-9E7B1A27638C}"
EndProject
Project("{9A19103F-16F7-4668-BE54-9A1E7A4F7556}") = "BugLog.Wpf", "BugLog.Wpf\BugLog.Wpf.csproj", "{7B632D9A-5B55-4B88-9E14-C33597F196B1}"
EndProject
Global
	GlobalSection(SolutionConfigurationPlatforms) = preSolution
		Debug|Any CPU = Debug|Any CPU
		Debug|ARM = Debug|ARM
		Debug|iPhone = Debug|iPhone
		Debug|iPhoneSimulator = Debug|iPhoneSimulator
		Debug|x64 = Debug|x64
		Debug|x86 = Debug|x86
		iOS Build|Any CPU = iOS Build|Any CPU
		iOS Build|ARM = iOS Build|ARM
		iOS Build|iPhone = iOS Build|iPhone
		iOS Build|iPhoneSimulator = iOS Build|iPhoneSimulator
		iOS Build|x64 = iOS Build|x64
		iOS Build|x86 = iOS Build|x86
		Release|Any CPU = Release|Any CPU
		Release|ARM = Release|ARM
		Release|iPhone = Release|iPhone
		Release|iPhoneSimulator = Release|iPhoneSimulator
		Release|x64 = Release|x64
		Release|x86 = Release|x86
	EndGlobalSection
	GlobalSection(ProjectConfigurationPlatforms) = postSolution
		{BB63CD2E-E6BC-49DC-BB71-1807F782128A}.Debug|Any CPU.ActiveCfg = Debug|Any CPU
		{BB63CD2E-E6BC-49DC-BB71-1807F782128A}.Debug|Any CPU.Build.0 = Debug|Any CPU
		{BB63CD2E-E6BC-49DC-BB71-1807F782128A}.Debug|Any CPU.Deploy.0 = Debug|Any CPU
		{BB63CD2E-E6BC-49DC-BB71-1807F782128A}.Debug|ARM.ActiveCfg = Debug|Any CPU
		{BB63CD2E-E6BC-49DC-BB71-1807F782128A}.Debug|ARM.Build.0 = Debug|Any CPU
		{BB63CD2E-E6BC-49DC-BB71-1807F782128A}.Debug|ARM.Deploy.0 = Debug|Any CPU
		{BB63CD2E-E6BC-49DC-BB71-1807F782128A}.Debug|iPhone.ActiveCfg = Debug|Any CPU
		{BB63CD2E-E6BC-49DC-BB71-1807F782128A}.Debug|iPhone.Build.0 = Debug|Any CPU
		{BB63CD2E-E6BC-49DC-BB71-1807F782128A}.Debug|iPhone.Deploy.0 = Debug|Any CPU
		{BB63CD2E-E6BC-49DC-BB71-1807F782128A}.Debug|iPhoneSimulator.ActiveCfg = Debug|Any CPU
		{BB63CD2E-E6BC-49DC-BB71-1807F782128A}.Debug|iPhoneSimulator.Build.0 = Debug|Any CPU
		{BB63CD2E-E6BC-49DC-BB71-1807F782128A}.Debug|iPhoneSimulator.Deploy.0 = Debug|Any CPU
		{BB63CD2E-E6BC-49DC-BB71-1807F782128A}.Debug|x64.ActiveCfg = Debug|Any CPU
		{BB63CD2E-E6BC-49DC-BB71-1807F782128A}.Debug|x64.Build.0 = Debug|Any CPU
		{BB63CD2E-E6BC-49DC-BB71-1807F782128A}.Debug|x64.Deploy.0 = Debug|Any CPU
		{BB63CD2E-E6BC-49DC-BB71-1807F782128A}.Debug|x86.ActiveCfg = Debug|Any CPU
		{BB63CD2E-E6BC-49DC-BB71-1807F782128A}.Debug|x86.Build.0 = Debug|Any CPU
		{BB63CD2E-E6BC-49DC-BB71-1807F782128A}.Debug|x86.Deploy.0 = Debug|Any CPU
		{BB63CD2E-E6BC-49DC-BB71-1807F782128A}.iOS Build|Any CPU.ActiveCfg = Release|Any CPU
		{BB63CD2E-E6BC-49DC-BB71-1807F782128A}.iOS Build|Any CPU.Build.0 = Release|Any CPU
		{BB63CD2E-E6BC-49DC-BB71-1807F782128A}.iOS Build|ARM.ActiveCfg = Release|Any CPU
		{BB63CD2E-E6BC-49DC-BB71-1807F782128A}.iOS Build|ARM.Build.0 = Release|Any CPU
		{BB63CD2E-E6BC-49DC-BB71-1807F782128A}.iOS Build|iPhone.ActiveCfg = Release|Any CPU
		{BB63CD2E-E6BC-49DC-BB71-1807F782128A}.iOS Build|iPhone.Build.0 = Release|Any CPU
		{BB63CD2E-E6BC-49DC-BB71-1807F782128A}.iOS Build|iPhoneSimulator.ActiveCfg = Release|Any CPU
		{BB63CD2E-E6BC-49DC-BB71-1807F782128A}.iOS Build|iPhoneSimulator.Build.0 = Release|Any CPU
		{BB63CD2E-E6BC-49DC-BB71-1807F782128A}.iOS Build|x64.ActiveCfg = Release|Any CPU
		{BB63CD2E-E6BC-49DC-BB71-1807F782128A}.iOS Build|x64.Build.0 = Release|Any CPU
		{BB63CD2E-E6BC-49DC-BB71-1807F782128A}.iOS Build|x86.ActiveCfg = Release|Any CPU
		{BB63CD2E-E6BC-49DC-BB71-1807F782128A}.iOS Build|x86.Build.0 = Release|Any CPU
		{BB63CD2E-E6BC-49DC-BB71-1807F782128A}.Release|Any CPU.ActiveCfg = Release|Any CPU
		{BB63CD2E-E6BC-49DC-BB71-1807F782128A}.Release|Any CPU.Build.0 = Release|Any CPU
		{BB63CD2E-E6BC-49DC-BB71-1807F782128A}.Release|Any CPU.Deploy.0 = Release|Any CPU
		{BB63CD2E-E6BC-49DC-BB71-1807F782128A}.Release|ARM.ActiveCfg = Release|Any CPU
		{BB63CD2E-E6BC-49DC-BB71-1807F782128A}.Release|ARM.Build.0 = Release|Any CPU
		{BB63CD2E-E6BC-49DC-BB71-1807F782128A}.Release|ARM.Deploy.0 = Release|Any CPU
		{BB63CD2E-E6BC-49DC-BB71-1807F782128A}.Release|iPhone.ActiveCfg = Release|Any CPU
		{BB63CD2E-E6BC-49DC-BB71-1807F782128A}.Release|iPhone.Build.0 = Release|Any CPU
		{BB63CD2E-E6BC-49DC-BB71-1807F782128A}.Release|iPhone.Deploy.0 = Release|Any CPU
		{BB63CD2E-E6BC-49DC-BB71-1807F782128A}.Release|iPhoneSimulator.ActiveCfg = Release|Any CPU
		{BB63CD2E-E6BC-49DC-BB71-1807F782128A}.Release|iPhoneSimulator.Build.0 = Release|Any CPU
		{BB63CD2E-E6BC-49DC-BB71-1807F782128A}.Release|iPhoneSimulator.Deploy.0 = Release|Any CPU
		{BB63CD2E-E6BC-49DC-BB71-1807F782128A}.Release|x64.ActiveCfg = Release|Any CPU
		{BB63CD2E-E6BC-49DC-BB71-1807F782128A}.Release|x64.Build.0 = Release|Any CPU
		{BB63CD2E-E6BC-49DC-BB71-1807F782128A}.Release|x64.Deploy.0 = Release|Any CPU
		{BB63CD2E-E6BC-49DC-BB71-1807F782128A}.Release|x86.ActiveCfg = Release|Any CPU
		{BB63CD2E-E6BC-49DC-BB71-1807F782128A}.Release|x86.Build.0 = Release|Any CPU
		{BB63CD2E-E6BC-49DC-BB71-1807F782128A}.Release|x86.Deploy.0 = Release|Any CPU
		{C48ABA1C-9C0B-4C9C-80C9-6EEE8A010AC9}.Debug|Any CPU.ActiveCfg = Debug|Any CPU
		{C48ABA1C-9C0B-4C9C-80C9-6EEE8A010AC9}.Debug|Any CPU.Build.0 = Debug|Any CPU
		{C48ABA1C-9C0B-4C9C-80C9-6EEE8A010AC9}.Debug|ARM.ActiveCfg = Debug|Any CPU
		{C48ABA1C-9C0B-4C9C-80C9-6EEE8A010AC9}.Debug|ARM.Build.0 = Debug|Any CPU
		{C48ABA1C-9C0B-4C9C-80C9-6EEE8A010AC9}.Debug|iPhone.ActiveCfg = Debug|Any CPU
		{C48ABA1C-9C0B-4C9C-80C9-6EEE8A010AC9}.Debug|iPhone.Build.0 = Debug|Any CPU
		{C48ABA1C-9C0B-4C9C-80C9-6EEE8A010AC9}.Debug|iPhoneSimulator.ActiveCfg = Debug|Any CPU
		{C48ABA1C-9C0B-4C9C-80C9-6EEE8A010AC9}.Debug|iPhoneSimulator.Build.0 = Debug|Any CPU
		{C48ABA1C-9C0B-4C9C-80C9-6EEE8A010AC9}.Debug|x64.ActiveCfg = Debug|Any CPU
		{C48ABA1C-9C0B-4C9C-80C9-6EEE8A010AC9}.Debug|x64.Build.0 = Debug|Any CPU
		{C48ABA1C-9C0B-4C9C-80C9-6EEE8A010AC9}.Debug|x86.ActiveCfg = Debug|Any CPU
		{C48ABA1C-9C0B-4C9C-80C9-6EEE8A010AC9}.Debug|x86.Build.0 = Debug|Any CPU
		{C48ABA1C-9C0B-4C9C-80C9-6EEE8A010AC9}.iOS Build|Any CPU.ActiveCfg = Debug|Any CPU
		{C48ABA1C-9C0B-4C9C-80C9-6EEE8A010AC9}.iOS Build|Any CPU.Build.0 = Debug|Any CPU
		{C48ABA1C-9C0B-4C9C-80C9-6EEE8A010AC9}.iOS Build|ARM.ActiveCfg = Debug|Any CPU
		{C48ABA1C-9C0B-4C9C-80C9-6EEE8A010AC9}.iOS Build|ARM.Build.0 = Debug|Any CPU
		{C48ABA1C-9C0B-4C9C-80C9-6EEE8A010AC9}.iOS Build|iPhone.ActiveCfg = Debug|Any CPU
		{C48ABA1C-9C0B-4C9C-80C9-6EEE8A010AC9}.iOS Build|iPhone.Build.0 = Debug|Any CPU
		{C48ABA1C-9C0B-4C9C-80C9-6EEE8A010AC9}.iOS Build|iPhoneSimulator.ActiveCfg = Debug|Any CPU
		{C48ABA1C-9C0B-4C9C-80C9-6EEE8A010AC9}.iOS Build|iPhoneSimulator.Build.0 = Debug|Any CPU
		{C48ABA1C-9C0B-4C9C-80C9-6EEE8A010AC9}.iOS Build|x64.ActiveCfg = Debug|Any CPU
		{C48ABA1C-9C0B-4C9C-80C9-6EEE8A010AC9}.iOS Build|x64.Build.0 = Debug|Any CPU
		{C48ABA1C-9C0B-4C9C-80C9-6EEE8A010AC9}.iOS Build|x86.ActiveCfg = Debug|Any CPU
		{C48ABA1C-9C0B-4C9C-80C9-6EEE8A010AC9}.iOS Build|x86.Build.0 = Debug|Any CPU
		{C48ABA1C-9C0B-4C9C-80C9-6EEE8A010AC9}.Release|Any CPU.ActiveCfg = Release|Any CPU
		{C48ABA1C-9C0B-4C9C-80C9-6EEE8A010AC9}.Release|Any CPU.Build.0 = Release|Any CPU
		{C48ABA1C-9C0B-4C9C-80C9-6EEE8A010AC9}.Release|ARM.ActiveCfg = Release|Any CPU
		{C48ABA1C-9C0B-4C9C-80C9-6EEE8A010AC9}.Release|ARM.Build.0 = Release|Any CPU
		{C48ABA1C-9C0B-4C9C-80C9-6EEE8A010AC9}.Release|iPhone.ActiveCfg = Release|Any CPU
		{C48ABA1C-9C0B-4C9C-80C9-6EEE8A010AC9}.Release|iPhone.Build.0 = Release|Any CPU
		{C48ABA1C-9C0B-4C9C-80C9-6EEE8A010AC9}.Release|iPhoneSimulator.ActiveCfg = Release|Any CPU
		{C48ABA1C-9C0B-4C9C-80C9-6EEE8A010AC9}.Release|iPhoneSimulator.Build.0 = Release|Any CPU
		{C48ABA1C-9C0B-4C9C-80C9-6EEE8A010AC9}.Release|x64.ActiveCfg = Release|Any CPU
		{C48ABA1C-9C0B-4C9C-80C9-6EEE8A010AC9}.Release|x64.Build.0 = Release|Any CPU
		{C48ABA1C-9C0B-4C9C-80C9-6EEE8A010AC9}.Release|x86.ActiveCfg = Release|Any CPU
		{C48ABA1C-9C0B-4C9C-80C9-6EEE8A010AC9}.Release|x86.Build.0 = Release|Any CPU
		{DCF80665-10F3-4B80-84DB-9E7B1A27638C}.Debug|Any CPU.ActiveCfg = Debug|Any CPU
		{DCF80665-10F3-4B80-84DB-9E7B1A27638C}.Debug|Any CPU.Build.0 = Debug|Any CPU
		{DCF80665-10F3-4B80-84DB-9E7B1A27638C}.Debug|ARM.ActiveCfg = Debug|Any CPU
		{DCF80665-10F3-4B80-84DB-9E7B1A27638C}.Debug|ARM.Build.0 = Debug|Any CPU
		{DCF80665-10F3-4B80-84DB-9E7B1A27638C}.Debug|iPhone.ActiveCfg = Debug|Any CPU
		{DCF80665-10F3-4B80-84DB-9E7B1A27638C}.Debug|iPhone.Build.0 = Debug|Any CPU
		{DCF80665-10F3-4B80-84DB-9E7B1A27638C}.Debug|iPhoneSimulator.ActiveCfg = Debug|Any CPU
		{DCF80665-10F3-4B80-84DB-9E7B1A27638C}.Debug|iPhoneSimulator.Build.0 = Debug|Any CPU
		{DCF80665-10F3-4B80-84DB-9E7B1A27638C}.Debug|x64.ActiveCfg = Debug|Any CPU
		{DCF80665-10F3-4B80-84DB-9E7B1A27638C}.Debug|x64.Build.0 = Debug|Any CPU
		{DCF80665-10F3-4B80-84DB-9E7B1A27638C}.Debug|x86.ActiveCfg = Debug|Any CPU
		{DCF80665-10F3-4B80-84DB-9E7B1A27638C}.Debug|x86.Build.0 = Debug|Any CPU
		{DCF80665-10F3-4B80-84DB-9E7B1A27638C}.iOS Build|Any CPU.ActiveCfg = Debug|Any CPU
		{DCF80665-10F3-4B80-84DB-9E7B1A27638C}.iOS Build|Any CPU.Build.0 = Debug|Any CPU
		{DCF80665-10F3-4B80-84DB-9E7B1A27638C}.iOS Build|ARM.ActiveCfg = Debug|Any CPU
		{DCF80665-10F3-4B80-84DB-9E7B1A27638C}.iOS Build|ARM.Build.0 = Debug|Any CPU
		{DCF80665-10F3-4B80-84DB-9E7B1A27638C}.iOS Build|iPhone.ActiveCfg = Debug|Any CPU
		{DCF80665-10F3-4B80-84DB-9E7B1A27638C}.iOS Build|iPhone.Build.0 = Debug|Any CPU
		{DCF80665-10F3-4B80-84DB-9E7B1A27638C}.iOS Build|iPhoneSimulator.ActiveCfg = Debug|Any CPU
		{DCF80665-10F3-4B80-84DB-9E7B1A27638C}.iOS Build|iPhoneSimulator.Build.0 = Debug|Any CPU
		{DCF80665-10F3-4B80-84DB-9E7B1A27638C}.iOS Build|x64.ActiveCfg = Debug|Any CPU
		{DCF80665-10F3-4B80-84DB-9E7B1A27638C}.iOS Build|x64.Build.0 = Debug|Any CPU
		{DCF80665-10F3-4B80-84DB-9E7B1A27638C}.iOS Build|x86.ActiveCfg = Debug|Any CPU
		{DCF80665-10F3-4B80-84DB-9E7B1A27638C}.iOS Build|x86.Build.0 = Debug|Any CPU
		{DCF80665-10F3-4B80-84DB-9E7B1A27638C}.Release|Any CPU.ActiveCfg = Release|Any CPU
		{DCF80665-10F3-4B80-84DB-9E7B1A27638C}.Release|Any CPU.Build.0 = Release|Any CPU
		{DCF80665-10F3-4B80-84DB-9E7B1A27638C}.Release|ARM.ActiveCfg = Release|Any CPU
		{DCF80665-10F3-4B80-84DB-9E7B1A27638C}.Release|ARM.Build.0 = Release|Any CPU
		{DCF80665-10F3-4B80-84DB-9E7B1A27638C}.Release|iPhone.ActiveCfg = Release|Any CPU
		{DCF80665-10F3-4B80-84DB-9E7B1A27638C}.Release|iPhone.Build.0 = Release|Any CPU
		{DCF80665-10F3-4B80-84DB-9E7B1A27638C}.Release|iPhoneSimulator.ActiveCfg = Release|Any CPU
		{DCF80665-10F3-4B80-84DB-9E7B1A27638C}.Release|iPhoneSimulator.Build.0 = Release|Any CPU
		{DCF80665-10F3-4B80-84DB-9E7B1A27638C}.Release|x64.ActiveCfg = Release|Any CPU
		{DCF80665-10F3-4B80-84DB-9E7B1A27638C}.Release|x64.Build.0 = Release|Any CPU
		{DCF80665-10F3-4B80-84DB-9E7B1A27638C}.Release|x86.ActiveCfg = Release|Any CPU
		{DCF80665-10F3-4B80-84DB-9E7B1A27638C}.Release|x86.Build.0 = Release|Any CPU
		{7B632D9A-5B55-4B88-9E14-C33597F196B1}.Debug|Any CPU.ActiveCfg = Debug|Any CPU
		{7B632D9A-5B55-4B88-9E14-C33597F196B1}.Debug|Any CPU.Build.0 = Debug|Any CPU
		{7B632D9A-5B55-4B88-9E14-C33597F196B1}.Debug|ARM.ActiveCfg = Debug|Any CPU
		{7B632D9A-5B55-4B88-9E14-C33597F196B1}.Debug|ARM.Build.0 = Debug|Any CPU
		{7B632D9A-5B55-4B88-9E14-C33597F196B1}.Debug|iPhone.ActiveCfg = Debug|Any CPU
		{7B632D9A-5B55-4B88-9E14-C33597F196B1}.Debug|iPhone.Build.0 = Debug|Any CPU
		{7B632D9A-5B55-4B88-9E14-C33597F196B1}.Debug|iPhoneSimulator.ActiveCfg = Debug|Any CPU
		{7B632D9A-5B55-4B88-9E14-C33597F196B1}.Debug|iPhoneSimulator.Build.0 = Debug|Any CPU
		{7B632D9A-5B55-4B88-9E14-C33597F196B1}.Debug|x64.ActiveCfg = Debug|Any CPU
		{7B632D9A-5B55-4B88-9E14-C33597F196B1}.Debug|x64.Build.0 = Debug|Any CPU
		{7B632D9A-5B55-4B88-9E14-C33597F196B1}.Debug|x86.ActiveCfg = Debug|Any CPU
		{7B632D9A-5B55-4B88-9E14-C33597F196B1}.Debug|x86.Build.0 = Debug|Any CPU
		{7B632D9A-5B55-4B88-9E14-C33597F196B1}.iOS Build|Any CPU.ActiveCfg = Debug|Any CPU
		{7B632D9A-5B55-4B88-9E14-C33597F196B1}.iOS Build|Any CPU.Build.0 = Debug|Any CPU
		{7B632D9A-5B55-4B88-9E14-C33597F196B1}.iOS Build|ARM.ActiveCfg = Debug|Any CPU
		{7B632D9A-5B55-4B88-9E14-C33597F196B1}.iOS Build|ARM.Build.0 = Debug|Any CPU
		{7B632D9A-5B55-4B88-9E14-C33597F196B1}.iOS Build|iPhone.ActiveCfg = Debug|Any CPU
		{7B632D9A-5B55-4B88-9E14-C33597F196B1}.iOS Build|iPhone.Build.0 = Debug|Any CPU
		{7B632D9A-5B55-4B88-9E14-C33597F196B1}.iOS Build|iPhoneSimulator.ActiveCfg = Debug|Any CPU
		{7B632D9A-5B55-4B88-9E14-C33597F196B1}.iOS Build|iPhoneSimulator.Build.0 = Debug|Any CPU
		{7B632D9A-5B55-4B88-9E14-C33597F196B1}.iOS Build|x64.ActiveCfg = Debug|Any CPU
		{7B632D9A-5B55-4B88-9E14-C33597F196B1}.iOS Build|x64.Build.0 = Debug|Any CPU
		{7B632D9A-5B55-4B88-9E14-C33597F196B1}.iOS Build|x86.ActiveCfg = Debug|Any CPU
		{7B632D9A-5B55-4B88-9E14-C33597F196B1}.iOS Build|x86.Build.0 = Debug|Any CPU
		{7B632D9A-5B55-4B88-9E14-C33597F196B1}.Release|Any CPU.ActiveCfg = Release|Any CPU
		{7B632D9A-5B55-4B88-9E14-C33597F196B1}.Release|Any CPU.Build.0 = Release|Any CPU
		{7B632D9A-5B55-4B88-9E14-C33597F196B1}.Release|ARM.ActiveCfg = Release|Any CPU
		{7B632D9A-5B55-4B88-9E14-C33597F196B1}.Release|ARM.Build.0 = Release|Any CPU
		{7B632D9A-5B55-4B88-9E14-C33597F196B1}.Release|iPhone.ActiveCfg = Release|Any CPU
		{7B632D9A-5B55-4B88-9E14-C33597F196B1}.Release|iPhone.Build.0 = Release|Any CPU
		{7B632D9A-5B55-4B88-9E14-C33597F196B1}.Release|iPhoneSimulator.ActiveCfg = Release|Any CPU
		{7B632D9A-5B55-4B88-9E14-C33597F196B1}.Release|iPhoneSimulator.Build.0 = Release|Any CPU
		{7B632D9A-5B55-4B88-9E14-C33597F196B1}.Release|x64.ActiveCfg = Release|Any CPU
		{7B632D9A-5B55-4B88-9E14-C33597F196B1}.Release|x64.Build.0 = Release|Any CPU
		{7B632D9A-5B55-4B88-9E14-C33597F196B1}.Release|x86.ActiveCfg = Release|Any CPU
		{7B632D9A-5B55-4B88-9E14-C33597F196B1}.Release|x86.Build.0 = Release|Any CPU
	EndGlobalSection
	GlobalSection(SolutionProperties) = preSolution
		HideSolutionNode = FALSE
	EndGlobalSection
	GlobalSection(NestedProjects) = preSolution
		{BB63CD2E-E6BC-49DC-BB71-1807F782128A} = {7C0E8299-FD24-4B93-99BD-6A41AD762E34}
		{C48ABA1C-9C0B-4C9C-80C9-6EEE8A010AC9} = {944F4C74-F8CC-4CCE-9917-818CE56EF9D9}
		{45EBD966-081F-4106-BDAF-064849142845} = {8F63F027-A473-4326-AE12-1A8430FE2FE5}
		{944F4C74-F8CC-4CCE-9917-818CE56EF9D9} = {8F63F027-A473-4326-AE12-1A8430FE2FE5}
		{DCF80665-10F3-4B80-84DB-9E7B1A27638C} = {45EBD966-081F-4106-BDAF-064849142845}
		{7B632D9A-5B55-4B88-9E14-C33597F196B1} = {7C0E8299-FD24-4B93-99BD-6A41AD762E34}
	EndGlobalSection
	GlobalSection(ExtensibilityGlobals) = postSolution
		SolutionGuid = {632F49D7-D8C5-44E6-B5E4-D84516D0DED8}
	EndGlobalSection
EndGlobal
